// !$*UTF8*$!
{
	archiveVersion = 1;
	classes = {
	};
	objectVersion = 46;
	objects = {

/* Begin PBXAggregateTarget section */
		DC4ECE191A9B53430078CCB0 /* BlueShiftUniversalTarget */ = {
			isa = PBXAggregateTarget;
			buildConfigurationList = DC4ECE1A1A9B53430078CCB0 /* Build configuration list for PBXAggregateTarget "BlueShiftUniversalTarget" */;
			buildPhases = (
				DC4ECE1D1A9B54390078CCB0 /* ShellScript */,
			);
			dependencies = (
			);
			name = BlueShiftUniversalTarget;
			productName = BlueShiftUniversalTarget;
		};
/* End PBXAggregateTarget section */

/* Begin PBXBuildFile section */
		1F0B9037AD751886034A0665 /* libPods-BlueShift-iOS-SDK.a in Frameworks */ = {isa = PBXBuildFile; fileRef = F87290F272894ADA86BB8C2A /* libPods-BlueShift-iOS-SDK.a */; settings = {ATTRIBUTES = (Required, ); }; };
		550274751D7820BF00BC832D /* BlueShiftSDKDataModel.xcdatamodeld in Sources */ = {isa = PBXBuildFile; fileRef = 550274561D7820BF00BC832D /* BlueShiftSDKDataModel.xcdatamodeld */; };
		553EE1BC1D8A799F0050DA5F /* BatchEventEntity.m in Sources */ = {isa = PBXBuildFile; fileRef = 553EE18B1D8A799F0050DA5F /* BatchEventEntity.m */; };
		553EE1BD1D8A799F0050DA5F /* BlueShift.m in Sources */ = {isa = PBXBuildFile; fileRef = 553EE18D1D8A799F0050DA5F /* BlueShift.m */; };
		553EE1BE1D8A799F0050DA5F /* BlueShiftAlertView.m in Sources */ = {isa = PBXBuildFile; fileRef = 553EE18F1D8A799F0050DA5F /* BlueShiftAlertView.m */; };
		553EE1BF1D8A799F0050DA5F /* BlueShiftAppDelegate.m in Sources */ = {isa = PBXBuildFile; fileRef = 553EE1911D8A799F0050DA5F /* BlueShiftAppDelegate.m */; };
		553EE1C01D8A799F0050DA5F /* BlueShiftBatchRequestOperation.m in Sources */ = {isa = PBXBuildFile; fileRef = 553EE1931D8A799F0050DA5F /* BlueShiftBatchRequestOperation.m */; };
		553EE1C11D8A799F0050DA5F /* BlueShiftBatchUploadConfig.m in Sources */ = {isa = PBXBuildFile; fileRef = 553EE1951D8A799F0050DA5F /* BlueShiftBatchUploadConfig.m */; };
		553EE1C21D8A799F0050DA5F /* BlueShiftConfig.m in Sources */ = {isa = PBXBuildFile; fileRef = 553EE1971D8A799F0050DA5F /* BlueShiftConfig.m */; };
		553EE1C31D8A799F0050DA5F /* BlueShiftDeepLink.m in Sources */ = {isa = PBXBuildFile; fileRef = 553EE1991D8A799F0050DA5F /* BlueShiftDeepLink.m */; };
		553EE1C41D8A799F0050DA5F /* BlueShiftDeviceData.m in Sources */ = {isa = PBXBuildFile; fileRef = 553EE19B1D8A799F0050DA5F /* BlueShiftDeviceData.m */; };
		553EE1C51D8A799F0050DA5F /* BlueShiftHttpRequestBatchUpload.m in Sources */ = {isa = PBXBuildFile; fileRef = 553EE19E1D8A799F0050DA5F /* BlueShiftHttpRequestBatchUpload.m */; };
		553EE1C61D8A799F0050DA5F /* BlueShiftNetworkReachabilityManager.m in Sources */ = {isa = PBXBuildFile; fileRef = 553EE1A11D8A799F0050DA5F /* BlueShiftNetworkReachabilityManager.m */; };
		553EE1C71D8A799F0050DA5F /* BlueShiftProduct.m in Sources */ = {isa = PBXBuildFile; fileRef = 553EE1A41D8A799F0050DA5F /* BlueShiftProduct.m */; };
		553EE1C81D8A799F0050DA5F /* BlueShiftRequestOperation.m in Sources */ = {isa = PBXBuildFile; fileRef = 553EE1A81D8A799F0050DA5F /* BlueShiftRequestOperation.m */; };
		553EE1C91D8A799F0050DA5F /* BlueShiftRequestOperationManager.m in Sources */ = {isa = PBXBuildFile; fileRef = 553EE1AA1D8A799F0050DA5F /* BlueShiftRequestOperationManager.m */; };
		553EE1CA1D8A799F0050DA5F /* BlueShiftRequestQueue.m in Sources */ = {isa = PBXBuildFile; fileRef = 553EE1AC1D8A799F0050DA5F /* BlueShiftRequestQueue.m */; };
		553EE1CB1D8A799F0050DA5F /* BlueShiftSubscription.m in Sources */ = {isa = PBXBuildFile; fileRef = 553EE1B11D8A799F0050DA5F /* BlueShiftSubscription.m */; };
		553EE1CC1D8A799F0050DA5F /* BlueShiftUserInfo.m in Sources */ = {isa = PBXBuildFile; fileRef = 553EE1B51D8A799F0050DA5F /* BlueShiftUserInfo.m */; };
		553EE1CD1D8A799F0050DA5F /* HttpRequestOperationEntity.m in Sources */ = {isa = PBXBuildFile; fileRef = 553EE1B71D8A799F0050DA5F /* HttpRequestOperationEntity.m */; };
		553EE1CE1D8A799F0050DA5F /* NSDate+BlueShiftDateHelpers.m in Sources */ = {isa = PBXBuildFile; fileRef = 553EE1B91D8A799F0050DA5F /* NSDate+BlueShiftDateHelpers.m */; };
		553EE1CF1D8A799F0050DA5F /* NSNumber+BlueShiftHelpers.m in Sources */ = {isa = PBXBuildFile; fileRef = 553EE1BB1D8A799F0050DA5F /* NSNumber+BlueShiftHelpers.m */; };
		DC7125C71AA76ABB00D6C30E /* CoreTelephony.framework in Frameworks */ = {isa = PBXBuildFile; fileRef = DC7125C61AA76ABB00D6C30E /* CoreTelephony.framework */; settings = {ATTRIBUTES = (Weak, ); }; };
		DCA6202F1AA4F2AA001EC26B /* CoreData.framework in Frameworks */ = {isa = PBXBuildFile; fileRef = DCA6201F1AA4E303001EC26B /* CoreData.framework */; };
		DCA620301AA4F4D6001EC26B /* BlueShiftModelBundle.bundle in Resources */ = {isa = PBXBuildFile; fileRef = DCA620271AA4F129001EC26B /* BlueShiftModelBundle.bundle */; };
/* End PBXBuildFile section */

/* Begin PBXCopyFilesBuildPhase section */
		E0D6B9141A92513E008485D8 /* Copy Files */ = {
			isa = PBXCopyFilesBuildPhase;
			buildActionMask = 2147483647;
			dstPath = "include/$(PRODUCT_NAME)";
			dstSubfolderSpec = 16;
			files = (
			);
			name = "Copy Files";
			runOnlyForDeploymentPostprocessing = 0;
		};
/* End PBXCopyFilesBuildPhase section */

/* Begin PBXFileReference section */
		550274571D7820BF00BC832D /* BlueShiftSDKDataModel.xcdatamodel */ = {isa = PBXFileReference; lastKnownFileType = wrapper.xcdatamodel; path = BlueShiftSDKDataModel.xcdatamodel; sourceTree = "<group>"; };
		553EE18A1D8A799F0050DA5F /* BatchEventEntity.h */ = {isa = PBXFileReference; fileEncoding = 4; lastKnownFileType = sourcecode.c.h; path = BatchEventEntity.h; sourceTree = "<group>"; };
		553EE18B1D8A799F0050DA5F /* BatchEventEntity.m */ = {isa = PBXFileReference; fileEncoding = 4; lastKnownFileType = sourcecode.c.objc; path = BatchEventEntity.m; sourceTree = "<group>"; };
		553EE18C1D8A799F0050DA5F /* BlueShift.h */ = {isa = PBXFileReference; fileEncoding = 4; lastKnownFileType = sourcecode.c.h; path = BlueShift.h; sourceTree = "<group>"; };
		553EE18D1D8A799F0050DA5F /* BlueShift.m */ = {isa = PBXFileReference; fileEncoding = 4; lastKnownFileType = sourcecode.c.objc; path = BlueShift.m; sourceTree = "<group>"; };
		553EE18E1D8A799F0050DA5F /* BlueShiftAlertView.h */ = {isa = PBXFileReference; fileEncoding = 4; lastKnownFileType = sourcecode.c.h; path = BlueShiftAlertView.h; sourceTree = "<group>"; };
		553EE18F1D8A799F0050DA5F /* BlueShiftAlertView.m */ = {isa = PBXFileReference; fileEncoding = 4; lastKnownFileType = sourcecode.c.objc; path = BlueShiftAlertView.m; sourceTree = "<group>"; };
		553EE1901D8A799F0050DA5F /* BlueShiftAppDelegate.h */ = {isa = PBXFileReference; fileEncoding = 4; lastKnownFileType = sourcecode.c.h; path = BlueShiftAppDelegate.h; sourceTree = "<group>"; };
		553EE1911D8A799F0050DA5F /* BlueShiftAppDelegate.m */ = {isa = PBXFileReference; fileEncoding = 4; lastKnownFileType = sourcecode.c.objc; path = BlueShiftAppDelegate.m; sourceTree = "<group>"; };
		553EE1921D8A799F0050DA5F /* BlueShiftBatchRequestOperation.h */ = {isa = PBXFileReference; fileEncoding = 4; lastKnownFileType = sourcecode.c.h; path = BlueShiftBatchRequestOperation.h; sourceTree = "<group>"; };
		553EE1931D8A799F0050DA5F /* BlueShiftBatchRequestOperation.m */ = {isa = PBXFileReference; fileEncoding = 4; lastKnownFileType = sourcecode.c.objc; path = BlueShiftBatchRequestOperation.m; sourceTree = "<group>"; };
		553EE1941D8A799F0050DA5F /* BlueShiftBatchUploadConfig.h */ = {isa = PBXFileReference; fileEncoding = 4; lastKnownFileType = sourcecode.c.h; path = BlueShiftBatchUploadConfig.h; sourceTree = "<group>"; };
		553EE1951D8A799F0050DA5F /* BlueShiftBatchUploadConfig.m */ = {isa = PBXFileReference; fileEncoding = 4; lastKnownFileType = sourcecode.c.objc; path = BlueShiftBatchUploadConfig.m; sourceTree = "<group>"; };
		553EE1961D8A799F0050DA5F /* BlueShiftConfig.h */ = {isa = PBXFileReference; fileEncoding = 4; lastKnownFileType = sourcecode.c.h; path = BlueShiftConfig.h; sourceTree = "<group>"; };
		553EE1971D8A799F0050DA5F /* BlueShiftConfig.m */ = {isa = PBXFileReference; fileEncoding = 4; lastKnownFileType = sourcecode.c.objc; path = BlueShiftConfig.m; sourceTree = "<group>"; };
		553EE1981D8A799F0050DA5F /* BlueShiftDeepLink.h */ = {isa = PBXFileReference; fileEncoding = 4; lastKnownFileType = sourcecode.c.h; path = BlueShiftDeepLink.h; sourceTree = "<group>"; };
		553EE1991D8A799F0050DA5F /* BlueShiftDeepLink.m */ = {isa = PBXFileReference; fileEncoding = 4; lastKnownFileType = sourcecode.c.objc; path = BlueShiftDeepLink.m; sourceTree = "<group>"; };
		553EE19A1D8A799F0050DA5F /* BlueShiftDeviceData.h */ = {isa = PBXFileReference; fileEncoding = 4; lastKnownFileType = sourcecode.c.h; path = BlueShiftDeviceData.h; sourceTree = "<group>"; };
		553EE19B1D8A799F0050DA5F /* BlueShiftDeviceData.m */ = {isa = PBXFileReference; fileEncoding = 4; lastKnownFileType = sourcecode.c.objc; path = BlueShiftDeviceData.m; sourceTree = "<group>"; };
		553EE19C1D8A799F0050DA5F /* BlueShiftHTTPMethod.h */ = {isa = PBXFileReference; fileEncoding = 4; lastKnownFileType = sourcecode.c.h; path = BlueShiftHTTPMethod.h; sourceTree = "<group>"; };
		553EE19D1D8A799F0050DA5F /* BlueShiftHttpRequestBatchUpload.h */ = {isa = PBXFileReference; fileEncoding = 4; lastKnownFileType = sourcecode.c.h; path = BlueShiftHttpRequestBatchUpload.h; sourceTree = "<group>"; };
		553EE19E1D8A799F0050DA5F /* BlueShiftHttpRequestBatchUpload.m */ = {isa = PBXFileReference; fileEncoding = 4; lastKnownFileType = sourcecode.c.objc; path = BlueShiftHttpRequestBatchUpload.m; sourceTree = "<group>"; };
		553EE19F1D8A799F0050DA5F /* BlueShiftMacros.h */ = {isa = PBXFileReference; fileEncoding = 4; lastKnownFileType = sourcecode.c.h; path = BlueShiftMacros.h; sourceTree = "<group>"; };
		553EE1A01D8A799F0050DA5F /* BlueShiftNetworkReachabilityManager.h */ = {isa = PBXFileReference; fileEncoding = 4; lastKnownFileType = sourcecode.c.h; path = BlueShiftNetworkReachabilityManager.h; sourceTree = "<group>"; };
		553EE1A11D8A799F0050DA5F /* BlueShiftNetworkReachabilityManager.m */ = {isa = PBXFileReference; fileEncoding = 4; lastKnownFileType = sourcecode.c.objc; path = BlueShiftNetworkReachabilityManager.m; sourceTree = "<group>"; };
		553EE1A21D8A799F0050DA5F /* BlueShiftNotificationConstants.h */ = {isa = PBXFileReference; fileEncoding = 4; lastKnownFileType = sourcecode.c.h; path = BlueShiftNotificationConstants.h; sourceTree = "<group>"; };
		553EE1A31D8A799F0050DA5F /* BlueShiftProduct.h */ = {isa = PBXFileReference; fileEncoding = 4; lastKnownFileType = sourcecode.c.h; path = BlueShiftProduct.h; sourceTree = "<group>"; };
		553EE1A41D8A799F0050DA5F /* BlueShiftProduct.m */ = {isa = PBXFileReference; fileEncoding = 4; lastKnownFileType = sourcecode.c.objc; path = BlueShiftProduct.m; sourceTree = "<group>"; };
		553EE1A51D8A799F0050DA5F /* BlueShiftPushDelegate.h */ = {isa = PBXFileReference; fileEncoding = 4; lastKnownFileType = sourcecode.c.h; path = BlueShiftPushDelegate.h; sourceTree = "<group>"; };
		553EE1A61D8A799F0050DA5F /* BlueShiftPushParamDelegate.h */ = {isa = PBXFileReference; fileEncoding = 4; lastKnownFileType = sourcecode.c.h; path = BlueShiftPushParamDelegate.h; sourceTree = "<group>"; };
		553EE1A71D8A799F0050DA5F /* BlueShiftRequestOperation.h */ = {isa = PBXFileReference; fileEncoding = 4; lastKnownFileType = sourcecode.c.h; path = BlueShiftRequestOperation.h; sourceTree = "<group>"; };
		553EE1A81D8A799F0050DA5F /* BlueShiftRequestOperation.m */ = {isa = PBXFileReference; fileEncoding = 4; lastKnownFileType = sourcecode.c.objc; path = BlueShiftRequestOperation.m; sourceTree = "<group>"; };
		553EE1A91D8A799F0050DA5F /* BlueShiftRequestOperationManager.h */ = {isa = PBXFileReference; fileEncoding = 4; lastKnownFileType = sourcecode.c.h; path = BlueShiftRequestOperationManager.h; sourceTree = "<group>"; };
		553EE1AA1D8A799F0050DA5F /* BlueShiftRequestOperationManager.m */ = {isa = PBXFileReference; fileEncoding = 4; lastKnownFileType = sourcecode.c.objc; path = BlueShiftRequestOperationManager.m; sourceTree = "<group>"; };
		553EE1AB1D8A799F0050DA5F /* BlueShiftRequestQueue.h */ = {isa = PBXFileReference; fileEncoding = 4; lastKnownFileType = sourcecode.c.h; path = BlueShiftRequestQueue.h; sourceTree = "<group>"; };
		553EE1AC1D8A799F0050DA5F /* BlueShiftRequestQueue.m */ = {isa = PBXFileReference; fileEncoding = 4; lastKnownFileType = sourcecode.c.objc; path = BlueShiftRequestQueue.m; sourceTree = "<group>"; };
		553EE1AD1D8A799F0050DA5F /* BlueShiftRequestQueueStatus.h */ = {isa = PBXFileReference; fileEncoding = 4; lastKnownFileType = sourcecode.c.h; path = BlueShiftRequestQueueStatus.h; sourceTree = "<group>"; };
		553EE1AE1D8A799F0050DA5F /* BlueShiftRoutes.h */ = {isa = PBXFileReference; fileEncoding = 4; lastKnownFileType = sourcecode.c.h; path = BlueShiftRoutes.h; sourceTree = "<group>"; };
		553EE1AF1D8A799F0050DA5F /* BlueShiftStatusCodes.h */ = {isa = PBXFileReference; fileEncoding = 4; lastKnownFileType = sourcecode.c.h; path = BlueShiftStatusCodes.h; sourceTree = "<group>"; };
		553EE1B01D8A799F0050DA5F /* BlueShiftSubscription.h */ = {isa = PBXFileReference; fileEncoding = 4; lastKnownFileType = sourcecode.c.h; path = BlueShiftSubscription.h; sourceTree = "<group>"; };
		553EE1B11D8A799F0050DA5F /* BlueShiftSubscription.m */ = {isa = PBXFileReference; fileEncoding = 4; lastKnownFileType = sourcecode.c.objc; path = BlueShiftSubscription.m; sourceTree = "<group>"; };
		553EE1B21D8A799F0050DA5F /* BlueShiftSubscriptionState.h */ = {isa = PBXFileReference; fileEncoding = 4; lastKnownFileType = sourcecode.c.h; path = BlueShiftSubscriptionState.h; sourceTree = "<group>"; };
		553EE1B31D8A799F0050DA5F /* BlueShiftTrackEvents.h */ = {isa = PBXFileReference; fileEncoding = 4; lastKnownFileType = sourcecode.c.h; path = BlueShiftTrackEvents.h; sourceTree = "<group>"; };
		553EE1B41D8A799F0050DA5F /* BlueShiftUserInfo.h */ = {isa = PBXFileReference; fileEncoding = 4; lastKnownFileType = sourcecode.c.h; path = BlueShiftUserInfo.h; sourceTree = "<group>"; };
		553EE1B51D8A799F0050DA5F /* BlueShiftUserInfo.m */ = {isa = PBXFileReference; fileEncoding = 4; lastKnownFileType = sourcecode.c.objc; path = BlueShiftUserInfo.m; sourceTree = "<group>"; };
		553EE1B61D8A799F0050DA5F /* HttpRequestOperationEntity.h */ = {isa = PBXFileReference; fileEncoding = 4; lastKnownFileType = sourcecode.c.h; path = HttpRequestOperationEntity.h; sourceTree = "<group>"; };
		553EE1B71D8A799F0050DA5F /* HttpRequestOperationEntity.m */ = {isa = PBXFileReference; fileEncoding = 4; lastKnownFileType = sourcecode.c.objc; path = HttpRequestOperationEntity.m; sourceTree = "<group>"; };
		553EE1B81D8A799F0050DA5F /* NSDate+BlueShiftDateHelpers.h */ = {isa = PBXFileReference; fileEncoding = 4; lastKnownFileType = sourcecode.c.h; path = "NSDate+BlueShiftDateHelpers.h"; sourceTree = "<group>"; };
		553EE1B91D8A799F0050DA5F /* NSDate+BlueShiftDateHelpers.m */ = {isa = PBXFileReference; fileEncoding = 4; lastKnownFileType = sourcecode.c.objc; path = "NSDate+BlueShiftDateHelpers.m"; sourceTree = "<group>"; };
		553EE1BA1D8A799F0050DA5F /* NSNumber+BlueShiftHelpers.h */ = {isa = PBXFileReference; fileEncoding = 4; lastKnownFileType = sourcecode.c.h; path = "NSNumber+BlueShiftHelpers.h"; sourceTree = "<group>"; };
		553EE1BB1D8A799F0050DA5F /* NSNumber+BlueShiftHelpers.m */ = {isa = PBXFileReference; fileEncoding = 4; lastKnownFileType = sourcecode.c.objc; path = "NSNumber+BlueShiftHelpers.m"; sourceTree = "<group>"; };
		99CE5242ED9870A5D4A5BADE /* Pods-BlueShift-iOS-SDK.release.xcconfig */ = {isa = PBXFileReference; includeInIndex = 1; lastKnownFileType = text.xcconfig; name = "Pods-BlueShift-iOS-SDK.release.xcconfig"; path = "Pods/Target Support Files/Pods-BlueShift-iOS-SDK/Pods-BlueShift-iOS-SDK.release.xcconfig"; sourceTree = "<group>"; };
		9A09163D6DFCFEE31B4B799F /* Pods-BlueShift-iOS-SDK.debug.xcconfig */ = {isa = PBXFileReference; includeInIndex = 1; lastKnownFileType = text.xcconfig; name = "Pods-BlueShift-iOS-SDK.debug.xcconfig"; path = "Pods/Target Support Files/Pods-BlueShift-iOS-SDK/Pods-BlueShift-iOS-SDK.debug.xcconfig"; sourceTree = "<group>"; };
		DC7125C61AA76ABB00D6C30E /* CoreTelephony.framework */ = {isa = PBXFileReference; lastKnownFileType = wrapper.framework; name = CoreTelephony.framework; path = System/Library/Frameworks/CoreTelephony.framework; sourceTree = SDKROOT; };
		DCA6201F1AA4E303001EC26B /* CoreData.framework */ = {isa = PBXFileReference; lastKnownFileType = wrapper.framework; name = CoreData.framework; path = Platforms/MacOSX.platform/Developer/SDKs/MacOSX10.10.sdk/System/Library/Frameworks/CoreData.framework; sourceTree = DEVELOPER_DIR; };
		DCA620271AA4F129001EC26B /* BlueShiftModelBundle.bundle */ = {isa = PBXFileReference; explicitFileType = wrapper.cfbundle; includeInIndex = 0; path = BlueShiftModelBundle.bundle; sourceTree = BUILT_PRODUCTS_DIR; };
		E0D6B9161A92513E008485D8 /* libBlueShift-iOS-SDK.a */ = {isa = PBXFileReference; explicitFileType = archive.ar; includeInIndex = 0; path = "libBlueShift-iOS-SDK.a"; sourceTree = BUILT_PRODUCTS_DIR; };
		F87290F272894ADA86BB8C2A /* libPods-BlueShift-iOS-SDK.a */ = {isa = PBXFileReference; explicitFileType = archive.ar; includeInIndex = 0; path = "libPods-BlueShift-iOS-SDK.a"; sourceTree = BUILT_PRODUCTS_DIR; };
/* End PBXFileReference section */

/* Begin PBXFrameworksBuildPhase section */
		DCA620241AA4F129001EC26B /* Frameworks */ = {
			isa = PBXFrameworksBuildPhase;
			buildActionMask = 2147483647;
			files = (
				DCA6202F1AA4F2AA001EC26B /* CoreData.framework in Frameworks */,
			);
			runOnlyForDeploymentPostprocessing = 0;
		};
		E0D6B9131A92513E008485D8 /* Frameworks */ = {
			isa = PBXFrameworksBuildPhase;
			buildActionMask = 2147483647;
			files = (
				DC7125C71AA76ABB00D6C30E /* CoreTelephony.framework in Frameworks */,
				1F0B9037AD751886034A0665 /* libPods-BlueShift-iOS-SDK.a in Frameworks */,
			);
			runOnlyForDeploymentPostprocessing = 0;
		};
/* End PBXFrameworksBuildPhase section */

/* Begin PBXGroup section */
		890E20B8AE4686F9E099B29B /* Pods */ = {
			isa = PBXGroup;
			children = (
				9A09163D6DFCFEE31B4B799F /* Pods-BlueShift-iOS-SDK.debug.xcconfig */,
				99CE5242ED9870A5D4A5BADE /* Pods-BlueShift-iOS-SDK.release.xcconfig */,
			);
			name = Pods;
			sourceTree = "<group>";
		};
		B15BC81F154FA6CDD3DBBA38 /* Frameworks */ = {
			isa = PBXGroup;
			children = (
				DC7125C61AA76ABB00D6C30E /* CoreTelephony.framework */,
				DCA6201F1AA4E303001EC26B /* CoreData.framework */,
				F87290F272894ADA86BB8C2A /* libPods-BlueShift-iOS-SDK.a */,
			);
			name = Frameworks;
			sourceTree = "<group>";
		};
		E0D6B90D1A92513E008485D8 = {
			isa = PBXGroup;
			children = (
				E0D6B9181A92513E008485D8 /* BlueShift-iOS-SDK */,
				E0D6B9171A92513E008485D8 /* Products */,
				890E20B8AE4686F9E099B29B /* Pods */,
				B15BC81F154FA6CDD3DBBA38 /* Frameworks */,
			);
			sourceTree = "<group>";
		};
		E0D6B9171A92513E008485D8 /* Products */ = {
			isa = PBXGroup;
			children = (
				E0D6B9161A92513E008485D8 /* libBlueShift-iOS-SDK.a */,
				DCA620271AA4F129001EC26B /* BlueShiftModelBundle.bundle */,
			);
			name = Products;
			sourceTree = "<group>";
		};
		E0D6B9181A92513E008485D8 /* BlueShift-iOS-SDK */ = {
			isa = PBXGroup;
			children = (
				553EE18A1D8A799F0050DA5F /* BatchEventEntity.h */,
				553EE18B1D8A799F0050DA5F /* BatchEventEntity.m */,
				553EE18C1D8A799F0050DA5F /* BlueShift.h */,
				553EE18D1D8A799F0050DA5F /* BlueShift.m */,
				553EE18E1D8A799F0050DA5F /* BlueShiftAlertView.h */,
				553EE18F1D8A799F0050DA5F /* BlueShiftAlertView.m */,
				553EE1901D8A799F0050DA5F /* BlueShiftAppDelegate.h */,
				553EE1911D8A799F0050DA5F /* BlueShiftAppDelegate.m */,
				553EE1921D8A799F0050DA5F /* BlueShiftBatchRequestOperation.h */,
				553EE1931D8A799F0050DA5F /* BlueShiftBatchRequestOperation.m */,
				553EE1941D8A799F0050DA5F /* BlueShiftBatchUploadConfig.h */,
				553EE1951D8A799F0050DA5F /* BlueShiftBatchUploadConfig.m */,
				553EE1961D8A799F0050DA5F /* BlueShiftConfig.h */,
				553EE1971D8A799F0050DA5F /* BlueShiftConfig.m */,
				553EE1981D8A799F0050DA5F /* BlueShiftDeepLink.h */,
				553EE1991D8A799F0050DA5F /* BlueShiftDeepLink.m */,
				553EE19A1D8A799F0050DA5F /* BlueShiftDeviceData.h */,
				553EE19B1D8A799F0050DA5F /* BlueShiftDeviceData.m */,
				553EE19C1D8A799F0050DA5F /* BlueShiftHTTPMethod.h */,
				553EE19D1D8A799F0050DA5F /* BlueShiftHttpRequestBatchUpload.h */,
				553EE19E1D8A799F0050DA5F /* BlueShiftHttpRequestBatchUpload.m */,
				553EE19F1D8A799F0050DA5F /* BlueShiftMacros.h */,
				553EE1A01D8A799F0050DA5F /* BlueShiftNetworkReachabilityManager.h */,
				553EE1A11D8A799F0050DA5F /* BlueShiftNetworkReachabilityManager.m */,
				553EE1A21D8A799F0050DA5F /* BlueShiftNotificationConstants.h */,
				553EE1A31D8A799F0050DA5F /* BlueShiftProduct.h */,
				553EE1A41D8A799F0050DA5F /* BlueShiftProduct.m */,
				553EE1A51D8A799F0050DA5F /* BlueShiftPushDelegate.h */,
				553EE1A61D8A799F0050DA5F /* BlueShiftPushParamDelegate.h */,
				553EE1A71D8A799F0050DA5F /* BlueShiftRequestOperation.h */,
				553EE1A81D8A799F0050DA5F /* BlueShiftRequestOperation.m */,
				553EE1A91D8A799F0050DA5F /* BlueShiftRequestOperationManager.h */,
				553EE1AA1D8A799F0050DA5F /* BlueShiftRequestOperationManager.m */,
				553EE1AB1D8A799F0050DA5F /* BlueShiftRequestQueue.h */,
				553EE1AC1D8A799F0050DA5F /* BlueShiftRequestQueue.m */,
				553EE1AD1D8A799F0050DA5F /* BlueShiftRequestQueueStatus.h */,
				553EE1AE1D8A799F0050DA5F /* BlueShiftRoutes.h */,
				553EE1AF1D8A799F0050DA5F /* BlueShiftStatusCodes.h */,
				553EE1B01D8A799F0050DA5F /* BlueShiftSubscription.h */,
				553EE1B11D8A799F0050DA5F /* BlueShiftSubscription.m */,
				553EE1B21D8A799F0050DA5F /* BlueShiftSubscriptionState.h */,
				553EE1B31D8A799F0050DA5F /* BlueShiftTrackEvents.h */,
				553EE1B41D8A799F0050DA5F /* BlueShiftUserInfo.h */,
				553EE1B51D8A799F0050DA5F /* BlueShiftUserInfo.m */,
				553EE1B61D8A799F0050DA5F /* HttpRequestOperationEntity.h */,
				553EE1B71D8A799F0050DA5F /* HttpRequestOperationEntity.m */,
				553EE1B81D8A799F0050DA5F /* NSDate+BlueShiftDateHelpers.h */,
				553EE1B91D8A799F0050DA5F /* NSDate+BlueShiftDateHelpers.m */,
				553EE1BA1D8A799F0050DA5F /* NSNumber+BlueShiftHelpers.h */,
				553EE1BB1D8A799F0050DA5F /* NSNumber+BlueShiftHelpers.m */,
				550274561D7820BF00BC832D /* BlueShiftSDKDataModel.xcdatamodeld */,
			);
			path = "BlueShift-iOS-SDK";
			sourceTree = "<group>";
		};
/* End PBXGroup section */

/* Begin PBXNativeTarget section */
		DCA620261AA4F129001EC26B /* BlueShiftModelBundle */ = {
			isa = PBXNativeTarget;
			buildConfigurationList = DCA6202B1AA4F12A001EC26B /* Build configuration list for PBXNativeTarget "BlueShiftModelBundle" */;
			buildPhases = (
				DCA620231AA4F129001EC26B /* Sources */,
				DCA620241AA4F129001EC26B /* Frameworks */,
				DCA620251AA4F129001EC26B /* Resources */,
			);
			buildRules = (
			);
			dependencies = (
			);
			name = BlueShiftModelBundle;
			productName = BlueShiftModelBundle;
			productReference = DCA620271AA4F129001EC26B /* BlueShiftModelBundle.bundle */;
			productType = "com.apple.product-type.bundle";
		};
		E0D6B9151A92513E008485D8 /* BlueShift-iOS-SDK */ = {
			isa = PBXNativeTarget;
			buildConfigurationList = E0D6B92A1A92513F008485D8 /* Build configuration list for PBXNativeTarget "BlueShift-iOS-SDK" */;
			buildPhases = (
				E0D6B9121A92513E008485D8 /* Sources */,
				E0D6B9131A92513E008485D8 /* Frameworks */,
				E0D6B9141A92513E008485D8 /* Copy Files */,
				DCA620211AA4EFEB001EC26B /* Resources */,
			);
			buildRules = (
			);
			dependencies = (
			);
			name = "BlueShift-iOS-SDK";
			productName = PushLib;
			productReference = E0D6B9161A92513E008485D8 /* libBlueShift-iOS-SDK.a */;
			productType = "com.apple.product-type.library.static";
		};
/* End PBXNativeTarget section */

/* Begin PBXProject section */
		E0D6B90E1A92513E008485D8 /* Project object */ = {
			isa = PBXProject;
			attributes = {
				LastUpgradeCheck = 0610;
				ORGANIZATIONNAME = "Bullfinch Software";
				TargetAttributes = {
					DC4ECE191A9B53430078CCB0 = {
						CreatedOnToolsVersion = 6.1.1;
					};
					DCA620261AA4F129001EC26B = {
						CreatedOnToolsVersion = 6.1.1;
					};
					E0D6B9151A92513E008485D8 = {
						CreatedOnToolsVersion = 6.1.1;
					};
				};
			};
			buildConfigurationList = E0D6B9111A92513E008485D8 /* Build configuration list for PBXProject "BlueShift-iOS-SDK" */;
			compatibilityVersion = "Xcode 3.2";
			developmentRegion = English;
			hasScannedForEncodings = 0;
			knownRegions = (
				en,
			);
			mainGroup = E0D6B90D1A92513E008485D8;
			productRefGroup = E0D6B9171A92513E008485D8 /* Products */;
			projectDirPath = "";
			projectRoot = "";
			targets = (
				E0D6B9151A92513E008485D8 /* BlueShift-iOS-SDK */,
				DC4ECE191A9B53430078CCB0 /* BlueShiftUniversalTarget */,
				DCA620261AA4F129001EC26B /* BlueShiftModelBundle */,
			);
		};
/* End PBXProject section */

/* Begin PBXResourcesBuildPhase section */
		DCA620211AA4EFEB001EC26B /* Resources */ = {
			isa = PBXResourcesBuildPhase;
			buildActionMask = 2147483647;
			files = (
				DCA620301AA4F4D6001EC26B /* BlueShiftModelBundle.bundle in Resources */,
			);
			runOnlyForDeploymentPostprocessing = 0;
		};
		DCA620251AA4F129001EC26B /* Resources */ = {
			isa = PBXResourcesBuildPhase;
			buildActionMask = 2147483647;
			files = (
			);
			runOnlyForDeploymentPostprocessing = 0;
		};
/* End PBXResourcesBuildPhase section */

/* Begin PBXShellScriptBuildPhase section */
		DC4ECE1D1A9B54390078CCB0 /* ShellScript */ = {
			isa = PBXShellScriptBuildPhase;
			buildActionMask = 2147483647;
			files = (
			);
			inputPaths = (
			);
			outputPaths = (
			);
			runOnlyForDeploymentPostprocessing = 0;
			shellPath = /bin/sh;
			shellScript = "# define output folder environment variable\nUNIVERSAL_OUTPUTFOLDER=${BUILD_DIR}/${CONFIGURATION}-universal\n\n# Step 1. Build Device and Simulator versions\nxcodebuild -target ImageFilters ONLY_ACTIVE_ARCH=NO -configuration ${CONFIGURATION} -sdk iphoneos  BUILD_DIR=\"${BUILD_DIR}\" BUILD_ROOT=\"${BUILD_ROOT}\"\nxcodebuild -target ImageFilters -configuration ${CONFIGURATION} -sdk iphonesimulator -arch i386 BUILD_DIR=\"${BUILD_DIR}\" BUILD_ROOT=\"${BUILD_ROOT}\"\n\n# make sure the output directory exists\nmkdir -p \"${UNIVERSAL_OUTPUTFOLDER}\"\n\n# Step 2. Create universal binary file using lipo\nlipo -create -output \"${UNIVERSAL_OUTPUTFOLDER}/lib${PROJECT_NAME}.a\" \"${BUILD_DIR}/${CONFIGURATION}-iphoneos/lib${PROJECT_NAME}.a\" \"${BUILD_DIR}/${CONFIGURATION}-iphonesimulator/lib${PROJECT_NAME}.a\"\n\n# Last touch. copy the header files. Just for convenience\ncp -R \"${BUILD_DIR}/${CONFIGURATION}-iphoneos/include\" \"${UNIVERSAL_OUTPUTFOLDER}/\"";
		};
/* End PBXShellScriptBuildPhase section */

/* Begin PBXSourcesBuildPhase section */
		DCA620231AA4F129001EC26B /* Sources */ = {
			isa = PBXSourcesBuildPhase;
			buildActionMask = 2147483647;
			files = (
			);
			runOnlyForDeploymentPostprocessing = 0;
		};
		E0D6B9121A92513E008485D8 /* Sources */ = {
			isa = PBXSourcesBuildPhase;
			buildActionMask = 2147483647;
			files = (
				553EE1C41D8A799F0050DA5F /* BlueShiftDeviceData.m in Sources */,
				553EE1CE1D8A799F0050DA5F /* NSDate+BlueShiftDateHelpers.m in Sources */,
				553EE1C21D8A799F0050DA5F /* BlueShiftConfig.m in Sources */,
				553EE1C01D8A799F0050DA5F /* BlueShiftBatchRequestOperation.m in Sources */,
				553EE1BF1D8A799F0050DA5F /* BlueShiftAppDelegate.m in Sources */,
				553EE1C61D8A799F0050DA5F /* BlueShiftNetworkReachabilityManager.m in Sources */,
				553EE1BE1D8A799F0050DA5F /* BlueShiftAlertView.m in Sources */,
				553EE1CF1D8A799F0050DA5F /* NSNumber+BlueShiftHelpers.m in Sources */,
				553EE1CA1D8A799F0050DA5F /* BlueShiftRequestQueue.m in Sources */,
				553EE1C81D8A799F0050DA5F /* BlueShiftRequestOperation.m in Sources */,
				553EE1CD1D8A799F0050DA5F /* HttpRequestOperationEntity.m in Sources */,
				553EE1BC1D8A799F0050DA5F /* BatchEventEntity.m in Sources */,
				550274751D7820BF00BC832D /* BlueShiftSDKDataModel.xcdatamodeld in Sources */,
				553EE1C91D8A799F0050DA5F /* BlueShiftRequestOperationManager.m in Sources */,
				553EE1CC1D8A799F0050DA5F /* BlueShiftUserInfo.m in Sources */,
				553EE1C71D8A799F0050DA5F /* BlueShiftProduct.m in Sources */,
				553EE1CB1D8A799F0050DA5F /* BlueShiftSubscription.m in Sources */,
				553EE1BD1D8A799F0050DA5F /* BlueShift.m in Sources */,
				553EE1C11D8A799F0050DA5F /* BlueShiftBatchUploadConfig.m in Sources */,
				553EE1C51D8A799F0050DA5F /* BlueShiftHttpRequestBatchUpload.m in Sources */,
				553EE1C31D8A799F0050DA5F /* BlueShiftDeepLink.m in Sources */,
			);
			runOnlyForDeploymentPostprocessing = 0;
		};
/* End PBXSourcesBuildPhase section */

/* Begin XCBuildConfiguration section */
		DC4ECE1B1A9B53430078CCB0 /* Debug */ = {
			isa = XCBuildConfiguration;
			buildSettings = {
				PRODUCT_NAME = "$(TARGET_NAME)";
			};
			name = Debug;
		};
		DC4ECE1C1A9B53430078CCB0 /* Release */ = {
			isa = XCBuildConfiguration;
			buildSettings = {
				PRODUCT_NAME = "$(TARGET_NAME)";
			};
			name = Release;
		};
		DCA6202C1AA4F12A001EC26B /* Debug */ = {
			isa = XCBuildConfiguration;
			buildSettings = {
				COMBINE_HIDPI_IMAGES = YES;
				GCC_PREPROCESSOR_DEFINITIONS = (
					"DEBUG=1",
					"$(inherited)",
				);
				INFOPLIST_FILE = BlueShiftModelBundle/Info.plist;
				INSTALL_PATH = "$(LOCAL_LIBRARY_DIR)/Bundles";
				MACOSX_DEPLOYMENT_TARGET = 10.9;
				PRODUCT_NAME = "$(TARGET_NAME)";
				SDKROOT = macosx;
				SKIP_INSTALL = YES;
				WRAPPER_EXTENSION = bundle;
			};
			name = Debug;
		};
		DCA6202D1AA4F12A001EC26B /* Release */ = {
			isa = XCBuildConfiguration;
			buildSettings = {
				COMBINE_HIDPI_IMAGES = YES;
				DEBUG_INFORMATION_FORMAT = "dwarf-with-dsym";
				INFOPLIST_FILE = BlueShiftModelBundle/Info.plist;
				INSTALL_PATH = "$(LOCAL_LIBRARY_DIR)/Bundles";
				MACOSX_DEPLOYMENT_TARGET = 10.9;
				PRODUCT_NAME = "$(TARGET_NAME)";
				SDKROOT = macosx;
				SKIP_INSTALL = YES;
				WRAPPER_EXTENSION = bundle;
			};
			name = Release;
		};
		E0D6B9281A92513F008485D8 /* Debug */ = {
			isa = XCBuildConfiguration;
			buildSettings = {
				ALWAYS_SEARCH_USER_PATHS = NO;
				CLANG_CXX_LANGUAGE_STANDARD = "gnu++0x";
				CLANG_CXX_LIBRARY = "libc++";
				CLANG_ENABLE_MODULES = YES;
				CLANG_ENABLE_OBJC_ARC = YES;
				CLANG_WARN_BOOL_CONVERSION = YES;
				CLANG_WARN_CONSTANT_CONVERSION = YES;
				CLANG_WARN_DIRECT_OBJC_ISA_USAGE = YES_ERROR;
				CLANG_WARN_EMPTY_BODY = YES;
				CLANG_WARN_ENUM_CONVERSION = YES;
				CLANG_WARN_INT_CONVERSION = YES;
				CLANG_WARN_OBJC_ROOT_CLASS = YES_ERROR;
				CLANG_WARN_UNREACHABLE_CODE = YES;
				CLANG_WARN__DUPLICATE_METHOD_MATCH = YES;
				CODE_SIGN_IDENTITY = "";
				COPY_PHASE_STRIP = NO;
				ENABLE_STRICT_OBJC_MSGSEND = YES;
				GCC_C_LANGUAGE_STANDARD = gnu99;
				GCC_DYNAMIC_NO_PIC = NO;
				GCC_OPTIMIZATION_LEVEL = 0;
				GCC_PREPROCESSOR_DEFINITIONS = (
					"DEBUG=1",
					"$(inherited)",
				);
				GCC_SYMBOLS_PRIVATE_EXTERN = NO;
				GCC_WARN_64_TO_32_BIT_CONVERSION = YES;
				GCC_WARN_ABOUT_RETURN_TYPE = YES_ERROR;
				GCC_WARN_UNDECLARED_SELECTOR = YES;
				GCC_WARN_UNINITIALIZED_AUTOS = YES_AGGRESSIVE;
				GCC_WARN_UNUSED_FUNCTION = YES;
				GCC_WARN_UNUSED_VARIABLE = YES;
				IPHONEOS_DEPLOYMENT_TARGET = 7.0;
				MTL_ENABLE_DEBUG_INFO = YES;
				ONLY_ACTIVE_ARCH = YES;
				SDKROOT = iphoneos;
			};
			name = Debug;
		};
		E0D6B9291A92513F008485D8 /* Release */ = {
			isa = XCBuildConfiguration;
			buildSettings = {
				ALWAYS_SEARCH_USER_PATHS = NO;
				CLANG_CXX_LANGUAGE_STANDARD = "gnu++0x";
				CLANG_CXX_LIBRARY = "libc++";
				CLANG_ENABLE_MODULES = YES;
				CLANG_ENABLE_OBJC_ARC = YES;
				CLANG_WARN_BOOL_CONVERSION = YES;
				CLANG_WARN_CONSTANT_CONVERSION = YES;
				CLANG_WARN_DIRECT_OBJC_ISA_USAGE = YES_ERROR;
				CLANG_WARN_EMPTY_BODY = YES;
				CLANG_WARN_ENUM_CONVERSION = YES;
				CLANG_WARN_INT_CONVERSION = YES;
				CLANG_WARN_OBJC_ROOT_CLASS = YES_ERROR;
				CLANG_WARN_UNREACHABLE_CODE = YES;
				CLANG_WARN__DUPLICATE_METHOD_MATCH = YES;
				CODE_SIGN_IDENTITY = "";
				COPY_PHASE_STRIP = YES;
				ENABLE_NS_ASSERTIONS = NO;
				ENABLE_STRICT_OBJC_MSGSEND = YES;
				GCC_C_LANGUAGE_STANDARD = gnu99;
				GCC_WARN_64_TO_32_BIT_CONVERSION = YES;
				GCC_WARN_ABOUT_RETURN_TYPE = YES_ERROR;
				GCC_WARN_UNDECLARED_SELECTOR = YES;
				GCC_WARN_UNINITIALIZED_AUTOS = YES_AGGRESSIVE;
				GCC_WARN_UNUSED_FUNCTION = YES;
				GCC_WARN_UNUSED_VARIABLE = YES;
				IPHONEOS_DEPLOYMENT_TARGET = 7.0;
				MTL_ENABLE_DEBUG_INFO = NO;
				SDKROOT = iphoneos;
				VALIDATE_PRODUCT = YES;
			};
			name = Release;
		};
		E0D6B92B1A92513F008485D8 /* Debug */ = {
			isa = XCBuildConfiguration;
			baseConfigurationReference = 9A09163D6DFCFEE31B4B799F /* Pods-BlueShift-iOS-SDK.debug.xcconfig */;
			buildSettings = {
				ARCHS = "$(ARCHS_STANDARD)";
				HEADER_SEARCH_PATHS = "";
				ONLY_ACTIVE_ARCH = NO;
				OTHER_LDFLAGS = "";
				PRODUCT_NAME = "BlueShift-iOS-SDK";
				SKIP_INSTALL = YES;
				VALID_ARCHS = "arm64 armv7 armv7s";
			};
			name = Debug;
		};
		E0D6B92C1A92513F008485D8 /* Release */ = {
			isa = XCBuildConfiguration;
			baseConfigurationReference = 99CE5242ED9870A5D4A5BADE /* Pods-BlueShift-iOS-SDK.release.xcconfig */;
			buildSettings = {
				ARCHS = "$(ARCHS_STANDARD)";
				HEADER_SEARCH_PATHS = "";
				ONLY_ACTIVE_ARCH = NO;
				OTHER_LDFLAGS = "";
				PRODUCT_NAME = "BlueShift-iOS-SDK";
				SKIP_INSTALL = YES;
				VALID_ARCHS = "arm64 armv7 armv7s";
			};
			name = Release;
		};
/* End XCBuildConfiguration section */

/* Begin XCConfigurationList section */
		DC4ECE1A1A9B53430078CCB0 /* Build configuration list for PBXAggregateTarget "BlueShiftUniversalTarget" */ = {
			isa = XCConfigurationList;
			buildConfigurations = (
				DC4ECE1B1A9B53430078CCB0 /* Debug */,
				DC4ECE1C1A9B53430078CCB0 /* Release */,
			);
			defaultConfigurationIsVisible = 0;
			defaultConfigurationName = Release;
		};
		DCA6202B1AA4F12A001EC26B /* Build configuration list for PBXNativeTarget "BlueShiftModelBundle" */ = {
			isa = XCConfigurationList;
			buildConfigurations = (
				DCA6202C1AA4F12A001EC26B /* Debug */,
				DCA6202D1AA4F12A001EC26B /* Release */,
			);
			defaultConfigurationIsVisible = 0;
			defaultConfigurationName = Release;
		};
		E0D6B9111A92513E008485D8 /* Build configuration list for PBXProject "BlueShift-iOS-SDK" */ = {
			isa = XCConfigurationList;
			buildConfigurations = (
				E0D6B9281A92513F008485D8 /* Debug */,
				E0D6B9291A92513F008485D8 /* Release */,
			);
			defaultConfigurationIsVisible = 0;
			defaultConfigurationName = Release;
		};
		E0D6B92A1A92513F008485D8 /* Build configuration list for PBXNativeTarget "BlueShift-iOS-SDK" */ = {
			isa = XCConfigurationList;
			buildConfigurations = (
				E0D6B92B1A92513F008485D8 /* Debug */,
				E0D6B92C1A92513F008485D8 /* Release */,
			);
			defaultConfigurationIsVisible = 0;
			defaultConfigurationName = Release;
		};
/* End XCConfigurationList section */

/* Begin XCVersionGroup section */
		550274561D7820BF00BC832D /* BlueShiftSDKDataModel.xcdatamodeld */ = {
			isa = XCVersionGroup;
			children = (
				550274571D7820BF00BC832D /* BlueShiftSDKDataModel.xcdatamodel */,
			);
			currentVersion = 550274571D7820BF00BC832D /* BlueShiftSDKDataModel.xcdatamodel */;
			path = BlueShiftSDKDataModel.xcdatamodeld;
			sourceTree = "<group>";
			versionGroupType = wrapper.xcdatamodel;
		};
/* End XCVersionGroup section */
	};
	rootObject = E0D6B90E1A92513E008485D8 /* Project object */;
}
