// !$*UTF8*$!
{
	archiveVersion = 1;
	classes = {
	};
	objectVersion = 55;
	objects = {

/* Begin PBXBuildFile section */
		9100575A2949DCA4004D2DCF /* BlueshiftInboxManager.m in Sources */ = {isa = PBXBuildFile; fileRef = 910057582949DCA4004D2DCF /* BlueshiftInboxManager.m */; };
		9100575B2949DCA4004D2DCF /* BlueshiftInboxManager.h in Headers */ = {isa = PBXBuildFile; fileRef = 910057592949DCA4004D2DCF /* BlueshiftInboxManager.h */; settings = {ATTRIBUTES = (Public, ); }; };
		912321AB27285D030057DA7A /* Foundation.framework in Frameworks */ = {isa = PBXBuildFile; fileRef = 912321AA27285D030057DA7A /* Foundation.framework */; };
		912321AD27285D090057DA7A /* CoreData.framework in Frameworks */ = {isa = PBXBuildFile; fileRef = 912321AC27285D090057DA7A /* CoreData.framework */; };
		912321AF27285D0D0057DA7A /* CoreTelephony.framework in Frameworks */ = {isa = PBXBuildFile; fileRef = 912321AE27285D0D0057DA7A /* CoreTelephony.framework */; };
		912321B127285D630057DA7A /* UserNotifications.framework in Frameworks */ = {isa = PBXBuildFile; fileRef = 912321B027285D630057DA7A /* UserNotifications.framework */; };
		912321B327285D7B0057DA7A /* WebKit.framework in Frameworks */ = {isa = PBXBuildFile; fileRef = 912321B227285D7B0057DA7A /* WebKit.framework */; };
		912A5BD72923A29900096CBF /* BlueshiftInboxTableViewCell.xib in Resources */ = {isa = PBXBuildFile; fileRef = 912A5BD62923A29900096CBF /* BlueshiftInboxTableViewCell.xib */; };
		912A5BDA2923ABEE00096CBF /* BlueshiftInboxTableViewCell.h in Headers */ = {isa = PBXBuildFile; fileRef = 912A5BD82923ABEE00096CBF /* BlueshiftInboxTableViewCell.h */; settings = {ATTRIBUTES = (Public, ); }; };
		912A5BDB2923ABEE00096CBF /* BlueshiftInboxTableViewCell.m in Sources */ = {isa = PBXBuildFile; fileRef = 912A5BD92923ABEE00096CBF /* BlueshiftInboxTableViewCell.m */; };
		912C78FE29EFFB7A0086E641 /* BlueshiftInboxAPIManager.m in Sources */ = {isa = PBXBuildFile; fileRef = 912C78FC29EFFB7A0086E641 /* BlueshiftInboxAPIManager.m */; };
		912C78FF29EFFB7A0086E641 /* BlueshiftInboxAPIManager.h in Headers */ = {isa = PBXBuildFile; fileRef = 912C78FD29EFFB7A0086E641 /* BlueshiftInboxAPIManager.h */; settings = {ATTRIBUTES = (Public, ); }; };
		9150983D2923A1CD0054CB88 /* BlueshiftInboxNavigationViewController.h in Headers */ = {isa = PBXBuildFile; fileRef = 9150983B2923A1CD0054CB88 /* BlueshiftInboxNavigationViewController.h */; settings = {ATTRIBUTES = (Public, ); }; };
		9150983E2923A1CD0054CB88 /* BlueshiftInboxNavigationViewController.m in Sources */ = {isa = PBXBuildFile; fileRef = 9150983C2923A1CD0054CB88 /* BlueshiftInboxNavigationViewController.m */; };
		915098412923A1F30054CB88 /* BlueshiftInboxViewController.h in Headers */ = {isa = PBXBuildFile; fileRef = 9150983F2923A1F30054CB88 /* BlueshiftInboxViewController.h */; settings = {ATTRIBUTES = (Public, ); }; };
		915098422923A1F30054CB88 /* BlueshiftInboxViewController.m in Sources */ = {isa = PBXBuildFile; fileRef = 915098402923A1F30054CB88 /* BlueshiftInboxViewController.m */; };
		917582DE29250F0900022F38 /* BlueshiftInboxMessage.h in Headers */ = {isa = PBXBuildFile; fileRef = 917582DC29250F0900022F38 /* BlueshiftInboxMessage.h */; settings = {ATTRIBUTES = (Public, ); }; };
		917582DF29250F0900022F38 /* BlueshiftInboxMessage.m in Sources */ = {isa = PBXBuildFile; fileRef = 917582DD29250F0900022F38 /* BlueshiftInboxMessage.m */; };
		9186B5F3271ED9EF00D425AF /* NSDate+BlueShiftDateHelpers.m in Sources */ = {isa = PBXBuildFile; fileRef = 9186B5A9271ED9E900D425AF /* NSDate+BlueShiftDateHelpers.m */; };
		9186B5F4271ED9EF00D425AF /* BlueShiftPushDelegate.h in Headers */ = {isa = PBXBuildFile; fileRef = 9186B5AA271ED9EA00D425AF /* BlueShiftPushDelegate.h */; settings = {ATTRIBUTES = (Public, ); }; };
		9186B5F5271ED9EF00D425AF /* BlueShiftUserInfo.m in Sources */ = {isa = PBXBuildFile; fileRef = 9186B5AB271ED9EA00D425AF /* BlueShiftUserInfo.m */; };
		9186B5F6271ED9EF00D425AF /* BlueShiftPushNotificationSettings.m in Sources */ = {isa = PBXBuildFile; fileRef = 9186B5AC271ED9EA00D425AF /* BlueShiftPushNotificationSettings.m */; };
		9186B5F7271ED9EF00D425AF /* BlueShiftNetworkReachabilityManager.h in Headers */ = {isa = PBXBuildFile; fileRef = 9186B5AD271ED9EA00D425AF /* BlueShiftNetworkReachabilityManager.h */; settings = {ATTRIBUTES = (Public, ); }; };
		9186B5F8271ED9EF00D425AF /* BlueShiftRequestOperationManager.m in Sources */ = {isa = PBXBuildFile; fileRef = 9186B5AE271ED9EA00D425AF /* BlueShiftRequestOperationManager.m */; };
		9186B5F9271ED9EF00D425AF /* BlueshiftLog.h in Headers */ = {isa = PBXBuildFile; fileRef = 9186B5AF271ED9EA00D425AF /* BlueshiftLog.h */; settings = {ATTRIBUTES = (Public, ); }; };
		9186B5FA271ED9EF00D425AF /* BlueShiftDeviceData.h in Headers */ = {isa = PBXBuildFile; fileRef = 9186B5B0271ED9EA00D425AF /* BlueShiftDeviceData.h */; settings = {ATTRIBUTES = (Public, ); }; };
		9186B5FB271ED9EF00D425AF /* BlueShiftLiveContent.m in Sources */ = {isa = PBXBuildFile; fileRef = 9186B5B1271ED9EA00D425AF /* BlueShiftLiveContent.m */; };
		9186B5FC271ED9EF00D425AF /* BlueShiftRequestOperation.m in Sources */ = {isa = PBXBuildFile; fileRef = 9186B5B2271ED9EA00D425AF /* BlueShiftRequestOperation.m */; };
		9186B5FD271ED9EF00D425AF /* BlueShiftStatusCodes.h in Headers */ = {isa = PBXBuildFile; fileRef = 9186B5B3271ED9EA00D425AF /* BlueShiftStatusCodes.h */; settings = {ATTRIBUTES = (Public, ); }; };
		9186B5FE271ED9EF00D425AF /* BlueShiftUserNotificationSettings.h in Headers */ = {isa = PBXBuildFile; fileRef = 9186B5B4271ED9EA00D425AF /* BlueShiftUserNotificationSettings.h */; settings = {ATTRIBUTES = (Public, ); }; };
		9186B5FF271ED9EF00D425AF /* HttpRequestOperationEntity.h in Headers */ = {isa = PBXBuildFile; fileRef = 9186B5B5271ED9EA00D425AF /* HttpRequestOperationEntity.h */; settings = {ATTRIBUTES = (Public, ); }; };
		9186B600271ED9EF00D425AF /* BlueShiftRequestOperationManager.h in Headers */ = {isa = PBXBuildFile; fileRef = 9186B5B6271ED9EA00D425AF /* BlueShiftRequestOperationManager.h */; settings = {ATTRIBUTES = (Public, ); }; };
		9186B601271ED9EF00D425AF /* NetworkReachability.h in Headers */ = {isa = PBXBuildFile; fileRef = 9186B5B7271ED9EA00D425AF /* NetworkReachability.h */; settings = {ATTRIBUTES = (Public, ); }; };
		9186B602271ED9EF00D425AF /* BlueShiftAppDelegate.m in Sources */ = {isa = PBXBuildFile; fileRef = 9186B5B8271ED9EA00D425AF /* BlueShiftAppDelegate.m */; };
		9186B604271ED9EF00D425AF /* BlueShiftPushParamDelegate.h in Headers */ = {isa = PBXBuildFile; fileRef = 9186B5BA271ED9EA00D425AF /* BlueShiftPushParamDelegate.h */; settings = {ATTRIBUTES = (Public, ); }; };
		9186B605271ED9EF00D425AF /* BlueShiftAppDelegate.h in Headers */ = {isa = PBXBuildFile; fileRef = 9186B5BB271ED9EA00D425AF /* BlueShiftAppDelegate.h */; settings = {ATTRIBUTES = (Public, ); }; };
		9186B606271ED9EF00D425AF /* NSDate+BlueShiftDateHelpers.h in Headers */ = {isa = PBXBuildFile; fileRef = 9186B5BC271ED9EA00D425AF /* NSDate+BlueShiftDateHelpers.h */; settings = {ATTRIBUTES = (Public, ); }; };
		9186B607271ED9EF00D425AF /* BlueShiftNetworkReachabilityManager.m in Sources */ = {isa = PBXBuildFile; fileRef = 9186B5BD271ED9EA00D425AF /* BlueShiftNetworkReachabilityManager.m */; };
		9186B608271ED9EF00D425AF /* BlueshiftRoutes.h in Headers */ = {isa = PBXBuildFile; fileRef = 9186B5BE271ED9EA00D425AF /* BlueshiftRoutes.h */; settings = {ATTRIBUTES = (Public, ); }; };
		9186B609271ED9EF00D425AF /* BlueShiftDeviceData.m in Sources */ = {isa = PBXBuildFile; fileRef = 9186B5BF271ED9EA00D425AF /* BlueShiftDeviceData.m */; };
		9186B60A271ED9EF00D425AF /* BlueshiftEventAnalyticsHelper.h in Headers */ = {isa = PBXBuildFile; fileRef = 9186B5C0271ED9EA00D425AF /* BlueshiftEventAnalyticsHelper.h */; settings = {ATTRIBUTES = (Public, ); }; };
		9186B60C271ED9EF00D425AF /* BlueShiftPushNotificationSettings.h in Headers */ = {isa = PBXBuildFile; fileRef = 9186B5C2271ED9EA00D425AF /* BlueShiftPushNotificationSettings.h */; settings = {ATTRIBUTES = (Public, ); }; };
		9186B60D271ED9EF00D425AF /* BlueShiftUserNotificationCenterDelegate.h in Headers */ = {isa = PBXBuildFile; fileRef = 9186B5C3271ED9EA00D425AF /* BlueShiftUserNotificationCenterDelegate.h */; settings = {ATTRIBUTES = (Public, ); }; };
		9186B60E271ED9EF00D425AF /* BlueShiftUserNotificationCenterDelegate.m in Sources */ = {isa = PBXBuildFile; fileRef = 9186B5C4271ED9EA00D425AF /* BlueShiftUserNotificationCenterDelegate.m */; };
		9186B60F271ED9EF00D425AF /* BlueshiftLog.m in Sources */ = {isa = PBXBuildFile; fileRef = 9186B5C5271ED9EA00D425AF /* BlueshiftLog.m */; };
		9186B610271ED9EF00D425AF /* BlueShiftProduct.h in Headers */ = {isa = PBXBuildFile; fileRef = 9186B5C6271ED9EA00D425AF /* BlueShiftProduct.h */; settings = {ATTRIBUTES = (Public, ); }; };
		9186B611271ED9EF00D425AF /* BlueShiftHttpRequestBatchUpload.m in Sources */ = {isa = PBXBuildFile; fileRef = 9186B5C7271ED9EA00D425AF /* BlueShiftHttpRequestBatchUpload.m */; };
		9186B612271ED9EF00D425AF /* BlueShiftRequestQueueStatus.h in Headers */ = {isa = PBXBuildFile; fileRef = 9186B5C8271ED9EA00D425AF /* BlueShiftRequestQueueStatus.h */; settings = {ATTRIBUTES = (Public, ); }; };
		9186B613271ED9EF00D425AF /* BlueshiftUniversalLinksDelegate.h in Headers */ = {isa = PBXBuildFile; fileRef = 9186B5C9271ED9EA00D425AF /* BlueshiftUniversalLinksDelegate.h */; settings = {ATTRIBUTES = (Public, ); }; };
		9186B614271ED9EF00D425AF /* BlueShiftUserInfo.h in Headers */ = {isa = PBXBuildFile; fileRef = 9186B5CA271ED9EA00D425AF /* BlueShiftUserInfo.h */; settings = {ATTRIBUTES = (Public, ); }; };
		9186B615271ED9EF00D425AF /* NSNumber+BlueShiftHelpers.h in Headers */ = {isa = PBXBuildFile; fileRef = 9186B5CB271ED9EA00D425AF /* NSNumber+BlueShiftHelpers.h */; settings = {ATTRIBUTES = (Public, ); }; };
		9186B616271ED9EF00D425AF /* BlueShiftSDKDataModel.xcdatamodeld in Sources */ = {isa = PBXBuildFile; fileRef = 9186B5CC271ED9EA00D425AF /* BlueShiftSDKDataModel.xcdatamodeld */; };
		9186B617271ED9EF00D425AF /* BlueShiftBatchUploadConfig.h in Headers */ = {isa = PBXBuildFile; fileRef = 9186B5D0271ED9EB00D425AF /* BlueShiftBatchUploadConfig.h */; settings = {ATTRIBUTES = (Public, ); }; };
		9186B618271ED9EF00D425AF /* BlueShiftAppData.h in Headers */ = {isa = PBXBuildFile; fileRef = 9186B5D1271ED9EB00D425AF /* BlueShiftAppData.h */; settings = {ATTRIBUTES = (Public, ); }; };
		9186B619271ED9EF00D425AF /* BlueShiftConfig.m in Sources */ = {isa = PBXBuildFile; fileRef = 9186B5D2271ED9EB00D425AF /* BlueShiftConfig.m */; };
		9186B61A271ED9EF00D425AF /* BlueshiftEventAnalyticsHelper.m in Sources */ = {isa = PBXBuildFile; fileRef = 9186B5D3271ED9EB00D425AF /* BlueshiftEventAnalyticsHelper.m */; };
		9186B61B271ED9EF00D425AF /* BlueShiftProduct.m in Sources */ = {isa = PBXBuildFile; fileRef = 9186B5D4271ED9EB00D425AF /* BlueShiftProduct.m */; };
		9186B61C271ED9EF00D425AF /* BatchEventEntity.m in Sources */ = {isa = PBXBuildFile; fileRef = 9186B5D5271ED9EB00D425AF /* BatchEventEntity.m */; };
		9186B61E271ED9EF00D425AF /* BlueshiftConstants.h in Headers */ = {isa = PBXBuildFile; fileRef = 9186B5D7271ED9EB00D425AF /* BlueshiftConstants.h */; settings = {ATTRIBUTES = (Public, ); }; };
		9186B61F271ED9EF00D425AF /* BlueShiftLiveContent.h in Headers */ = {isa = PBXBuildFile; fileRef = 9186B5D8271ED9EB00D425AF /* BlueShiftLiveContent.h */; settings = {ATTRIBUTES = (Public, ); }; };
		9186B620271ED9EF00D425AF /* BlueShiftRequestQueue.h in Headers */ = {isa = PBXBuildFile; fileRef = 9186B5D9271ED9EB00D425AF /* BlueShiftRequestQueue.h */; settings = {ATTRIBUTES = (Public, ); }; };
		9186B621271ED9EF00D425AF /* BlueShiftRequestQueue.m in Sources */ = {isa = PBXBuildFile; fileRef = 9186B5DA271ED9EB00D425AF /* BlueShiftRequestQueue.m */; };
		9186B622271ED9EF00D425AF /* BlueShiftSubscription.h in Headers */ = {isa = PBXBuildFile; fileRef = 9186B5DB271ED9EB00D425AF /* BlueShiftSubscription.h */; settings = {ATTRIBUTES = (Public, ); }; };
		9186B623271ED9EF00D425AF /* BlueShiftBatchRequestOperation.h in Headers */ = {isa = PBXBuildFile; fileRef = 9186B5DC271ED9EB00D425AF /* BlueShiftBatchRequestOperation.h */; settings = {ATTRIBUTES = (Public, ); }; };
		9186B624271ED9EF00D425AF /* BlueShiftInAppNotificationDelegate.h in Headers */ = {isa = PBXBuildFile; fileRef = 9186B5DD271ED9EB00D425AF /* BlueShiftInAppNotificationDelegate.h */; settings = {ATTRIBUTES = (Public, ); }; };
		9186B625271ED9EF00D425AF /* BlueshiftDeviceIdSource.h in Headers */ = {isa = PBXBuildFile; fileRef = 9186B5DE271ED9EB00D425AF /* BlueshiftDeviceIdSource.h */; settings = {ATTRIBUTES = (Public, ); }; };
		9186B626271ED9EF00D425AF /* BlueShiftTrackEvents.h in Headers */ = {isa = PBXBuildFile; fileRef = 9186B5DF271ED9EB00D425AF /* BlueShiftTrackEvents.h */; settings = {ATTRIBUTES = (Public, ); }; };
		9186B627271ED9EF00D425AF /* NetworkReachability.m in Sources */ = {isa = PBXBuildFile; fileRef = 9186B5E0271ED9EB00D425AF /* NetworkReachability.m */; };
		9186B628271ED9EF00D425AF /* BlueShiftBatchUploadConfig.m in Sources */ = {isa = PBXBuildFile; fileRef = 9186B5E1271ED9EB00D425AF /* BlueShiftBatchUploadConfig.m */; };
		9186B629271ED9EF00D425AF /* BlueshiftRoutes.m in Sources */ = {isa = PBXBuildFile; fileRef = 9186B5E2271ED9EB00D425AF /* BlueshiftRoutes.m */; };
		9186B62A271ED9EF00D425AF /* BlueShiftSubscriptionState.h in Headers */ = {isa = PBXBuildFile; fileRef = 9186B5E3271ED9EB00D425AF /* BlueShiftSubscriptionState.h */; settings = {ATTRIBUTES = (Public, ); }; };
		9186B62B271ED9EF00D425AF /* BlueShiftHTTPMethod.h in Headers */ = {isa = PBXBuildFile; fileRef = 9186B5E4271ED9EB00D425AF /* BlueShiftHTTPMethod.h */; settings = {ATTRIBUTES = (Public, ); }; };
		9186B62C271ED9EF00D425AF /* BlueShiftAppData.m in Sources */ = {isa = PBXBuildFile; fileRef = 9186B5E5271ED9EB00D425AF /* BlueShiftAppData.m */; };
		9186B62E271ED9EF00D425AF /* BlueShiftRequestOperation.h in Headers */ = {isa = PBXBuildFile; fileRef = 9186B5E7271ED9EB00D425AF /* BlueShiftRequestOperation.h */; settings = {ATTRIBUTES = (Public, ); }; };
		9186B62F271ED9EF00D425AF /* BlueShiftSubscription.m in Sources */ = {isa = PBXBuildFile; fileRef = 9186B5E9271ED9EE00D425AF /* BlueShiftSubscription.m */; };
		9186B630271ED9EF00D425AF /* BlueShift.m in Sources */ = {isa = PBXBuildFile; fileRef = 9186B5EA271ED9EE00D425AF /* BlueShift.m */; };
		9186B631271ED9EF00D425AF /* BlueShiftConfig.h in Headers */ = {isa = PBXBuildFile; fileRef = 9186B5EB271ED9EE00D425AF /* BlueShiftConfig.h */; settings = {ATTRIBUTES = (Public, ); }; };
		9186B632271ED9EF00D425AF /* NSNumber+BlueShiftHelpers.m in Sources */ = {isa = PBXBuildFile; fileRef = 9186B5EC271ED9EE00D425AF /* NSNumber+BlueShiftHelpers.m */; };
		9186B633271ED9EF00D425AF /* BlueShiftUserNotificationSettings.m in Sources */ = {isa = PBXBuildFile; fileRef = 9186B5ED271ED9EE00D425AF /* BlueShiftUserNotificationSettings.m */; };
		9186B634271ED9EF00D425AF /* BlueShiftBatchRequestOperation.m in Sources */ = {isa = PBXBuildFile; fileRef = 9186B5EE271ED9EE00D425AF /* BlueShiftBatchRequestOperation.m */; };
		9186B635271ED9EF00D425AF /* BlueShift.h in Headers */ = {isa = PBXBuildFile; fileRef = 9186B5EF271ED9EF00D425AF /* BlueShift.h */; settings = {ATTRIBUTES = (Public, ); }; };
		9186B636271ED9EF00D425AF /* BlueShiftHttpRequestBatchUpload.h in Headers */ = {isa = PBXBuildFile; fileRef = 9186B5F0271ED9EF00D425AF /* BlueShiftHttpRequestBatchUpload.h */; settings = {ATTRIBUTES = (Public, ); }; };
		9186B637271ED9EF00D425AF /* BlueShiftNotificationConstants.h in Headers */ = {isa = PBXBuildFile; fileRef = 9186B5F1271ED9EF00D425AF /* BlueShiftNotificationConstants.h */; settings = {ATTRIBUTES = (Public, ); }; };
		9186B638271ED9EF00D425AF /* HttpRequestOperationEntity.m in Sources */ = {isa = PBXBuildFile; fileRef = 9186B5F2271ED9EF00D425AF /* HttpRequestOperationEntity.m */; };
		9186B654271ED9FB00D425AF /* BlueShiftInAppNotificationConstant.h in Headers */ = {isa = PBXBuildFile; fileRef = 9186B639271ED9FA00D425AF /* BlueShiftInAppNotificationConstant.h */; settings = {ATTRIBUTES = (Public, ); }; };
		9186B655271ED9FB00D425AF /* BlueShiftNotificationWebViewController.m in Sources */ = {isa = PBXBuildFile; fileRef = 9186B63A271ED9FA00D425AF /* BlueShiftNotificationWebViewController.m */; };
		9186B656271ED9FB00D425AF /* BlueShiftNotificationWindow.h in Headers */ = {isa = PBXBuildFile; fileRef = 9186B63B271ED9FA00D425AF /* BlueShiftNotificationWindow.h */; settings = {ATTRIBUTES = (Public, ); }; };
		9186B657271ED9FB00D425AF /* BlueShiftNotificationView.m in Sources */ = {isa = PBXBuildFile; fileRef = 9186B63C271ED9FA00D425AF /* BlueShiftNotificationView.m */; };
		9186B658271ED9FB00D425AF /* BlueShiftNotificationCloseButton.m in Sources */ = {isa = PBXBuildFile; fileRef = 9186B63D271ED9FA00D425AF /* BlueShiftNotificationCloseButton.m */; };
		9186B659271ED9FB00D425AF /* BlueShiftInAppNotificationHelper.h in Headers */ = {isa = PBXBuildFile; fileRef = 9186B63E271ED9FA00D425AF /* BlueShiftInAppNotificationHelper.h */; settings = {ATTRIBUTES = (Public, ); }; };
		9186B65A271ED9FB00D425AF /* BlueShiftNotificationWebViewController.h in Headers */ = {isa = PBXBuildFile; fileRef = 9186B63F271ED9FA00D425AF /* BlueShiftNotificationWebViewController.h */; settings = {ATTRIBUTES = (Public, ); }; };
		9186B65B271ED9FB00D425AF /* BlueShiftNotificationCloseButton.h in Headers */ = {isa = PBXBuildFile; fileRef = 9186B640271ED9FA00D425AF /* BlueShiftNotificationCloseButton.h */; settings = {ATTRIBUTES = (Public, ); }; };
		9186B65C271ED9FB00D425AF /* BlueShiftNotificationViewController.h in Headers */ = {isa = PBXBuildFile; fileRef = 9186B641271ED9FB00D425AF /* BlueShiftNotificationViewController.h */; settings = {ATTRIBUTES = (Public, ); }; };
		9186B65D271ED9FB00D425AF /* BlueShiftInAppNotificationHelper.m in Sources */ = {isa = PBXBuildFile; fileRef = 9186B642271ED9FB00D425AF /* BlueShiftInAppNotificationHelper.m */; };
		9186B65E271ED9FB00D425AF /* BlueShiftInAppNotificationManager.h in Headers */ = {isa = PBXBuildFile; fileRef = 9186B643271ED9FB00D425AF /* BlueShiftInAppNotificationManager.h */; settings = {ATTRIBUTES = (Public, ); }; };
		9186B65F271ED9FB00D425AF /* InAppNotificationEntity.m in Sources */ = {isa = PBXBuildFile; fileRef = 9186B644271ED9FB00D425AF /* InAppNotificationEntity.m */; };
		9186B660271ED9FB00D425AF /* BlueShiftNotificationSlideBannerViewController.m in Sources */ = {isa = PBXBuildFile; fileRef = 9186B645271ED9FB00D425AF /* BlueShiftNotificationSlideBannerViewController.m */; };
		9186B661271ED9FB00D425AF /* BlueShiftNotificationView.h in Headers */ = {isa = PBXBuildFile; fileRef = 9186B646271ED9FB00D425AF /* BlueShiftNotificationView.h */; settings = {ATTRIBUTES = (Public, ); }; };
		9186B662271ED9FB00D425AF /* BlueShiftInAppNotification.h in Headers */ = {isa = PBXBuildFile; fileRef = 9186B647271ED9FB00D425AF /* BlueShiftInAppNotification.h */; settings = {ATTRIBUTES = (Public, ); }; };
		9186B663271ED9FB00D425AF /* BlueShiftNotificationViewController.m in Sources */ = {isa = PBXBuildFile; fileRef = 9186B648271ED9FB00D425AF /* BlueShiftNotificationViewController.m */; };
		9186B664271ED9FB00D425AF /* BlueShiftInAppType.h in Headers */ = {isa = PBXBuildFile; fileRef = 9186B649271ED9FB00D425AF /* BlueShiftInAppType.h */; settings = {ATTRIBUTES = (Public, ); }; };
		9186B666271ED9FB00D425AF /* BlueShiftInAppNotification.m in Sources */ = {isa = PBXBuildFile; fileRef = 9186B64B271ED9FB00D425AF /* BlueShiftInAppNotification.m */; };
		9186B667271ED9FB00D425AF /* BlueShiftNotificationModalViewController.m in Sources */ = {isa = PBXBuildFile; fileRef = 9186B64C271ED9FB00D425AF /* BlueShiftNotificationModalViewController.m */; };
		9186B669271ED9FB00D425AF /* BlueShiftInAppNotificationManager.m in Sources */ = {isa = PBXBuildFile; fileRef = 9186B64E271ED9FB00D425AF /* BlueShiftInAppNotificationManager.m */; };
		9186B66A271ED9FB00D425AF /* BlueShiftNotificationWindow.m in Sources */ = {isa = PBXBuildFile; fileRef = 9186B64F271ED9FB00D425AF /* BlueShiftNotificationWindow.m */; };
		9186B66B271ED9FB00D425AF /* InAppNotificationEntity.h in Headers */ = {isa = PBXBuildFile; fileRef = 9186B650271ED9FB00D425AF /* InAppNotificationEntity.h */; settings = {ATTRIBUTES = (Public, ); }; };
		9186B66D271ED9FB00D425AF /* BlueShiftNotificationSlideBannerViewController.h in Headers */ = {isa = PBXBuildFile; fileRef = 9186B652271ED9FB00D425AF /* BlueShiftNotificationSlideBannerViewController.h */; settings = {ATTRIBUTES = (Public, ); }; };
		9186B66E271ED9FB00D425AF /* BlueShiftNotificationModalViewController.h in Headers */ = {isa = PBXBuildFile; fileRef = 9186B653271ED9FB00D425AF /* BlueShiftNotificationModalViewController.h */; settings = {ATTRIBUTES = (Public, ); }; };
		9186B67E271EDA0C00D425AF /* BlueshiftExtensionAnalyticsHelper.m in Sources */ = {isa = PBXBuildFile; fileRef = 9186B670271EDA0C00D425AF /* BlueshiftExtensionAnalyticsHelper.m */; };
		9186B681271EDA0C00D425AF /* BlueShiftPushNotification.m in Sources */ = {isa = PBXBuildFile; fileRef = 9186B673271EDA0C00D425AF /* BlueShiftPushNotification.m */; };
		9186B682271EDA0C00D425AF /* BlueShiftiCarousel.m in Sources */ = {isa = PBXBuildFile; fileRef = 9186B674271EDA0C00D425AF /* BlueShiftiCarousel.m */; };
		9186B683271EDA0C00D425AF /* UIColor+BlueShiftHexString.m in Sources */ = {isa = PBXBuildFile; fileRef = 9186B675271EDA0C00D425AF /* UIColor+BlueShiftHexString.m */; };
		9186B684271EDA0C00D425AF /* BlueshiftExtensionAnalyticsHelper.h in Headers */ = {isa = PBXBuildFile; fileRef = 9186B676271EDA0C00D425AF /* BlueshiftExtensionAnalyticsHelper.h */; settings = {ATTRIBUTES = (Public, ); }; };
		9186B685271EDA0C00D425AF /* BlueShiftCarousalViewController.h in Headers */ = {isa = PBXBuildFile; fileRef = 9186B677271EDA0C00D425AF /* BlueShiftCarousalViewController.h */; settings = {ATTRIBUTES = (Public, ); }; };
		9186B686271EDA0C00D425AF /* BlueShiftCarousalViewController.m in Sources */ = {isa = PBXBuildFile; fileRef = 9186B678271EDA0C00D425AF /* BlueShiftCarousalViewController.m */; };
		9186B688271EDA0C00D425AF /* BlueShiftPushNotification.h in Headers */ = {isa = PBXBuildFile; fileRef = 9186B67A271EDA0C00D425AF /* BlueShiftPushNotification.h */; settings = {ATTRIBUTES = (Public, ); }; };
		9186B689271EDA0C00D425AF /* BlueshiftExtensionConstants.h in Headers */ = {isa = PBXBuildFile; fileRef = 9186B67B271EDA0C00D425AF /* BlueshiftExtensionConstants.h */; settings = {ATTRIBUTES = (Public, ); }; };
		9186B68A271EDA0C00D425AF /* UIColor+BlueShiftHexString.h in Headers */ = {isa = PBXBuildFile; fileRef = 9186B67C271EDA0C00D425AF /* UIColor+BlueShiftHexString.h */; settings = {ATTRIBUTES = (Public, ); }; };
		918B835C275F93BB0015ADF9 /* BlueshiftVersion.h in Headers */ = {isa = PBXBuildFile; fileRef = 918B835B275F93BB0015ADF9 /* BlueshiftVersion.h */; settings = {ATTRIBUTES = (Public, ); }; };
		91E498E22927822A0073B7FB /* BlueshiftInboxViewModel.h in Headers */ = {isa = PBXBuildFile; fileRef = 91E498E02927822A0073B7FB /* BlueshiftInboxViewModel.h */; settings = {ATTRIBUTES = (Public, ); }; };
		91E498E32927822A0073B7FB /* BlueshiftInboxViewModel.m in Sources */ = {isa = PBXBuildFile; fileRef = 91E498E12927822A0073B7FB /* BlueshiftInboxViewModel.m */; };
		91F4704A27282E7B00A0E84C /* BatchEventEntity.h in Headers */ = {isa = PBXBuildFile; fileRef = 9186B5C1271ED9EA00D425AF /* BatchEventEntity.h */; settings = {ATTRIBUTES = (Public, ); }; };
		91F4704B27282F4200A0E84C /* BlueShiftiCarousel.h in Headers */ = {isa = PBXBuildFile; fileRef = 9186B679271EDA0C00D425AF /* BlueShiftiCarousel.h */; settings = {ATTRIBUTES = (Public, ); }; };
		91F470622728346F00A0E84C /* BlueShift_iOS_SDK.h in Headers */ = {isa = PBXBuildFile; fileRef = 91F470612728346F00A0E84C /* BlueShift_iOS_SDK.h */; settings = {ATTRIBUTES = (Public, ); }; };
		91F470642728365500A0E84C /* BlueShift_iOS_Extension_SDK.h in Headers */ = {isa = PBXBuildFile; fileRef = 91F470632728365500A0E84C /* BlueShift_iOS_Extension_SDK.h */; settings = {ATTRIBUTES = (Public, ); }; };
/* End PBXBuildFile section */

/* Begin PBXFileReference section */
		910057572949DC0B004D2DCF /* BlueShiftSDKDataModel 4.xcdatamodel */ = {isa = PBXFileReference; lastKnownFileType = wrapper.xcdatamodel; path = "BlueShiftSDKDataModel 4.xcdatamodel"; sourceTree = "<group>"; };
		910057582949DCA4004D2DCF /* BlueshiftInboxManager.m */ = {isa = PBXFileReference; fileEncoding = 4; lastKnownFileType = sourcecode.c.objc; path = BlueshiftInboxManager.m; sourceTree = "<group>"; };
		910057592949DCA4004D2DCF /* BlueshiftInboxManager.h */ = {isa = PBXFileReference; fileEncoding = 4; lastKnownFileType = sourcecode.c.h; path = BlueshiftInboxManager.h; sourceTree = "<group>"; };
		912321AA27285D030057DA7A /* Foundation.framework */ = {isa = PBXFileReference; lastKnownFileType = wrapper.framework; name = Foundation.framework; path = System/Library/Frameworks/Foundation.framework; sourceTree = SDKROOT; };
		912321AC27285D090057DA7A /* CoreData.framework */ = {isa = PBXFileReference; lastKnownFileType = wrapper.framework; name = CoreData.framework; path = System/Library/Frameworks/CoreData.framework; sourceTree = SDKROOT; };
		912321AE27285D0D0057DA7A /* CoreTelephony.framework */ = {isa = PBXFileReference; lastKnownFileType = wrapper.framework; name = CoreTelephony.framework; path = System/Library/Frameworks/CoreTelephony.framework; sourceTree = SDKROOT; };
		912321B027285D630057DA7A /* UserNotifications.framework */ = {isa = PBXFileReference; lastKnownFileType = wrapper.framework; name = UserNotifications.framework; path = System/Library/Frameworks/UserNotifications.framework; sourceTree = SDKROOT; };
		912321B227285D7B0057DA7A /* WebKit.framework */ = {isa = PBXFileReference; lastKnownFileType = wrapper.framework; name = WebKit.framework; path = System/Library/Frameworks/WebKit.framework; sourceTree = SDKROOT; };
		912A5BD62923A29900096CBF /* BlueshiftInboxTableViewCell.xib */ = {isa = PBXFileReference; fileEncoding = 4; lastKnownFileType = file.xib; path = BlueshiftInboxTableViewCell.xib; sourceTree = "<group>"; };
		912A5BD82923ABEE00096CBF /* BlueshiftInboxTableViewCell.h */ = {isa = PBXFileReference; lastKnownFileType = sourcecode.c.h; path = BlueshiftInboxTableViewCell.h; sourceTree = "<group>"; };
		912A5BD92923ABEE00096CBF /* BlueshiftInboxTableViewCell.m */ = {isa = PBXFileReference; lastKnownFileType = sourcecode.c.objc; path = BlueshiftInboxTableViewCell.m; sourceTree = "<group>"; };
		912C78FC29EFFB7A0086E641 /* BlueshiftInboxAPIManager.m */ = {isa = PBXFileReference; fileEncoding = 4; lastKnownFileType = sourcecode.c.objc; path = BlueshiftInboxAPIManager.m; sourceTree = "<group>"; };
		912C78FD29EFFB7A0086E641 /* BlueshiftInboxAPIManager.h */ = {isa = PBXFileReference; fileEncoding = 4; lastKnownFileType = sourcecode.c.h; path = BlueshiftInboxAPIManager.h; sourceTree = "<group>"; };
		9150983B2923A1CD0054CB88 /* BlueshiftInboxNavigationViewController.h */ = {isa = PBXFileReference; lastKnownFileType = sourcecode.c.h; path = BlueshiftInboxNavigationViewController.h; sourceTree = "<group>"; };
		9150983C2923A1CD0054CB88 /* BlueshiftInboxNavigationViewController.m */ = {isa = PBXFileReference; lastKnownFileType = sourcecode.c.objc; path = BlueshiftInboxNavigationViewController.m; sourceTree = "<group>"; };
		9150983F2923A1F30054CB88 /* BlueshiftInboxViewController.h */ = {isa = PBXFileReference; lastKnownFileType = sourcecode.c.h; path = BlueshiftInboxViewController.h; sourceTree = "<group>"; };
		915098402923A1F30054CB88 /* BlueshiftInboxViewController.m */ = {isa = PBXFileReference; lastKnownFileType = sourcecode.c.objc; path = BlueshiftInboxViewController.m; sourceTree = "<group>"; };
		917582DC29250F0900022F38 /* BlueshiftInboxMessage.h */ = {isa = PBXFileReference; lastKnownFileType = sourcecode.c.h; path = BlueshiftInboxMessage.h; sourceTree = "<group>"; };
		917582DD29250F0900022F38 /* BlueshiftInboxMessage.m */ = {isa = PBXFileReference; lastKnownFileType = sourcecode.c.objc; path = BlueshiftInboxMessage.m; sourceTree = "<group>"; };
		9186B577271ED94600D425AF /* BlueShift_iOS_SDK.framework */ = {isa = PBXFileReference; explicitFileType = wrapper.framework; includeInIndex = 0; path = BlueShift_iOS_SDK.framework; sourceTree = BUILT_PRODUCTS_DIR; };
		9186B594271ED96D00D425AF /* BlueShift_iOS_Extension_SDK.framework */ = {isa = PBXFileReference; explicitFileType = wrapper.framework; includeInIndex = 0; path = BlueShift_iOS_Extension_SDK.framework; sourceTree = BUILT_PRODUCTS_DIR; };
		9186B5A9271ED9E900D425AF /* NSDate+BlueShiftDateHelpers.m */ = {isa = PBXFileReference; fileEncoding = 4; lastKnownFileType = sourcecode.c.objc; path = "NSDate+BlueShiftDateHelpers.m"; sourceTree = "<group>"; };
		9186B5AA271ED9EA00D425AF /* BlueShiftPushDelegate.h */ = {isa = PBXFileReference; fileEncoding = 4; lastKnownFileType = sourcecode.c.h; path = BlueShiftPushDelegate.h; sourceTree = "<group>"; };
		9186B5AB271ED9EA00D425AF /* BlueShiftUserInfo.m */ = {isa = PBXFileReference; fileEncoding = 4; lastKnownFileType = sourcecode.c.objc; path = BlueShiftUserInfo.m; sourceTree = "<group>"; };
		9186B5AC271ED9EA00D425AF /* BlueShiftPushNotificationSettings.m */ = {isa = PBXFileReference; fileEncoding = 4; lastKnownFileType = sourcecode.c.objc; path = BlueShiftPushNotificationSettings.m; sourceTree = "<group>"; };
		9186B5AD271ED9EA00D425AF /* BlueShiftNetworkReachabilityManager.h */ = {isa = PBXFileReference; fileEncoding = 4; lastKnownFileType = sourcecode.c.h; path = BlueShiftNetworkReachabilityManager.h; sourceTree = "<group>"; };
		9186B5AE271ED9EA00D425AF /* BlueShiftRequestOperationManager.m */ = {isa = PBXFileReference; fileEncoding = 4; lastKnownFileType = sourcecode.c.objc; path = BlueShiftRequestOperationManager.m; sourceTree = "<group>"; };
		9186B5AF271ED9EA00D425AF /* BlueshiftLog.h */ = {isa = PBXFileReference; fileEncoding = 4; lastKnownFileType = sourcecode.c.h; path = BlueshiftLog.h; sourceTree = "<group>"; };
		9186B5B0271ED9EA00D425AF /* BlueShiftDeviceData.h */ = {isa = PBXFileReference; fileEncoding = 4; lastKnownFileType = sourcecode.c.h; path = BlueShiftDeviceData.h; sourceTree = "<group>"; };
		9186B5B1271ED9EA00D425AF /* BlueShiftLiveContent.m */ = {isa = PBXFileReference; fileEncoding = 4; lastKnownFileType = sourcecode.c.objc; path = BlueShiftLiveContent.m; sourceTree = "<group>"; };
		9186B5B2271ED9EA00D425AF /* BlueShiftRequestOperation.m */ = {isa = PBXFileReference; fileEncoding = 4; lastKnownFileType = sourcecode.c.objc; path = BlueShiftRequestOperation.m; sourceTree = "<group>"; };
		9186B5B3271ED9EA00D425AF /* BlueShiftStatusCodes.h */ = {isa = PBXFileReference; fileEncoding = 4; lastKnownFileType = sourcecode.c.h; path = BlueShiftStatusCodes.h; sourceTree = "<group>"; };
		9186B5B4271ED9EA00D425AF /* BlueShiftUserNotificationSettings.h */ = {isa = PBXFileReference; fileEncoding = 4; lastKnownFileType = sourcecode.c.h; path = BlueShiftUserNotificationSettings.h; sourceTree = "<group>"; };
		9186B5B5271ED9EA00D425AF /* HttpRequestOperationEntity.h */ = {isa = PBXFileReference; fileEncoding = 4; lastKnownFileType = sourcecode.c.h; path = HttpRequestOperationEntity.h; sourceTree = "<group>"; };
		9186B5B6271ED9EA00D425AF /* BlueShiftRequestOperationManager.h */ = {isa = PBXFileReference; fileEncoding = 4; lastKnownFileType = sourcecode.c.h; path = BlueShiftRequestOperationManager.h; sourceTree = "<group>"; };
		9186B5B7271ED9EA00D425AF /* NetworkReachability.h */ = {isa = PBXFileReference; fileEncoding = 4; lastKnownFileType = sourcecode.c.h; path = NetworkReachability.h; sourceTree = "<group>"; };
		9186B5B8271ED9EA00D425AF /* BlueShiftAppDelegate.m */ = {isa = PBXFileReference; fileEncoding = 4; lastKnownFileType = sourcecode.c.objc; path = BlueShiftAppDelegate.m; sourceTree = "<group>"; };
		9186B5BA271ED9EA00D425AF /* BlueShiftPushParamDelegate.h */ = {isa = PBXFileReference; fileEncoding = 4; lastKnownFileType = sourcecode.c.h; path = BlueShiftPushParamDelegate.h; sourceTree = "<group>"; };
		9186B5BB271ED9EA00D425AF /* BlueShiftAppDelegate.h */ = {isa = PBXFileReference; fileEncoding = 4; lastKnownFileType = sourcecode.c.h; path = BlueShiftAppDelegate.h; sourceTree = "<group>"; };
		9186B5BC271ED9EA00D425AF /* NSDate+BlueShiftDateHelpers.h */ = {isa = PBXFileReference; fileEncoding = 4; lastKnownFileType = sourcecode.c.h; path = "NSDate+BlueShiftDateHelpers.h"; sourceTree = "<group>"; };
		9186B5BD271ED9EA00D425AF /* BlueShiftNetworkReachabilityManager.m */ = {isa = PBXFileReference; fileEncoding = 4; lastKnownFileType = sourcecode.c.objc; path = BlueShiftNetworkReachabilityManager.m; sourceTree = "<group>"; };
		9186B5BE271ED9EA00D425AF /* BlueshiftRoutes.h */ = {isa = PBXFileReference; fileEncoding = 4; lastKnownFileType = sourcecode.c.h; path = BlueshiftRoutes.h; sourceTree = "<group>"; };
		9186B5BF271ED9EA00D425AF /* BlueShiftDeviceData.m */ = {isa = PBXFileReference; fileEncoding = 4; lastKnownFileType = sourcecode.c.objc; path = BlueShiftDeviceData.m; sourceTree = "<group>"; };
		9186B5C0271ED9EA00D425AF /* BlueshiftEventAnalyticsHelper.h */ = {isa = PBXFileReference; fileEncoding = 4; lastKnownFileType = sourcecode.c.h; path = BlueshiftEventAnalyticsHelper.h; sourceTree = "<group>"; };
		9186B5C1271ED9EA00D425AF /* BatchEventEntity.h */ = {isa = PBXFileReference; fileEncoding = 4; lastKnownFileType = sourcecode.c.h; path = BatchEventEntity.h; sourceTree = "<group>"; };
		9186B5C2271ED9EA00D425AF /* BlueShiftPushNotificationSettings.h */ = {isa = PBXFileReference; fileEncoding = 4; lastKnownFileType = sourcecode.c.h; path = BlueShiftPushNotificationSettings.h; sourceTree = "<group>"; };
		9186B5C3271ED9EA00D425AF /* BlueShiftUserNotificationCenterDelegate.h */ = {isa = PBXFileReference; fileEncoding = 4; lastKnownFileType = sourcecode.c.h; path = BlueShiftUserNotificationCenterDelegate.h; sourceTree = "<group>"; };
		9186B5C4271ED9EA00D425AF /* BlueShiftUserNotificationCenterDelegate.m */ = {isa = PBXFileReference; fileEncoding = 4; lastKnownFileType = sourcecode.c.objc; path = BlueShiftUserNotificationCenterDelegate.m; sourceTree = "<group>"; };
		9186B5C5271ED9EA00D425AF /* BlueshiftLog.m */ = {isa = PBXFileReference; fileEncoding = 4; lastKnownFileType = sourcecode.c.objc; path = BlueshiftLog.m; sourceTree = "<group>"; };
		9186B5C6271ED9EA00D425AF /* BlueShiftProduct.h */ = {isa = PBXFileReference; fileEncoding = 4; lastKnownFileType = sourcecode.c.h; path = BlueShiftProduct.h; sourceTree = "<group>"; };
		9186B5C7271ED9EA00D425AF /* BlueShiftHttpRequestBatchUpload.m */ = {isa = PBXFileReference; fileEncoding = 4; lastKnownFileType = sourcecode.c.objc; path = BlueShiftHttpRequestBatchUpload.m; sourceTree = "<group>"; };
		9186B5C8271ED9EA00D425AF /* BlueShiftRequestQueueStatus.h */ = {isa = PBXFileReference; fileEncoding = 4; lastKnownFileType = sourcecode.c.h; path = BlueShiftRequestQueueStatus.h; sourceTree = "<group>"; };
		9186B5C9271ED9EA00D425AF /* BlueshiftUniversalLinksDelegate.h */ = {isa = PBXFileReference; fileEncoding = 4; lastKnownFileType = sourcecode.c.h; path = BlueshiftUniversalLinksDelegate.h; sourceTree = "<group>"; };
		9186B5CA271ED9EA00D425AF /* BlueShiftUserInfo.h */ = {isa = PBXFileReference; fileEncoding = 4; lastKnownFileType = sourcecode.c.h; path = BlueShiftUserInfo.h; sourceTree = "<group>"; };
		9186B5CB271ED9EA00D425AF /* NSNumber+BlueShiftHelpers.h */ = {isa = PBXFileReference; fileEncoding = 4; lastKnownFileType = sourcecode.c.h; path = "NSNumber+BlueShiftHelpers.h"; sourceTree = "<group>"; };
		9186B5CD271ED9EA00D425AF /* BlueShiftSDKDataModel.xcdatamodel */ = {isa = PBXFileReference; lastKnownFileType = wrapper.xcdatamodel; path = BlueShiftSDKDataModel.xcdatamodel; sourceTree = "<group>"; };
		9186B5CE271ED9EA00D425AF /* BlueShiftSDKDataModel 3.xcdatamodel */ = {isa = PBXFileReference; lastKnownFileType = wrapper.xcdatamodel; path = "BlueShiftSDKDataModel 3.xcdatamodel"; sourceTree = "<group>"; };
		9186B5CF271ED9EA00D425AF /* BlueShiftSDKDataModel 2.xcdatamodel */ = {isa = PBXFileReference; lastKnownFileType = wrapper.xcdatamodel; path = "BlueShiftSDKDataModel 2.xcdatamodel"; sourceTree = "<group>"; };
		9186B5D0271ED9EB00D425AF /* BlueShiftBatchUploadConfig.h */ = {isa = PBXFileReference; fileEncoding = 4; lastKnownFileType = sourcecode.c.h; path = BlueShiftBatchUploadConfig.h; sourceTree = "<group>"; };
		9186B5D1271ED9EB00D425AF /* BlueShiftAppData.h */ = {isa = PBXFileReference; fileEncoding = 4; lastKnownFileType = sourcecode.c.h; path = BlueShiftAppData.h; sourceTree = "<group>"; };
		9186B5D2271ED9EB00D425AF /* BlueShiftConfig.m */ = {isa = PBXFileReference; fileEncoding = 4; lastKnownFileType = sourcecode.c.objc; path = BlueShiftConfig.m; sourceTree = "<group>"; };
		9186B5D3271ED9EB00D425AF /* BlueshiftEventAnalyticsHelper.m */ = {isa = PBXFileReference; fileEncoding = 4; lastKnownFileType = sourcecode.c.objc; path = BlueshiftEventAnalyticsHelper.m; sourceTree = "<group>"; };
		9186B5D4271ED9EB00D425AF /* BlueShiftProduct.m */ = {isa = PBXFileReference; fileEncoding = 4; lastKnownFileType = sourcecode.c.objc; path = BlueShiftProduct.m; sourceTree = "<group>"; };
		9186B5D5271ED9EB00D425AF /* BatchEventEntity.m */ = {isa = PBXFileReference; fileEncoding = 4; lastKnownFileType = sourcecode.c.objc; path = BatchEventEntity.m; sourceTree = "<group>"; };
		9186B5D7271ED9EB00D425AF /* BlueshiftConstants.h */ = {isa = PBXFileReference; fileEncoding = 4; lastKnownFileType = sourcecode.c.h; path = BlueshiftConstants.h; sourceTree = "<group>"; };
		9186B5D8271ED9EB00D425AF /* BlueShiftLiveContent.h */ = {isa = PBXFileReference; fileEncoding = 4; lastKnownFileType = sourcecode.c.h; path = BlueShiftLiveContent.h; sourceTree = "<group>"; };
		9186B5D9271ED9EB00D425AF /* BlueShiftRequestQueue.h */ = {isa = PBXFileReference; fileEncoding = 4; lastKnownFileType = sourcecode.c.h; path = BlueShiftRequestQueue.h; sourceTree = "<group>"; };
		9186B5DA271ED9EB00D425AF /* BlueShiftRequestQueue.m */ = {isa = PBXFileReference; fileEncoding = 4; lastKnownFileType = sourcecode.c.objc; path = BlueShiftRequestQueue.m; sourceTree = "<group>"; };
		9186B5DB271ED9EB00D425AF /* BlueShiftSubscription.h */ = {isa = PBXFileReference; fileEncoding = 4; lastKnownFileType = sourcecode.c.h; path = BlueShiftSubscription.h; sourceTree = "<group>"; };
		9186B5DC271ED9EB00D425AF /* BlueShiftBatchRequestOperation.h */ = {isa = PBXFileReference; fileEncoding = 4; lastKnownFileType = sourcecode.c.h; path = BlueShiftBatchRequestOperation.h; sourceTree = "<group>"; };
		9186B5DD271ED9EB00D425AF /* BlueShiftInAppNotificationDelegate.h */ = {isa = PBXFileReference; fileEncoding = 4; lastKnownFileType = sourcecode.c.h; path = BlueShiftInAppNotificationDelegate.h; sourceTree = "<group>"; };
		9186B5DE271ED9EB00D425AF /* BlueshiftDeviceIdSource.h */ = {isa = PBXFileReference; fileEncoding = 4; lastKnownFileType = sourcecode.c.h; path = BlueshiftDeviceIdSource.h; sourceTree = "<group>"; };
		9186B5DF271ED9EB00D425AF /* BlueShiftTrackEvents.h */ = {isa = PBXFileReference; fileEncoding = 4; lastKnownFileType = sourcecode.c.h; path = BlueShiftTrackEvents.h; sourceTree = "<group>"; };
		9186B5E0271ED9EB00D425AF /* NetworkReachability.m */ = {isa = PBXFileReference; fileEncoding = 4; lastKnownFileType = sourcecode.c.objc; path = NetworkReachability.m; sourceTree = "<group>"; };
		9186B5E1271ED9EB00D425AF /* BlueShiftBatchUploadConfig.m */ = {isa = PBXFileReference; fileEncoding = 4; lastKnownFileType = sourcecode.c.objc; path = BlueShiftBatchUploadConfig.m; sourceTree = "<group>"; };
		9186B5E2271ED9EB00D425AF /* BlueshiftRoutes.m */ = {isa = PBXFileReference; fileEncoding = 4; lastKnownFileType = sourcecode.c.objc; path = BlueshiftRoutes.m; sourceTree = "<group>"; };
		9186B5E3271ED9EB00D425AF /* BlueShiftSubscriptionState.h */ = {isa = PBXFileReference; fileEncoding = 4; lastKnownFileType = sourcecode.c.h; path = BlueShiftSubscriptionState.h; sourceTree = "<group>"; };
		9186B5E4271ED9EB00D425AF /* BlueShiftHTTPMethod.h */ = {isa = PBXFileReference; fileEncoding = 4; lastKnownFileType = sourcecode.c.h; path = BlueShiftHTTPMethod.h; sourceTree = "<group>"; };
		9186B5E5271ED9EB00D425AF /* BlueShiftAppData.m */ = {isa = PBXFileReference; fileEncoding = 4; lastKnownFileType = sourcecode.c.objc; path = BlueShiftAppData.m; sourceTree = "<group>"; };
		9186B5E7271ED9EB00D425AF /* BlueShiftRequestOperation.h */ = {isa = PBXFileReference; fileEncoding = 4; lastKnownFileType = sourcecode.c.h; path = BlueShiftRequestOperation.h; sourceTree = "<group>"; };
		9186B5E9271ED9EE00D425AF /* BlueShiftSubscription.m */ = {isa = PBXFileReference; fileEncoding = 4; lastKnownFileType = sourcecode.c.objc; path = BlueShiftSubscription.m; sourceTree = "<group>"; };
		9186B5EA271ED9EE00D425AF /* BlueShift.m */ = {isa = PBXFileReference; fileEncoding = 4; lastKnownFileType = sourcecode.c.objc; path = BlueShift.m; sourceTree = "<group>"; };
		9186B5EB271ED9EE00D425AF /* BlueShiftConfig.h */ = {isa = PBXFileReference; fileEncoding = 4; lastKnownFileType = sourcecode.c.h; path = BlueShiftConfig.h; sourceTree = "<group>"; };
		9186B5EC271ED9EE00D425AF /* NSNumber+BlueShiftHelpers.m */ = {isa = PBXFileReference; fileEncoding = 4; lastKnownFileType = sourcecode.c.objc; path = "NSNumber+BlueShiftHelpers.m"; sourceTree = "<group>"; };
		9186B5ED271ED9EE00D425AF /* BlueShiftUserNotificationSettings.m */ = {isa = PBXFileReference; fileEncoding = 4; lastKnownFileType = sourcecode.c.objc; path = BlueShiftUserNotificationSettings.m; sourceTree = "<group>"; };
		9186B5EE271ED9EE00D425AF /* BlueShiftBatchRequestOperation.m */ = {isa = PBXFileReference; fileEncoding = 4; lastKnownFileType = sourcecode.c.objc; path = BlueShiftBatchRequestOperation.m; sourceTree = "<group>"; };
		9186B5EF271ED9EF00D425AF /* BlueShift.h */ = {isa = PBXFileReference; fileEncoding = 4; lastKnownFileType = sourcecode.c.h; path = BlueShift.h; sourceTree = "<group>"; };
		9186B5F0271ED9EF00D425AF /* BlueShiftHttpRequestBatchUpload.h */ = {isa = PBXFileReference; fileEncoding = 4; lastKnownFileType = sourcecode.c.h; path = BlueShiftHttpRequestBatchUpload.h; sourceTree = "<group>"; };
		9186B5F1271ED9EF00D425AF /* BlueShiftNotificationConstants.h */ = {isa = PBXFileReference; fileEncoding = 4; lastKnownFileType = sourcecode.c.h; path = BlueShiftNotificationConstants.h; sourceTree = "<group>"; };
		9186B5F2271ED9EF00D425AF /* HttpRequestOperationEntity.m */ = {isa = PBXFileReference; fileEncoding = 4; lastKnownFileType = sourcecode.c.objc; path = HttpRequestOperationEntity.m; sourceTree = "<group>"; };
		9186B639271ED9FA00D425AF /* BlueShiftInAppNotificationConstant.h */ = {isa = PBXFileReference; fileEncoding = 4; lastKnownFileType = sourcecode.c.h; name = BlueShiftInAppNotificationConstant.h; path = InApps/BlueShiftInAppNotificationConstant.h; sourceTree = "<group>"; };
		9186B63A271ED9FA00D425AF /* BlueShiftNotificationWebViewController.m */ = {isa = PBXFileReference; fileEncoding = 4; lastKnownFileType = sourcecode.c.objc; name = BlueShiftNotificationWebViewController.m; path = InApps/BlueShiftNotificationWebViewController.m; sourceTree = "<group>"; };
		9186B63B271ED9FA00D425AF /* BlueShiftNotificationWindow.h */ = {isa = PBXFileReference; fileEncoding = 4; lastKnownFileType = sourcecode.c.h; name = BlueShiftNotificationWindow.h; path = InApps/BlueShiftNotificationWindow.h; sourceTree = "<group>"; };
		9186B63C271ED9FA00D425AF /* BlueShiftNotificationView.m */ = {isa = PBXFileReference; fileEncoding = 4; lastKnownFileType = sourcecode.c.objc; name = BlueShiftNotificationView.m; path = InApps/BlueShiftNotificationView.m; sourceTree = "<group>"; };
		9186B63D271ED9FA00D425AF /* BlueShiftNotificationCloseButton.m */ = {isa = PBXFileReference; fileEncoding = 4; lastKnownFileType = sourcecode.c.objc; name = BlueShiftNotificationCloseButton.m; path = InApps/BlueShiftNotificationCloseButton.m; sourceTree = "<group>"; };
		9186B63E271ED9FA00D425AF /* BlueShiftInAppNotificationHelper.h */ = {isa = PBXFileReference; fileEncoding = 4; lastKnownFileType = sourcecode.c.h; name = BlueShiftInAppNotificationHelper.h; path = InApps/BlueShiftInAppNotificationHelper.h; sourceTree = "<group>"; };
		9186B63F271ED9FA00D425AF /* BlueShiftNotificationWebViewController.h */ = {isa = PBXFileReference; fileEncoding = 4; lastKnownFileType = sourcecode.c.h; name = BlueShiftNotificationWebViewController.h; path = InApps/BlueShiftNotificationWebViewController.h; sourceTree = "<group>"; };
		9186B640271ED9FA00D425AF /* BlueShiftNotificationCloseButton.h */ = {isa = PBXFileReference; fileEncoding = 4; lastKnownFileType = sourcecode.c.h; name = BlueShiftNotificationCloseButton.h; path = InApps/BlueShiftNotificationCloseButton.h; sourceTree = "<group>"; };
		9186B641271ED9FB00D425AF /* BlueShiftNotificationViewController.h */ = {isa = PBXFileReference; fileEncoding = 4; lastKnownFileType = sourcecode.c.h; name = BlueShiftNotificationViewController.h; path = InApps/BlueShiftNotificationViewController.h; sourceTree = "<group>"; };
		9186B642271ED9FB00D425AF /* BlueShiftInAppNotificationHelper.m */ = {isa = PBXFileReference; fileEncoding = 4; lastKnownFileType = sourcecode.c.objc; name = BlueShiftInAppNotificationHelper.m; path = InApps/BlueShiftInAppNotificationHelper.m; sourceTree = "<group>"; };
		9186B643271ED9FB00D425AF /* BlueShiftInAppNotificationManager.h */ = {isa = PBXFileReference; fileEncoding = 4; lastKnownFileType = sourcecode.c.h; name = BlueShiftInAppNotificationManager.h; path = InApps/BlueShiftInAppNotificationManager.h; sourceTree = "<group>"; };
		9186B644271ED9FB00D425AF /* InAppNotificationEntity.m */ = {isa = PBXFileReference; fileEncoding = 4; lastKnownFileType = sourcecode.c.objc; name = InAppNotificationEntity.m; path = InApps/InAppNotificationEntity.m; sourceTree = "<group>"; };
		9186B645271ED9FB00D425AF /* BlueShiftNotificationSlideBannerViewController.m */ = {isa = PBXFileReference; fileEncoding = 4; lastKnownFileType = sourcecode.c.objc; name = BlueShiftNotificationSlideBannerViewController.m; path = InApps/BlueShiftNotificationSlideBannerViewController.m; sourceTree = "<group>"; };
		9186B646271ED9FB00D425AF /* BlueShiftNotificationView.h */ = {isa = PBXFileReference; fileEncoding = 4; lastKnownFileType = sourcecode.c.h; name = BlueShiftNotificationView.h; path = InApps/BlueShiftNotificationView.h; sourceTree = "<group>"; };
		9186B647271ED9FB00D425AF /* BlueShiftInAppNotification.h */ = {isa = PBXFileReference; fileEncoding = 4; lastKnownFileType = sourcecode.c.h; name = BlueShiftInAppNotification.h; path = InApps/BlueShiftInAppNotification.h; sourceTree = "<group>"; };
		9186B648271ED9FB00D425AF /* BlueShiftNotificationViewController.m */ = {isa = PBXFileReference; fileEncoding = 4; lastKnownFileType = sourcecode.c.objc; name = BlueShiftNotificationViewController.m; path = InApps/BlueShiftNotificationViewController.m; sourceTree = "<group>"; };
		9186B649271ED9FB00D425AF /* BlueShiftInAppType.h */ = {isa = PBXFileReference; fileEncoding = 4; lastKnownFileType = sourcecode.c.h; name = BlueShiftInAppType.h; path = InApps/BlueShiftInAppType.h; sourceTree = "<group>"; };
		9186B64B271ED9FB00D425AF /* BlueShiftInAppNotification.m */ = {isa = PBXFileReference; fileEncoding = 4; lastKnownFileType = sourcecode.c.objc; name = BlueShiftInAppNotification.m; path = InApps/BlueShiftInAppNotification.m; sourceTree = "<group>"; };
		9186B64C271ED9FB00D425AF /* BlueShiftNotificationModalViewController.m */ = {isa = PBXFileReference; fileEncoding = 4; lastKnownFileType = sourcecode.c.objc; name = BlueShiftNotificationModalViewController.m; path = InApps/BlueShiftNotificationModalViewController.m; sourceTree = "<group>"; };
		9186B64E271ED9FB00D425AF /* BlueShiftInAppNotificationManager.m */ = {isa = PBXFileReference; fileEncoding = 4; lastKnownFileType = sourcecode.c.objc; name = BlueShiftInAppNotificationManager.m; path = InApps/BlueShiftInAppNotificationManager.m; sourceTree = "<group>"; };
		9186B64F271ED9FB00D425AF /* BlueShiftNotificationWindow.m */ = {isa = PBXFileReference; fileEncoding = 4; lastKnownFileType = sourcecode.c.objc; name = BlueShiftNotificationWindow.m; path = InApps/BlueShiftNotificationWindow.m; sourceTree = "<group>"; };
		9186B650271ED9FB00D425AF /* InAppNotificationEntity.h */ = {isa = PBXFileReference; fileEncoding = 4; lastKnownFileType = sourcecode.c.h; name = InAppNotificationEntity.h; path = InApps/InAppNotificationEntity.h; sourceTree = "<group>"; };
		9186B652271ED9FB00D425AF /* BlueShiftNotificationSlideBannerViewController.h */ = {isa = PBXFileReference; fileEncoding = 4; lastKnownFileType = sourcecode.c.h; name = BlueShiftNotificationSlideBannerViewController.h; path = InApps/BlueShiftNotificationSlideBannerViewController.h; sourceTree = "<group>"; };
		9186B653271ED9FB00D425AF /* BlueShiftNotificationModalViewController.h */ = {isa = PBXFileReference; fileEncoding = 4; lastKnownFileType = sourcecode.c.h; name = BlueShiftNotificationModalViewController.h; path = InApps/BlueShiftNotificationModalViewController.h; sourceTree = "<group>"; };
		9186B66F271EDA0C00D425AF /* BlueShiftAppExtension.h */ = {isa = PBXFileReference; fileEncoding = 4; lastKnownFileType = sourcecode.c.h; path = BlueShiftAppExtension.h; sourceTree = "<group>"; };
		9186B670271EDA0C00D425AF /* BlueshiftExtensionAnalyticsHelper.m */ = {isa = PBXFileReference; fileEncoding = 4; lastKnownFileType = sourcecode.c.objc; path = BlueshiftExtensionAnalyticsHelper.m; sourceTree = "<group>"; };
		9186B673271EDA0C00D425AF /* BlueShiftPushNotification.m */ = {isa = PBXFileReference; fileEncoding = 4; lastKnownFileType = sourcecode.c.objc; path = BlueShiftPushNotification.m; sourceTree = "<group>"; };
		9186B674271EDA0C00D425AF /* BlueShiftiCarousel.m */ = {isa = PBXFileReference; fileEncoding = 4; lastKnownFileType = sourcecode.c.objc; path = BlueShiftiCarousel.m; sourceTree = "<group>"; };
		9186B675271EDA0C00D425AF /* UIColor+BlueShiftHexString.m */ = {isa = PBXFileReference; fileEncoding = 4; lastKnownFileType = sourcecode.c.objc; path = "UIColor+BlueShiftHexString.m"; sourceTree = "<group>"; };
		9186B676271EDA0C00D425AF /* BlueshiftExtensionAnalyticsHelper.h */ = {isa = PBXFileReference; fileEncoding = 4; lastKnownFileType = sourcecode.c.h; path = BlueshiftExtensionAnalyticsHelper.h; sourceTree = "<group>"; };
		9186B677271EDA0C00D425AF /* BlueShiftCarousalViewController.h */ = {isa = PBXFileReference; fileEncoding = 4; lastKnownFileType = sourcecode.c.h; path = BlueShiftCarousalViewController.h; sourceTree = "<group>"; };
		9186B678271EDA0C00D425AF /* BlueShiftCarousalViewController.m */ = {isa = PBXFileReference; fileEncoding = 4; lastKnownFileType = sourcecode.c.objc; path = BlueShiftCarousalViewController.m; sourceTree = "<group>"; };
		9186B679271EDA0C00D425AF /* BlueShiftiCarousel.h */ = {isa = PBXFileReference; fileEncoding = 4; lastKnownFileType = sourcecode.c.h; path = BlueShiftiCarousel.h; sourceTree = "<group>"; };
		9186B67A271EDA0C00D425AF /* BlueShiftPushNotification.h */ = {isa = PBXFileReference; fileEncoding = 4; lastKnownFileType = sourcecode.c.h; path = BlueShiftPushNotification.h; sourceTree = "<group>"; };
		9186B67B271EDA0C00D425AF /* BlueshiftExtensionConstants.h */ = {isa = PBXFileReference; fileEncoding = 4; lastKnownFileType = sourcecode.c.h; path = BlueshiftExtensionConstants.h; sourceTree = "<group>"; };
		9186B67C271EDA0C00D425AF /* UIColor+BlueShiftHexString.h */ = {isa = PBXFileReference; fileEncoding = 4; lastKnownFileType = sourcecode.c.h; path = "UIColor+BlueShiftHexString.h"; sourceTree = "<group>"; };
		918B835B275F93BB0015ADF9 /* BlueshiftVersion.h */ = {isa = PBXFileReference; fileEncoding = 4; lastKnownFileType = sourcecode.c.h; path = BlueshiftVersion.h; sourceTree = "<group>"; };
		91E498E02927822A0073B7FB /* BlueshiftInboxViewModel.h */ = {isa = PBXFileReference; lastKnownFileType = sourcecode.c.h; path = BlueshiftInboxViewModel.h; sourceTree = "<group>"; };
		91E498E12927822A0073B7FB /* BlueshiftInboxViewModel.m */ = {isa = PBXFileReference; lastKnownFileType = sourcecode.c.objc; path = BlueshiftInboxViewModel.m; sourceTree = "<group>"; };
		91F4705F2728342400A0E84C /* ios.modulemap */ = {isa = PBXFileReference; fileEncoding = 4; lastKnownFileType = "sourcecode.module-map"; path = ios.modulemap; sourceTree = "<group>"; };
		91F470602728342B00A0E84C /* ios.modulemap */ = {isa = PBXFileReference; fileEncoding = 4; lastKnownFileType = "sourcecode.module-map"; path = ios.modulemap; sourceTree = "<group>"; };
		91F470612728346F00A0E84C /* BlueShift_iOS_SDK.h */ = {isa = PBXFileReference; fileEncoding = 4; lastKnownFileType = sourcecode.c.h; path = BlueShift_iOS_SDK.h; sourceTree = "<group>"; };
		91F470632728365500A0E84C /* BlueShift_iOS_Extension_SDK.h */ = {isa = PBXFileReference; fileEncoding = 4; lastKnownFileType = sourcecode.c.h; path = BlueShift_iOS_Extension_SDK.h; sourceTree = "<group>"; };
/* End PBXFileReference section */

/* Begin PBXFrameworksBuildPhase section */
		9186B574271ED94600D425AF /* Frameworks */ = {
			isa = PBXFrameworksBuildPhase;
			buildActionMask = 2147483647;
			files = (
				912321B327285D7B0057DA7A /* WebKit.framework in Frameworks */,
				912321B127285D630057DA7A /* UserNotifications.framework in Frameworks */,
				912321AB27285D030057DA7A /* Foundation.framework in Frameworks */,
				912321AF27285D0D0057DA7A /* CoreTelephony.framework in Frameworks */,
				912321AD27285D090057DA7A /* CoreData.framework in Frameworks */,
			);
			runOnlyForDeploymentPostprocessing = 0;
		};
		9186B591271ED96D00D425AF /* Frameworks */ = {
			isa = PBXFrameworksBuildPhase;
			buildActionMask = 2147483647;
			files = (
			);
			runOnlyForDeploymentPostprocessing = 0;
		};
/* End PBXFrameworksBuildPhase section */

/* Begin PBXGroup section */
		9150983A2923A1B20054CB88 /* Inbox */ = {
			isa = PBXGroup;
			children = (
				910057592949DCA4004D2DCF /* BlueshiftInboxManager.h */,
				910057582949DCA4004D2DCF /* BlueshiftInboxManager.m */,
				912A5BD62923A29900096CBF /* BlueshiftInboxTableViewCell.xib */,
				9150983B2923A1CD0054CB88 /* BlueshiftInboxNavigationViewController.h */,
				9150983C2923A1CD0054CB88 /* BlueshiftInboxNavigationViewController.m */,
				9150983F2923A1F30054CB88 /* BlueshiftInboxViewController.h */,
				912C78FD29EFFB7A0086E641 /* BlueshiftInboxAPIManager.h */,
				912C78FC29EFFB7A0086E641 /* BlueshiftInboxAPIManager.m */,
				915098402923A1F30054CB88 /* BlueshiftInboxViewController.m */,
				912A5BD82923ABEE00096CBF /* BlueshiftInboxTableViewCell.h */,
				912A5BD92923ABEE00096CBF /* BlueshiftInboxTableViewCell.m */,
				917582DC29250F0900022F38 /* BlueshiftInboxMessage.h */,
				917582DD29250F0900022F38 /* BlueshiftInboxMessage.m */,
				91E498E02927822A0073B7FB /* BlueshiftInboxViewModel.h */,
				91E498E12927822A0073B7FB /* BlueshiftInboxViewModel.m */,
			);
			path = Inbox;
			sourceTree = "<group>";
		};
		9186B56D271ED94600D425AF = {
			isa = PBXGroup;
			children = (
				9186B579271ED94600D425AF /* BlueShift-iOS-SDK */,
				9186B595271ED96D00D425AF /* BlueShift-iOS-Extension-SDK */,
				9186B578271ED94600D425AF /* Products */,
				9186B6A3271EDD5A00D425AF /* Frameworks */,
			);
			sourceTree = "<group>";
		};
		9186B578271ED94600D425AF /* Products */ = {
			isa = PBXGroup;
			children = (
				9186B577271ED94600D425AF /* BlueShift_iOS_SDK.framework */,
				9186B594271ED96D00D425AF /* BlueShift_iOS_Extension_SDK.framework */,
			);
			name = Products;
			sourceTree = "<group>";
		};
		9186B579271ED94600D425AF /* BlueShift-iOS-SDK */ = {
			isa = PBXGroup;
			children = (
				9150983A2923A1B20054CB88 /* Inbox */,
				91F470602728342B00A0E84C /* ios.modulemap */,
				91F470612728346F00A0E84C /* BlueShift_iOS_SDK.h */,
				9186B5E8271ED9EE00D425AF /* InApps */,
				9186B5C1271ED9EA00D425AF /* BatchEventEntity.h */,
				9186B5D5271ED9EB00D425AF /* BatchEventEntity.m */,
				9186B5EF271ED9EF00D425AF /* BlueShift.h */,
				9186B5EA271ED9EE00D425AF /* BlueShift.m */,
				9186B5D1271ED9EB00D425AF /* BlueShiftAppData.h */,
				9186B5E5271ED9EB00D425AF /* BlueShiftAppData.m */,
				9186B5BB271ED9EA00D425AF /* BlueShiftAppDelegate.h */,
				9186B5B8271ED9EA00D425AF /* BlueShiftAppDelegate.m */,
				9186B5DC271ED9EB00D425AF /* BlueShiftBatchRequestOperation.h */,
				9186B5EE271ED9EE00D425AF /* BlueShiftBatchRequestOperation.m */,
				9186B5D0271ED9EB00D425AF /* BlueShiftBatchUploadConfig.h */,
				9186B5E1271ED9EB00D425AF /* BlueShiftBatchUploadConfig.m */,
				9186B5EB271ED9EE00D425AF /* BlueShiftConfig.h */,
				9186B5D2271ED9EB00D425AF /* BlueShiftConfig.m */,
				9186B5D7271ED9EB00D425AF /* BlueshiftConstants.h */,
				9186B5B0271ED9EA00D425AF /* BlueShiftDeviceData.h */,
				9186B5BF271ED9EA00D425AF /* BlueShiftDeviceData.m */,
				9186B5DE271ED9EB00D425AF /* BlueshiftDeviceIdSource.h */,
				9186B5C0271ED9EA00D425AF /* BlueshiftEventAnalyticsHelper.h */,
				9186B5D3271ED9EB00D425AF /* BlueshiftEventAnalyticsHelper.m */,
				9186B5E4271ED9EB00D425AF /* BlueShiftHTTPMethod.h */,
				9186B5F0271ED9EF00D425AF /* BlueShiftHttpRequestBatchUpload.h */,
				9186B5C7271ED9EA00D425AF /* BlueShiftHttpRequestBatchUpload.m */,
				9186B5DD271ED9EB00D425AF /* BlueShiftInAppNotificationDelegate.h */,
				9186B5D8271ED9EB00D425AF /* BlueShiftLiveContent.h */,
				9186B5B1271ED9EA00D425AF /* BlueShiftLiveContent.m */,
				9186B5AF271ED9EA00D425AF /* BlueshiftLog.h */,
				9186B5C5271ED9EA00D425AF /* BlueshiftLog.m */,
				9186B5AD271ED9EA00D425AF /* BlueShiftNetworkReachabilityManager.h */,
				9186B5BD271ED9EA00D425AF /* BlueShiftNetworkReachabilityManager.m */,
				9186B5F1271ED9EF00D425AF /* BlueShiftNotificationConstants.h */,
				9186B5C6271ED9EA00D425AF /* BlueShiftProduct.h */,
				9186B5D4271ED9EB00D425AF /* BlueShiftProduct.m */,
				9186B5AA271ED9EA00D425AF /* BlueShiftPushDelegate.h */,
				9186B5C2271ED9EA00D425AF /* BlueShiftPushNotificationSettings.h */,
				9186B5AC271ED9EA00D425AF /* BlueShiftPushNotificationSettings.m */,
				9186B5BA271ED9EA00D425AF /* BlueShiftPushParamDelegate.h */,
				9186B5E7271ED9EB00D425AF /* BlueShiftRequestOperation.h */,
				9186B5B2271ED9EA00D425AF /* BlueShiftRequestOperation.m */,
				9186B5B6271ED9EA00D425AF /* BlueShiftRequestOperationManager.h */,
				9186B5AE271ED9EA00D425AF /* BlueShiftRequestOperationManager.m */,
				9186B5D9271ED9EB00D425AF /* BlueShiftRequestQueue.h */,
				9186B5DA271ED9EB00D425AF /* BlueShiftRequestQueue.m */,
				918B835B275F93BB0015ADF9 /* BlueshiftVersion.h */,
				9186B5C8271ED9EA00D425AF /* BlueShiftRequestQueueStatus.h */,
				9186B5BE271ED9EA00D425AF /* BlueshiftRoutes.h */,
				9186B5E2271ED9EB00D425AF /* BlueshiftRoutes.m */,
				9186B5CC271ED9EA00D425AF /* BlueShiftSDKDataModel.xcdatamodeld */,
				9186B5B3271ED9EA00D425AF /* BlueShiftStatusCodes.h */,
				9186B5DB271ED9EB00D425AF /* BlueShiftSubscription.h */,
				9186B5E9271ED9EE00D425AF /* BlueShiftSubscription.m */,
				9186B5E3271ED9EB00D425AF /* BlueShiftSubscriptionState.h */,
				9186B5DF271ED9EB00D425AF /* BlueShiftTrackEvents.h */,
				9186B5C9271ED9EA00D425AF /* BlueshiftUniversalLinksDelegate.h */,
				9186B5CA271ED9EA00D425AF /* BlueShiftUserInfo.h */,
				9186B5AB271ED9EA00D425AF /* BlueShiftUserInfo.m */,
				9186B5C3271ED9EA00D425AF /* BlueShiftUserNotificationCenterDelegate.h */,
				9186B5C4271ED9EA00D425AF /* BlueShiftUserNotificationCenterDelegate.m */,
				9186B5B4271ED9EA00D425AF /* BlueShiftUserNotificationSettings.h */,
				9186B5ED271ED9EE00D425AF /* BlueShiftUserNotificationSettings.m */,
				9186B5B5271ED9EA00D425AF /* HttpRequestOperationEntity.h */,
				9186B5F2271ED9EF00D425AF /* HttpRequestOperationEntity.m */,
				9186B5B7271ED9EA00D425AF /* NetworkReachability.h */,
				9186B5E0271ED9EB00D425AF /* NetworkReachability.m */,
				9186B5BC271ED9EA00D425AF /* NSDate+BlueShiftDateHelpers.h */,
				9186B5A9271ED9E900D425AF /* NSDate+BlueShiftDateHelpers.m */,
				9186B5CB271ED9EA00D425AF /* NSNumber+BlueShiftHelpers.h */,
				9186B5EC271ED9EE00D425AF /* NSNumber+BlueShiftHelpers.m */,
			);
			path = "BlueShift-iOS-SDK";
			sourceTree = "<group>";
		};
		9186B595271ED96D00D425AF /* BlueShift-iOS-Extension-SDK */ = {
			isa = PBXGroup;
			children = (
				91F4705F2728342400A0E84C /* ios.modulemap */,
				9186B66F271EDA0C00D425AF /* BlueShiftAppExtension.h */,
				91F470632728365500A0E84C /* BlueShift_iOS_Extension_SDK.h */,
				9186B677271EDA0C00D425AF /* BlueShiftCarousalViewController.h */,
				9186B678271EDA0C00D425AF /* BlueShiftCarousalViewController.m */,
				9186B676271EDA0C00D425AF /* BlueshiftExtensionAnalyticsHelper.h */,
				9186B670271EDA0C00D425AF /* BlueshiftExtensionAnalyticsHelper.m */,
				9186B67B271EDA0C00D425AF /* BlueshiftExtensionConstants.h */,
				9186B679271EDA0C00D425AF /* BlueShiftiCarousel.h */,
				9186B674271EDA0C00D425AF /* BlueShiftiCarousel.m */,
				9186B67A271EDA0C00D425AF /* BlueShiftPushNotification.h */,
				9186B673271EDA0C00D425AF /* BlueShiftPushNotification.m */,
				9186B67C271EDA0C00D425AF /* UIColor+BlueShiftHexString.h */,
				9186B675271EDA0C00D425AF /* UIColor+BlueShiftHexString.m */,
			);
			path = "BlueShift-iOS-Extension-SDK";
			sourceTree = "<group>";
		};
		9186B5E8271ED9EE00D425AF /* InApps */ = {
			isa = PBXGroup;
			children = (
				9186B647271ED9FB00D425AF /* BlueShiftInAppNotification.h */,
				9186B64B271ED9FB00D425AF /* BlueShiftInAppNotification.m */,
				9186B639271ED9FA00D425AF /* BlueShiftInAppNotificationConstant.h */,
				9186B63E271ED9FA00D425AF /* BlueShiftInAppNotificationHelper.h */,
				9186B642271ED9FB00D425AF /* BlueShiftInAppNotificationHelper.m */,
				9186B643271ED9FB00D425AF /* BlueShiftInAppNotificationManager.h */,
				9186B64E271ED9FB00D425AF /* BlueShiftInAppNotificationManager.m */,
				9186B649271ED9FB00D425AF /* BlueShiftInAppType.h */,
				9186B640271ED9FA00D425AF /* BlueShiftNotificationCloseButton.h */,
				9186B63D271ED9FA00D425AF /* BlueShiftNotificationCloseButton.m */,
				9186B653271ED9FB00D425AF /* BlueShiftNotificationModalViewController.h */,
				9186B64C271ED9FB00D425AF /* BlueShiftNotificationModalViewController.m */,
				9186B652271ED9FB00D425AF /* BlueShiftNotificationSlideBannerViewController.h */,
				9186B645271ED9FB00D425AF /* BlueShiftNotificationSlideBannerViewController.m */,
				9186B646271ED9FB00D425AF /* BlueShiftNotificationView.h */,
				9186B63C271ED9FA00D425AF /* BlueShiftNotificationView.m */,
				9186B641271ED9FB00D425AF /* BlueShiftNotificationViewController.h */,
				9186B648271ED9FB00D425AF /* BlueShiftNotificationViewController.m */,
				9186B63F271ED9FA00D425AF /* BlueShiftNotificationWebViewController.h */,
				9186B63A271ED9FA00D425AF /* BlueShiftNotificationWebViewController.m */,
				9186B63B271ED9FA00D425AF /* BlueShiftNotificationWindow.h */,
				9186B64F271ED9FB00D425AF /* BlueShiftNotificationWindow.m */,
				9186B650271ED9FB00D425AF /* InAppNotificationEntity.h */,
				9186B644271ED9FB00D425AF /* InAppNotificationEntity.m */,
			);
			name = InApps;
			sourceTree = "<group>";
		};
		9186B6A3271EDD5A00D425AF /* Frameworks */ = {
			isa = PBXGroup;
			children = (
				912321B227285D7B0057DA7A /* WebKit.framework */,
				912321B027285D630057DA7A /* UserNotifications.framework */,
				912321AE27285D0D0057DA7A /* CoreTelephony.framework */,
				912321AC27285D090057DA7A /* CoreData.framework */,
				912321AA27285D030057DA7A /* Foundation.framework */,
			);
			name = Frameworks;
			sourceTree = "<group>";
		};
/* End PBXGroup section */

/* Begin PBXHeadersBuildPhase section */
		9186B572271ED94600D425AF /* Headers */ = {
			isa = PBXHeadersBuildPhase;
			buildActionMask = 2147483647;
			files = (
				9186B635271ED9EF00D425AF /* BlueShift.h in Headers */,
				9186B605271ED9EF00D425AF /* BlueShiftAppDelegate.h in Headers */,
				9186B618271ED9EF00D425AF /* BlueShiftAppData.h in Headers */,
				9186B617271ED9EF00D425AF /* BlueShiftBatchUploadConfig.h in Headers */,
				9186B5FA271ED9EF00D425AF /* BlueShiftDeviceData.h in Headers */,
				9186B631271ED9EF00D425AF /* BlueShiftConfig.h in Headers */,
				9186B625271ED9EF00D425AF /* BlueshiftDeviceIdSource.h in Headers */,
				9186B623271ED9EF00D425AF /* BlueShiftBatchRequestOperation.h in Headers */,
				9186B636271ED9EF00D425AF /* BlueShiftHttpRequestBatchUpload.h in Headers */,
				9186B60A271ED9EF00D425AF /* BlueshiftEventAnalyticsHelper.h in Headers */,
				9186B637271ED9EF00D425AF /* BlueShiftNotificationConstants.h in Headers */,
				9186B60C271ED9EF00D425AF /* BlueShiftPushNotificationSettings.h in Headers */,
				9186B60D271ED9EF00D425AF /* BlueShiftUserNotificationCenterDelegate.h in Headers */,
				9186B610271ED9EF00D425AF /* BlueShiftProduct.h in Headers */,
				9186B5FE271ED9EF00D425AF /* BlueShiftUserNotificationSettings.h in Headers */,
				9186B5FD271ED9EF00D425AF /* BlueShiftStatusCodes.h in Headers */,
				9186B62E271ED9EF00D425AF /* BlueShiftRequestOperation.h in Headers */,
				9186B5FF271ED9EF00D425AF /* HttpRequestOperationEntity.h in Headers */,
				9186B622271ED9EF00D425AF /* BlueShiftSubscription.h in Headers */,
				9186B62A271ED9EF00D425AF /* BlueShiftSubscriptionState.h in Headers */,
				9186B626271ED9EF00D425AF /* BlueShiftTrackEvents.h in Headers */,
				9186B613271ED9EF00D425AF /* BlueshiftUniversalLinksDelegate.h in Headers */,
				9186B614271ED9EF00D425AF /* BlueShiftUserInfo.h in Headers */,
				9186B604271ED9EF00D425AF /* BlueShiftPushParamDelegate.h in Headers */,
				9186B600271ED9EF00D425AF /* BlueShiftRequestOperationManager.h in Headers */,
				9186B62B271ED9EF00D425AF /* BlueShiftHTTPMethod.h in Headers */,
				9186B612271ED9EF00D425AF /* BlueShiftRequestQueueStatus.h in Headers */,
				9186B620271ED9EF00D425AF /* BlueShiftRequestQueue.h in Headers */,
				9186B5F4271ED9EF00D425AF /* BlueShiftPushDelegate.h in Headers */,
				9186B608271ED9EF00D425AF /* BlueshiftRoutes.h in Headers */,
				9186B624271ED9EF00D425AF /* BlueShiftInAppNotificationDelegate.h in Headers */,
				9186B61F271ED9EF00D425AF /* BlueShiftLiveContent.h in Headers */,
				9186B61E271ED9EF00D425AF /* BlueshiftConstants.h in Headers */,
				9186B66D271ED9FB00D425AF /* BlueShiftNotificationSlideBannerViewController.h in Headers */,
				9186B656271ED9FB00D425AF /* BlueShiftNotificationWindow.h in Headers */,
				91F4704A27282E7B00A0E84C /* BatchEventEntity.h in Headers */,
				9186B659271ED9FB00D425AF /* BlueShiftInAppNotificationHelper.h in Headers */,
				9186B5F7271ED9EF00D425AF /* BlueShiftNetworkReachabilityManager.h in Headers */,
				9186B66B271ED9FB00D425AF /* InAppNotificationEntity.h in Headers */,
				9186B65B271ED9FB00D425AF /* BlueShiftNotificationCloseButton.h in Headers */,
				9186B601271ED9EF00D425AF /* NetworkReachability.h in Headers */,
				9186B661271ED9FB00D425AF /* BlueShiftNotificationView.h in Headers */,
				9186B664271ED9FB00D425AF /* BlueShiftInAppType.h in Headers */,
				9186B5F9271ED9EF00D425AF /* BlueshiftLog.h in Headers */,
				9186B65E271ED9FB00D425AF /* BlueShiftInAppNotificationManager.h in Headers */,
				9186B654271ED9FB00D425AF /* BlueShiftInAppNotificationConstant.h in Headers */,
				915098412923A1F30054CB88 /* BlueshiftInboxViewController.h in Headers */,
				918B835C275F93BB0015ADF9 /* BlueshiftVersion.h in Headers */,
				9186B606271ED9EF00D425AF /* NSDate+BlueShiftDateHelpers.h in Headers */,
				9100575B2949DCA4004D2DCF /* BlueshiftInboxManager.h in Headers */,
				912A5BDA2923ABEE00096CBF /* BlueshiftInboxTableViewCell.h in Headers */,
				9186B615271ED9EF00D425AF /* NSNumber+BlueShiftHelpers.h in Headers */,
				9150983D2923A1CD0054CB88 /* BlueshiftInboxNavigationViewController.h in Headers */,
				917582DE29250F0900022F38 /* BlueshiftInboxMessage.h in Headers */,
				9186B662271ED9FB00D425AF /* BlueShiftInAppNotification.h in Headers */,
				91E498E22927822A0073B7FB /* BlueshiftInboxViewModel.h in Headers */,
				9186B65A271ED9FB00D425AF /* BlueShiftNotificationWebViewController.h in Headers */,
				91F470622728346F00A0E84C /* BlueShift_iOS_SDK.h in Headers */,
				912C78FF29EFFB7A0086E641 /* BlueshiftInboxAPIManager.h in Headers */,
				9186B66E271ED9FB00D425AF /* BlueShiftNotificationModalViewController.h in Headers */,
				9186B65C271ED9FB00D425AF /* BlueShiftNotificationViewController.h in Headers */,
			);
			runOnlyForDeploymentPostprocessing = 0;
		};
		9186B58F271ED96D00D425AF /* Headers */ = {
			isa = PBXHeadersBuildPhase;
			buildActionMask = 2147483647;
			files = (
				9186B685271EDA0C00D425AF /* BlueShiftCarousalViewController.h in Headers */,
				9186B688271EDA0C00D425AF /* BlueShiftPushNotification.h in Headers */,
				9186B684271EDA0C00D425AF /* BlueshiftExtensionAnalyticsHelper.h in Headers */,
				91F470642728365500A0E84C /* BlueShift_iOS_Extension_SDK.h in Headers */,
				9186B68A271EDA0C00D425AF /* UIColor+BlueShiftHexString.h in Headers */,
				91F4704B27282F4200A0E84C /* BlueShiftiCarousel.h in Headers */,
				9186B689271EDA0C00D425AF /* BlueshiftExtensionConstants.h in Headers */,
			);
			runOnlyForDeploymentPostprocessing = 0;
		};
/* End PBXHeadersBuildPhase section */

/* Begin PBXNativeTarget section */
		9186B576271ED94600D425AF /* BlueShift-iOS-SDK */ = {
			isa = PBXNativeTarget;
			buildConfigurationList = 9186B589271ED94600D425AF /* Build configuration list for PBXNativeTarget "BlueShift-iOS-SDK" */;
			buildPhases = (
				9186B572271ED94600D425AF /* Headers */,
				9186B573271ED94600D425AF /* Sources */,
				9186B574271ED94600D425AF /* Frameworks */,
				9186B575271ED94600D425AF /* Resources */,
			);
			buildRules = (
			);
			dependencies = (
			);
			name = "BlueShift-iOS-SDK";
			productName = "BlueShift-iOS-SDK";
			productReference = 9186B577271ED94600D425AF /* BlueShift_iOS_SDK.framework */;
			productType = "com.apple.product-type.framework";
		};
		9186B593271ED96D00D425AF /* BlueShift-iOS-Extension-SDK */ = {
			isa = PBXNativeTarget;
			buildConfigurationList = 9186B5A3271ED96D00D425AF /* Build configuration list for PBXNativeTarget "BlueShift-iOS-Extension-SDK" */;
			buildPhases = (
				9186B58F271ED96D00D425AF /* Headers */,
				9186B590271ED96D00D425AF /* Sources */,
				9186B591271ED96D00D425AF /* Frameworks */,
				9186B592271ED96D00D425AF /* Resources */,
			);
			buildRules = (
			);
			dependencies = (
			);
			name = "BlueShift-iOS-Extension-SDK";
			productName = "BlueShift-iOS-Extension-SDK";
			productReference = 9186B594271ED96D00D425AF /* BlueShift_iOS_Extension_SDK.framework */;
			productType = "com.apple.product-type.framework";
		};
/* End PBXNativeTarget section */

/* Begin PBXProject section */
		9186B56E271ED94600D425AF /* Project object */ = {
			isa = PBXProject;
			attributes = {
				BuildIndependentTargetsInParallel = 1;
				LastSwiftUpdateCheck = 1300;
				LastUpgradeCheck = 1300;
				TargetAttributes = {
					9186B576271ED94600D425AF = {
						CreatedOnToolsVersion = 13.0;
					};
					9186B593271ED96D00D425AF = {
						CreatedOnToolsVersion = 13.0;
					};
				};
			};
			buildConfigurationList = 9186B571271ED94600D425AF /* Build configuration list for PBXProject "BlueShift-iOS-SDK" */;
			compatibilityVersion = "Xcode 13.0";
			developmentRegion = en;
			hasScannedForEncodings = 0;
			knownRegions = (
				en,
				Base,
			);
			mainGroup = 9186B56D271ED94600D425AF;
			productRefGroup = 9186B578271ED94600D425AF /* Products */;
			projectDirPath = "";
			projectRoot = "";
			targets = (
				9186B576271ED94600D425AF /* BlueShift-iOS-SDK */,
				9186B593271ED96D00D425AF /* BlueShift-iOS-Extension-SDK */,
			);
		};
/* End PBXProject section */

/* Begin PBXResourcesBuildPhase section */
		9186B575271ED94600D425AF /* Resources */ = {
			isa = PBXResourcesBuildPhase;
			buildActionMask = 2147483647;
			files = (
				912A5BD72923A29900096CBF /* BlueshiftInboxTableViewCell.xib in Resources */,
			);
			runOnlyForDeploymentPostprocessing = 0;
		};
		9186B592271ED96D00D425AF /* Resources */ = {
			isa = PBXResourcesBuildPhase;
			buildActionMask = 2147483647;
			files = (
			);
			runOnlyForDeploymentPostprocessing = 0;
		};
/* End PBXResourcesBuildPhase section */

/* Begin PBXSourcesBuildPhase section */
		9186B573271ED94600D425AF /* Sources */ = {
			isa = PBXSourcesBuildPhase;
			buildActionMask = 2147483647;
			files = (
				9186B5FB271ED9EF00D425AF /* BlueShiftLiveContent.m in Sources */,
				9186B5F8271ED9EF00D425AF /* BlueShiftRequestOperationManager.m in Sources */,
				9150983E2923A1CD0054CB88 /* BlueshiftInboxNavigationViewController.m in Sources */,
				9100575A2949DCA4004D2DCF /* BlueshiftInboxManager.m in Sources */,
				9186B667271ED9FB00D425AF /* BlueShiftNotificationModalViewController.m in Sources */,
				9186B66A271ED9FB00D425AF /* BlueShiftNotificationWindow.m in Sources */,
				9186B602271ED9EF00D425AF /* BlueShiftAppDelegate.m in Sources */,
				915098422923A1F30054CB88 /* BlueshiftInboxViewController.m in Sources */,
				9186B655271ED9FB00D425AF /* BlueShiftNotificationWebViewController.m in Sources */,
				9186B5F3271ED9EF00D425AF /* NSDate+BlueShiftDateHelpers.m in Sources */,
				912C78FE29EFFB7A0086E641 /* BlueshiftInboxAPIManager.m in Sources */,
				9186B61B271ED9EF00D425AF /* BlueShiftProduct.m in Sources */,
				9186B629271ED9EF00D425AF /* BlueshiftRoutes.m in Sources */,
				9186B60E271ED9EF00D425AF /* BlueShiftUserNotificationCenterDelegate.m in Sources */,
				912A5BDB2923ABEE00096CBF /* BlueshiftInboxTableViewCell.m in Sources */,
				917582DF29250F0900022F38 /* BlueshiftInboxMessage.m in Sources */,
				91E498E32927822A0073B7FB /* BlueshiftInboxViewModel.m in Sources */,
				9186B628271ED9EF00D425AF /* BlueShiftBatchUploadConfig.m in Sources */,
				9186B607271ED9EF00D425AF /* BlueShiftNetworkReachabilityManager.m in Sources */,
				9186B657271ED9FB00D425AF /* BlueShiftNotificationView.m in Sources */,
				9186B658271ED9FB00D425AF /* BlueShiftNotificationCloseButton.m in Sources */,
				9186B638271ED9EF00D425AF /* HttpRequestOperationEntity.m in Sources */,
				9186B634271ED9EF00D425AF /* BlueShiftBatchRequestOperation.m in Sources */,
				9186B65D271ED9FB00D425AF /* BlueShiftInAppNotificationHelper.m in Sources */,
				9186B663271ED9FB00D425AF /* BlueShiftNotificationViewController.m in Sources */,
				9186B611271ED9EF00D425AF /* BlueShiftHttpRequestBatchUpload.m in Sources */,
				9186B61C271ED9EF00D425AF /* BatchEventEntity.m in Sources */,
				9186B633271ED9EF00D425AF /* BlueShiftUserNotificationSettings.m in Sources */,
				9186B60F271ED9EF00D425AF /* BlueshiftLog.m in Sources */,
				9186B62F271ED9EF00D425AF /* BlueShiftSubscription.m in Sources */,
				9186B62C271ED9EF00D425AF /* BlueShiftAppData.m in Sources */,
				9186B627271ED9EF00D425AF /* NetworkReachability.m in Sources */,
				9186B632271ED9EF00D425AF /* NSNumber+BlueShiftHelpers.m in Sources */,
				9186B621271ED9EF00D425AF /* BlueShiftRequestQueue.m in Sources */,
				9186B660271ED9FB00D425AF /* BlueShiftNotificationSlideBannerViewController.m in Sources */,
				9186B630271ED9EF00D425AF /* BlueShift.m in Sources */,
				9186B5F5271ED9EF00D425AF /* BlueShiftUserInfo.m in Sources */,
				9186B669271ED9FB00D425AF /* BlueShiftInAppNotificationManager.m in Sources */,
				9186B666271ED9FB00D425AF /* BlueShiftInAppNotification.m in Sources */,
				9186B61A271ED9EF00D425AF /* BlueshiftEventAnalyticsHelper.m in Sources */,
				9186B5FC271ED9EF00D425AF /* BlueShiftRequestOperation.m in Sources */,
				9186B619271ED9EF00D425AF /* BlueShiftConfig.m in Sources */,
				9186B616271ED9EF00D425AF /* BlueShiftSDKDataModel.xcdatamodeld in Sources */,
				9186B609271ED9EF00D425AF /* BlueShiftDeviceData.m in Sources */,
				9186B65F271ED9FB00D425AF /* InAppNotificationEntity.m in Sources */,
				9186B5F6271ED9EF00D425AF /* BlueShiftPushNotificationSettings.m in Sources */,
			);
			runOnlyForDeploymentPostprocessing = 0;
		};
		9186B590271ED96D00D425AF /* Sources */ = {
			isa = PBXSourcesBuildPhase;
			buildActionMask = 2147483647;
			files = (
				9186B682271EDA0C00D425AF /* BlueShiftiCarousel.m in Sources */,
				9186B67E271EDA0C00D425AF /* BlueshiftExtensionAnalyticsHelper.m in Sources */,
				9186B683271EDA0C00D425AF /* UIColor+BlueShiftHexString.m in Sources */,
				9186B686271EDA0C00D425AF /* BlueShiftCarousalViewController.m in Sources */,
				9186B681271EDA0C00D425AF /* BlueShiftPushNotification.m in Sources */,
			);
			runOnlyForDeploymentPostprocessing = 0;
		};
/* End PBXSourcesBuildPhase section */

/* Begin XCBuildConfiguration section */
		9186B587271ED94600D425AF /* Debug */ = {
			isa = XCBuildConfiguration;
			buildSettings = {
				ALWAYS_SEARCH_USER_PATHS = NO;
				CLANG_ANALYZER_NONNULL = YES;
				CLANG_ANALYZER_NUMBER_OBJECT_CONVERSION = YES_AGGRESSIVE;
				CLANG_CXX_LANGUAGE_STANDARD = "gnu++17";
				CLANG_CXX_LIBRARY = "libc++";
				CLANG_ENABLE_MODULES = YES;
				CLANG_ENABLE_OBJC_ARC = YES;
				CLANG_ENABLE_OBJC_WEAK = YES;
				CLANG_WARN_BLOCK_CAPTURE_AUTORELEASING = YES;
				CLANG_WARN_BOOL_CONVERSION = YES;
				CLANG_WARN_COMMA = YES;
				CLANG_WARN_CONSTANT_CONVERSION = YES;
				CLANG_WARN_DEPRECATED_OBJC_IMPLEMENTATIONS = YES;
				CLANG_WARN_DIRECT_OBJC_ISA_USAGE = YES_ERROR;
				CLANG_WARN_DOCUMENTATION_COMMENTS = YES;
				CLANG_WARN_EMPTY_BODY = YES;
				CLANG_WARN_ENUM_CONVERSION = YES;
				CLANG_WARN_INFINITE_RECURSION = YES;
				CLANG_WARN_INT_CONVERSION = YES;
				CLANG_WARN_NON_LITERAL_NULL_CONVERSION = YES;
				CLANG_WARN_OBJC_IMPLICIT_RETAIN_SELF = YES;
				CLANG_WARN_OBJC_LITERAL_CONVERSION = YES;
				CLANG_WARN_OBJC_ROOT_CLASS = YES_ERROR;
				CLANG_WARN_QUOTED_INCLUDE_IN_FRAMEWORK_HEADER = YES;
				CLANG_WARN_RANGE_LOOP_ANALYSIS = YES;
				CLANG_WARN_STRICT_PROTOTYPES = YES;
				CLANG_WARN_SUSPICIOUS_MOVE = YES;
				CLANG_WARN_UNGUARDED_AVAILABILITY = YES_AGGRESSIVE;
				CLANG_WARN_UNREACHABLE_CODE = YES;
				CLANG_WARN__DUPLICATE_METHOD_MATCH = YES;
				COPY_PHASE_STRIP = NO;
				CURRENT_PROJECT_VERSION = 1;
				DEBUG_INFORMATION_FORMAT = dwarf;
				ENABLE_STRICT_OBJC_MSGSEND = YES;
				ENABLE_TESTABILITY = YES;
				GCC_C_LANGUAGE_STANDARD = gnu11;
				GCC_DYNAMIC_NO_PIC = NO;
				GCC_NO_COMMON_BLOCKS = YES;
				GCC_OPTIMIZATION_LEVEL = 0;
				GCC_PREPROCESSOR_DEFINITIONS = (
					"DEBUG=1",
					"$(inherited)",
				);
				GCC_WARN_64_TO_32_BIT_CONVERSION = YES;
				GCC_WARN_ABOUT_RETURN_TYPE = YES_ERROR;
				GCC_WARN_UNDECLARED_SELECTOR = YES;
				GCC_WARN_UNINITIALIZED_AUTOS = YES_AGGRESSIVE;
				GCC_WARN_UNUSED_FUNCTION = YES;
				GCC_WARN_UNUSED_VARIABLE = YES;
				IPHONEOS_DEPLOYMENT_TARGET = 16.4;
				MTL_ENABLE_DEBUG_INFO = INCLUDE_SOURCE;
				MTL_FAST_MATH = YES;
				ONLY_ACTIVE_ARCH = YES;
				SDKROOT = iphoneos;
				VERSIONING_SYSTEM = "apple-generic";
				VERSION_INFO_PREFIX = "";
			};
			name = Debug;
		};
		9186B588271ED94600D425AF /* Release */ = {
			isa = XCBuildConfiguration;
			buildSettings = {
				ALWAYS_SEARCH_USER_PATHS = NO;
				CLANG_ANALYZER_NONNULL = YES;
				CLANG_ANALYZER_NUMBER_OBJECT_CONVERSION = YES_AGGRESSIVE;
				CLANG_CXX_LANGUAGE_STANDARD = "gnu++17";
				CLANG_CXX_LIBRARY = "libc++";
				CLANG_ENABLE_MODULES = YES;
				CLANG_ENABLE_OBJC_ARC = YES;
				CLANG_ENABLE_OBJC_WEAK = YES;
				CLANG_WARN_BLOCK_CAPTURE_AUTORELEASING = YES;
				CLANG_WARN_BOOL_CONVERSION = YES;
				CLANG_WARN_COMMA = YES;
				CLANG_WARN_CONSTANT_CONVERSION = YES;
				CLANG_WARN_DEPRECATED_OBJC_IMPLEMENTATIONS = YES;
				CLANG_WARN_DIRECT_OBJC_ISA_USAGE = YES_ERROR;
				CLANG_WARN_DOCUMENTATION_COMMENTS = YES;
				CLANG_WARN_EMPTY_BODY = YES;
				CLANG_WARN_ENUM_CONVERSION = YES;
				CLANG_WARN_INFINITE_RECURSION = YES;
				CLANG_WARN_INT_CONVERSION = YES;
				CLANG_WARN_NON_LITERAL_NULL_CONVERSION = YES;
				CLANG_WARN_OBJC_IMPLICIT_RETAIN_SELF = YES;
				CLANG_WARN_OBJC_LITERAL_CONVERSION = YES;
				CLANG_WARN_OBJC_ROOT_CLASS = YES_ERROR;
				CLANG_WARN_QUOTED_INCLUDE_IN_FRAMEWORK_HEADER = YES;
				CLANG_WARN_RANGE_LOOP_ANALYSIS = YES;
				CLANG_WARN_STRICT_PROTOTYPES = YES;
				CLANG_WARN_SUSPICIOUS_MOVE = YES;
				CLANG_WARN_UNGUARDED_AVAILABILITY = YES_AGGRESSIVE;
				CLANG_WARN_UNREACHABLE_CODE = YES;
				CLANG_WARN__DUPLICATE_METHOD_MATCH = YES;
				COPY_PHASE_STRIP = NO;
				CURRENT_PROJECT_VERSION = 1;
				DEBUG_INFORMATION_FORMAT = "dwarf-with-dsym";
				ENABLE_NS_ASSERTIONS = NO;
				ENABLE_STRICT_OBJC_MSGSEND = YES;
				GCC_C_LANGUAGE_STANDARD = gnu11;
				GCC_NO_COMMON_BLOCKS = YES;
				GCC_WARN_64_TO_32_BIT_CONVERSION = YES;
				GCC_WARN_ABOUT_RETURN_TYPE = YES_ERROR;
				GCC_WARN_UNDECLARED_SELECTOR = YES;
				GCC_WARN_UNINITIALIZED_AUTOS = YES_AGGRESSIVE;
				GCC_WARN_UNUSED_FUNCTION = YES;
				GCC_WARN_UNUSED_VARIABLE = YES;
				IPHONEOS_DEPLOYMENT_TARGET = 16.4;
				MTL_ENABLE_DEBUG_INFO = NO;
				MTL_FAST_MATH = YES;
				SDKROOT = iphoneos;
				VALIDATE_PRODUCT = YES;
				VERSIONING_SYSTEM = "apple-generic";
				VERSION_INFO_PREFIX = "";
			};
			name = Release;
		};
		9186B58A271ED94600D425AF /* Debug */ = {
			isa = XCBuildConfiguration;
			buildSettings = {
				CODE_SIGN_STYLE = Automatic;
				CURRENT_PROJECT_VERSION = 1;
				DEFINES_MODULE = YES;
				DEVELOPMENT_TEAM = 9YR8UTRCDU;
				DYLIB_COMPATIBILITY_VERSION = 1;
				DYLIB_CURRENT_VERSION = 1;
				DYLIB_INSTALL_NAME_BASE = "@rpath";
				GENERATE_INFOPLIST_FILE = YES;
				INFOPLIST_KEY_NSHumanReadableCopyright = "";
				INSTALL_PATH = "$(LOCAL_LIBRARY_DIR)/Frameworks";
				IPHONEOS_DEPLOYMENT_TARGET = 9.0;
				LD_RUNPATH_SEARCH_PATHS = (
					"$(inherited)",
					"@executable_path/Frameworks",
					"@loader_path/Frameworks",
				);
				MARKETING_VERSION = 2.4.0;
				MODULEMAP_FILE = "BlueShift-iOS-SDK/ios.modulemap";
				PRODUCT_BUNDLE_IDENTIFIER = "com.Blueshift.BlueShift-iOS-SDK";
				PRODUCT_NAME = "$(TARGET_NAME:c99extidentifier)";
				SKIP_INSTALL = YES;
				SUPPORTS_MACCATALYST = NO;
				SWIFT_EMIT_LOC_STRINGS = YES;
				TARGETED_DEVICE_FAMILY = "1,2";
			};
			name = Debug;
		};
		9186B58B271ED94600D425AF /* Release */ = {
			isa = XCBuildConfiguration;
			buildSettings = {
				CODE_SIGN_STYLE = Automatic;
				CURRENT_PROJECT_VERSION = 1;
				DEFINES_MODULE = YES;
				DEVELOPMENT_TEAM = 9YR8UTRCDU;
				DYLIB_COMPATIBILITY_VERSION = 1;
				DYLIB_CURRENT_VERSION = 1;
				DYLIB_INSTALL_NAME_BASE = "@rpath";
				GENERATE_INFOPLIST_FILE = YES;
				INFOPLIST_KEY_NSHumanReadableCopyright = "";
				INSTALL_PATH = "$(LOCAL_LIBRARY_DIR)/Frameworks";
				IPHONEOS_DEPLOYMENT_TARGET = 9.0;
				LD_RUNPATH_SEARCH_PATHS = (
					"$(inherited)",
					"@executable_path/Frameworks",
					"@loader_path/Frameworks",
				);
				MARKETING_VERSION = 2.4.0;
				MODULEMAP_FILE = "BlueShift-iOS-SDK/ios.modulemap";
				PRODUCT_BUNDLE_IDENTIFIER = "com.Blueshift.BlueShift-iOS-SDK";
				PRODUCT_NAME = "$(TARGET_NAME:c99extidentifier)";
				SKIP_INSTALL = YES;
				SUPPORTS_MACCATALYST = NO;
				SWIFT_EMIT_LOC_STRINGS = YES;
				TARGETED_DEVICE_FAMILY = "1,2";
			};
			name = Release;
		};
		9186B5A4271ED96D00D425AF /* Debug */ = {
			isa = XCBuildConfiguration;
			buildSettings = {
				APPLICATION_EXTENSION_API_ONLY = YES;
				CODE_SIGN_STYLE = Automatic;
				CURRENT_PROJECT_VERSION = 1;
				DEFINES_MODULE = YES;
				DEVELOPMENT_TEAM = 9YR8UTRCDU;
				DYLIB_COMPATIBILITY_VERSION = 1;
				DYLIB_CURRENT_VERSION = 1;
				DYLIB_INSTALL_NAME_BASE = "@rpath";
				GENERATE_INFOPLIST_FILE = YES;
				INFOPLIST_KEY_NSHumanReadableCopyright = "";
				INSTALL_PATH = "$(LOCAL_LIBRARY_DIR)/Frameworks";
				IPHONEOS_DEPLOYMENT_TARGET = 9.0;
				LD_RUNPATH_SEARCH_PATHS = (
					"$(inherited)",
					"@executable_path/Frameworks",
					"@loader_path/Frameworks",
				);
				MARKETING_VERSION = 2.4.0;
				MODULEMAP_FILE = "BlueShift-iOS-Extension-SDK/ios.modulemap";
				PRODUCT_BUNDLE_IDENTIFIER = "com.Blueshift.BlueShift-iOS-Extension-SDK";
				PRODUCT_NAME = "$(TARGET_NAME:c99extidentifier)";
				SKIP_INSTALL = YES;
				SUPPORTS_MACCATALYST = NO;
				SWIFT_EMIT_LOC_STRINGS = YES;
				TARGETED_DEVICE_FAMILY = "1,2";
			};
			name = Debug;
		};
		9186B5A5271ED96D00D425AF /* Release */ = {
			isa = XCBuildConfiguration;
			buildSettings = {
				APPLICATION_EXTENSION_API_ONLY = YES;
				CODE_SIGN_STYLE = Automatic;
				CURRENT_PROJECT_VERSION = 1;
				DEFINES_MODULE = YES;
				DEVELOPMENT_TEAM = 9YR8UTRCDU;
				DYLIB_COMPATIBILITY_VERSION = 1;
				DYLIB_CURRENT_VERSION = 1;
				DYLIB_INSTALL_NAME_BASE = "@rpath";
				GENERATE_INFOPLIST_FILE = YES;
				INFOPLIST_KEY_NSHumanReadableCopyright = "";
				INSTALL_PATH = "$(LOCAL_LIBRARY_DIR)/Frameworks";
				IPHONEOS_DEPLOYMENT_TARGET = 9.0;
				LD_RUNPATH_SEARCH_PATHS = (
					"$(inherited)",
					"@executable_path/Frameworks",
					"@loader_path/Frameworks",
				);
				MARKETING_VERSION = 2.4.0;
				MODULEMAP_FILE = "BlueShift-iOS-Extension-SDK/ios.modulemap";
				PRODUCT_BUNDLE_IDENTIFIER = "com.Blueshift.BlueShift-iOS-Extension-SDK";
				PRODUCT_NAME = "$(TARGET_NAME:c99extidentifier)";
				SKIP_INSTALL = YES;
				SUPPORTS_MACCATALYST = NO;
				SWIFT_EMIT_LOC_STRINGS = YES;
				TARGETED_DEVICE_FAMILY = "1,2";
			};
			name = Release;
		};
/* End XCBuildConfiguration section */

/* Begin XCConfigurationList section */
		9186B571271ED94600D425AF /* Build configuration list for PBXProject "BlueShift-iOS-SDK" */ = {
			isa = XCConfigurationList;
			buildConfigurations = (
				9186B587271ED94600D425AF /* Debug */,
				9186B588271ED94600D425AF /* Release */,
			);
			defaultConfigurationIsVisible = 0;
			defaultConfigurationName = Release;
		};
		9186B589271ED94600D425AF /* Build configuration list for PBXNativeTarget "BlueShift-iOS-SDK" */ = {
			isa = XCConfigurationList;
			buildConfigurations = (
				9186B58A271ED94600D425AF /* Debug */,
				9186B58B271ED94600D425AF /* Release */,
			);
			defaultConfigurationIsVisible = 0;
			defaultConfigurationName = Release;
		};
		9186B5A3271ED96D00D425AF /* Build configuration list for PBXNativeTarget "BlueShift-iOS-Extension-SDK" */ = {
			isa = XCConfigurationList;
			buildConfigurations = (
				9186B5A4271ED96D00D425AF /* Debug */,
				9186B5A5271ED96D00D425AF /* Release */,
			);
			defaultConfigurationIsVisible = 0;
			defaultConfigurationName = Release;
		};
/* End XCConfigurationList section */

/* Begin XCVersionGroup section */
		9186B5CC271ED9EA00D425AF /* BlueShiftSDKDataModel.xcdatamodeld */ = {
			isa = XCVersionGroup;
			children = (
				910057572949DC0B004D2DCF /* BlueShiftSDKDataModel 4.xcdatamodel */,
				9186B5CD271ED9EA00D425AF /* BlueShiftSDKDataModel.xcdatamodel */,
				9186B5CE271ED9EA00D425AF /* BlueShiftSDKDataModel 3.xcdatamodel */,
				9186B5CF271ED9EA00D425AF /* BlueShiftSDKDataModel 2.xcdatamodel */,
			);
			currentVersion = 910057572949DC0B004D2DCF /* BlueShiftSDKDataModel 4.xcdatamodel */;
			path = BlueShiftSDKDataModel.xcdatamodeld;
			sourceTree = "<group>";
			versionGroupType = wrapper.xcdatamodel;
		};
/* End XCVersionGroup section */
	};
	rootObject = 9186B56E271ED94600D425AF /* Project object */;
}
