// !$*UTF8*$!
{
	archiveVersion = 1;
	classes = {
	};
	objectVersion = 46;
	objects = {

/* Begin PBXAggregateTarget section */
		DC4ECE191A9B53430078CCB0 /* BlueShiftUniversalTarget */ = {
			isa = PBXAggregateTarget;
			buildConfigurationList = DC4ECE1A1A9B53430078CCB0 /* Build configuration list for PBXAggregateTarget "BlueShiftUniversalTarget" */;
			buildPhases = (
				DC4ECE1D1A9B54390078CCB0 /* ShellScript */,
			);
			dependencies = (
			);
			name = BlueShiftUniversalTarget;
			productName = BlueShiftUniversalTarget;
		};
/* End PBXAggregateTarget section */

/* Begin PBXBuildFile section */
		1F0B9037AD751886034A0665 /* libPods-BlueShift-iOS-SDK.a in Frameworks */ = {isa = PBXBuildFile; fileRef = F87290F272894ADA86BB8C2A /* libPods-BlueShift-iOS-SDK.a */; settings = {ATTRIBUTES = (Required, ); }; };
		550274751D7820BF00BC832D /* BlueShiftSDKDataModel.xcdatamodeld in Sources */ = {isa = PBXBuildFile; fileRef = 550274561D7820BF00BC832D /* BlueShiftSDKDataModel.xcdatamodeld */; };
		555A39AF1ECDA8030067D21C /* BlueShiftCarousalViewController.m in Sources */ = {isa = PBXBuildFile; fileRef = 555A39AA1ECDA8030067D21C /* BlueShiftCarousalViewController.m */; };
		555A39B01ECDA8030067D21C /* BlueShiftPushNotification.m in Sources */ = {isa = PBXBuildFile; fileRef = 555A39AC1ECDA8030067D21C /* BlueShiftPushNotification.m */; };
		555A39B11ECDA8030067D21C /* iCarousel.m in Sources */ = {isa = PBXBuildFile; fileRef = 555A39AE1ECDA8030067D21C /* iCarousel.m */; };
		557CFEA51E1230C600768CC7 /* BlueShiftAppData.m in Sources */ = {isa = PBXBuildFile; fileRef = 557CFEA41E1230C600768CC7 /* BlueShiftAppData.m */; };
		55BD2BF31D9172F300422869 /* BatchEventEntity.m in Sources */ = {isa = PBXBuildFile; fileRef = 55BD2BC01D9172F300422869 /* BatchEventEntity.m */; };
		55BD2BF41D9172F300422869 /* BlueShift.m in Sources */ = {isa = PBXBuildFile; fileRef = 55BD2BC21D9172F300422869 /* BlueShift.m */; };
		55BD2BF51D9172F300422869 /* BlueShiftAlertView.m in Sources */ = {isa = PBXBuildFile; fileRef = 55BD2BC41D9172F300422869 /* BlueShiftAlertView.m */; };
		55BD2BF61D9172F300422869 /* BlueShiftAppDelegate.m in Sources */ = {isa = PBXBuildFile; fileRef = 55BD2BC61D9172F300422869 /* BlueShiftAppDelegate.m */; };
		55BD2BF71D9172F300422869 /* BlueShiftBatchRequestOperation.m in Sources */ = {isa = PBXBuildFile; fileRef = 55BD2BC81D9172F300422869 /* BlueShiftBatchRequestOperation.m */; };
		55BD2BF81D9172F300422869 /* BlueShiftBatchUploadConfig.m in Sources */ = {isa = PBXBuildFile; fileRef = 55BD2BCA1D9172F300422869 /* BlueShiftBatchUploadConfig.m */; };
		55BD2BF91D9172F300422869 /* BlueShiftConfig.m in Sources */ = {isa = PBXBuildFile; fileRef = 55BD2BCC1D9172F300422869 /* BlueShiftConfig.m */; };
		55BD2BFA1D9172F300422869 /* BlueShiftDeepLink.m in Sources */ = {isa = PBXBuildFile; fileRef = 55BD2BCE1D9172F300422869 /* BlueShiftDeepLink.m */; };
		55BD2BFB1D9172F300422869 /* BlueShiftDeviceData.m in Sources */ = {isa = PBXBuildFile; fileRef = 55BD2BD01D9172F300422869 /* BlueShiftDeviceData.m */; };
		55BD2BFC1D9172F300422869 /* BlueShiftHttpRequestBatchUpload.m in Sources */ = {isa = PBXBuildFile; fileRef = 55BD2BD31D9172F300422869 /* BlueShiftHttpRequestBatchUpload.m */; };
		55BD2BFD1D9172F300422869 /* BlueShiftNetworkReachabilityManager.m in Sources */ = {isa = PBXBuildFile; fileRef = 55BD2BD61D9172F300422869 /* BlueShiftNetworkReachabilityManager.m */; };
		55BD2BFE1D9172F300422869 /* BlueShiftProduct.m in Sources */ = {isa = PBXBuildFile; fileRef = 55BD2BD91D9172F300422869 /* BlueShiftProduct.m */; };
		55BD2C001D9172F300422869 /* BlueShiftRequestOperation.m in Sources */ = {isa = PBXBuildFile; fileRef = 55BD2BDF1D9172F300422869 /* BlueShiftRequestOperation.m */; };
		55BD2C011D9172F300422869 /* BlueShiftRequestOperationManager.m in Sources */ = {isa = PBXBuildFile; fileRef = 55BD2BE11D9172F300422869 /* BlueShiftRequestOperationManager.m */; };
		55BD2C021D9172F300422869 /* BlueShiftRequestQueue.m in Sources */ = {isa = PBXBuildFile; fileRef = 55BD2BE31D9172F300422869 /* BlueShiftRequestQueue.m */; };
		55BD2C031D9172F300422869 /* BlueShiftSubscription.m in Sources */ = {isa = PBXBuildFile; fileRef = 55BD2BE81D9172F300422869 /* BlueShiftSubscription.m */; };
		55BD2C041D9172F300422869 /* BlueShiftUserInfo.m in Sources */ = {isa = PBXBuildFile; fileRef = 55BD2BEC1D9172F300422869 /* BlueShiftUserInfo.m */; };
		55BD2C051D9172F300422869 /* HttpRequestOperationEntity.m in Sources */ = {isa = PBXBuildFile; fileRef = 55BD2BEE1D9172F300422869 /* HttpRequestOperationEntity.m */; };
		55BD2C061D9172F300422869 /* NSDate+BlueShiftDateHelpers.m in Sources */ = {isa = PBXBuildFile; fileRef = 55BD2BF01D9172F300422869 /* NSDate+BlueShiftDateHelpers.m */; };
		55BD2C071D9172F300422869 /* NSNumber+BlueShiftHelpers.m in Sources */ = {isa = PBXBuildFile; fileRef = 55BD2BF21D9172F300422869 /* NSNumber+BlueShiftHelpers.m */; };
		55C739171E28A31200A5EAE4 /* BlueShiftLiveContent.m in Sources */ = {isa = PBXBuildFile; fileRef = 55C739161E28A31200A5EAE4 /* BlueShiftLiveContent.m */; };
		DC7125C71AA76ABB00D6C30E /* CoreTelephony.framework in Frameworks */ = {isa = PBXBuildFile; fileRef = DC7125C61AA76ABB00D6C30E /* CoreTelephony.framework */; settings = {ATTRIBUTES = (Weak, ); }; };
		DCA6202F1AA4F2AA001EC26B /* CoreData.framework in Frameworks */ = {isa = PBXBuildFile; fileRef = DCA6201F1AA4E303001EC26B /* CoreData.framework */; };
		DCA620301AA4F4D6001EC26B /* BlueShiftModelBundle.bundle in Resources */ = {isa = PBXBuildFile; fileRef = DCA620271AA4F129001EC26B /* BlueShiftModelBundle.bundle */; };
/* End PBXBuildFile section */

/* Begin PBXCopyFilesBuildPhase section */
		E0D6B9141A92513E008485D8 /* Copy Files */ = {
			isa = PBXCopyFilesBuildPhase;
			buildActionMask = 2147483647;
			dstPath = "include/$(PRODUCT_NAME)";
			dstSubfolderSpec = 16;
			files = (
			);
			name = "Copy Files";
			runOnlyForDeploymentPostprocessing = 0;
		};
/* End PBXCopyFilesBuildPhase section */

/* Begin PBXFileReference section */
		550274571D7820BF00BC832D /* BlueShiftSDKDataModel.xcdatamodel */ = {isa = PBXFileReference; lastKnownFileType = wrapper.xcdatamodel; path = BlueShiftSDKDataModel.xcdatamodel; sourceTree = "<group>"; };
		5557E47C1E0955E300753813 /* SDKVersion.h */ = {isa = PBXFileReference; fileEncoding = 4; lastKnownFileType = sourcecode.c.h; path = SDKVersion.h; sourceTree = "<group>"; };
		555A39A81ECDA8030067D21C /* BlueShiftAppExtension.h */ = {isa = PBXFileReference; fileEncoding = 4; lastKnownFileType = sourcecode.c.h; name = BlueShiftAppExtension.h; path = "BlueShift-iOS-Extension-SDK/BlueShiftAppExtension.h"; sourceTree = SOURCE_ROOT; };
		555A39A91ECDA8030067D21C /* BlueShiftCarousalViewController.h */ = {isa = PBXFileReference; fileEncoding = 4; lastKnownFileType = sourcecode.c.h; name = BlueShiftCarousalViewController.h; path = "BlueShift-iOS-Extension-SDK/BlueShiftCarousalViewController.h"; sourceTree = SOURCE_ROOT; };
		555A39AA1ECDA8030067D21C /* BlueShiftCarousalViewController.m */ = {isa = PBXFileReference; fileEncoding = 4; lastKnownFileType = sourcecode.c.objc; name = BlueShiftCarousalViewController.m; path = "BlueShift-iOS-Extension-SDK/BlueShiftCarousalViewController.m"; sourceTree = SOURCE_ROOT; };
		555A39AB1ECDA8030067D21C /* BlueShiftPushNotification.h */ = {isa = PBXFileReference; fileEncoding = 4; lastKnownFileType = sourcecode.c.h; name = BlueShiftPushNotification.h; path = "BlueShift-iOS-Extension-SDK/BlueShiftPushNotification.h"; sourceTree = SOURCE_ROOT; };
		555A39AC1ECDA8030067D21C /* BlueShiftPushNotification.m */ = {isa = PBXFileReference; fileEncoding = 4; lastKnownFileType = sourcecode.c.objc; name = BlueShiftPushNotification.m; path = "BlueShift-iOS-Extension-SDK/BlueShiftPushNotification.m"; sourceTree = SOURCE_ROOT; };
		555A39AD1ECDA8030067D21C /* iCarousel.h */ = {isa = PBXFileReference; fileEncoding = 4; lastKnownFileType = sourcecode.c.h; name = iCarousel.h; path = "BlueShift-iOS-Extension-SDK/iCarousel.h"; sourceTree = SOURCE_ROOT; };
		555A39AE1ECDA8030067D21C /* iCarousel.m */ = {isa = PBXFileReference; fileEncoding = 4; lastKnownFileType = sourcecode.c.objc; name = iCarousel.m; path = "BlueShift-iOS-Extension-SDK/iCarousel.m"; sourceTree = SOURCE_ROOT; };
		557CFEA31E1230C600768CC7 /* BlueShiftAppData.h */ = {isa = PBXFileReference; fileEncoding = 4; lastKnownFileType = sourcecode.c.h; path = BlueShiftAppData.h; sourceTree = "<group>"; };
		557CFEA41E1230C600768CC7 /* BlueShiftAppData.m */ = {isa = PBXFileReference; fileEncoding = 4; lastKnownFileType = sourcecode.c.objc; path = BlueShiftAppData.m; sourceTree = "<group>"; };
		55BD2BBF1D9172F300422869 /* BatchEventEntity.h */ = {isa = PBXFileReference; fileEncoding = 4; lastKnownFileType = sourcecode.c.h; path = BatchEventEntity.h; sourceTree = "<group>"; };
		55BD2BC01D9172F300422869 /* BatchEventEntity.m */ = {isa = PBXFileReference; fileEncoding = 4; lastKnownFileType = sourcecode.c.objc; path = BatchEventEntity.m; sourceTree = "<group>"; };
		55BD2BC11D9172F300422869 /* BlueShift.h */ = {isa = PBXFileReference; fileEncoding = 4; lastKnownFileType = sourcecode.c.h; path = BlueShift.h; sourceTree = "<group>"; };
		55BD2BC21D9172F300422869 /* BlueShift.m */ = {isa = PBXFileReference; fileEncoding = 4; lastKnownFileType = sourcecode.c.objc; path = BlueShift.m; sourceTree = "<group>"; };
		55BD2BC31D9172F300422869 /* BlueShiftAlertView.h */ = {isa = PBXFileReference; fileEncoding = 4; lastKnownFileType = sourcecode.c.h; path = BlueShiftAlertView.h; sourceTree = "<group>"; };
		55BD2BC41D9172F300422869 /* BlueShiftAlertView.m */ = {isa = PBXFileReference; fileEncoding = 4; lastKnownFileType = sourcecode.c.objc; path = BlueShiftAlertView.m; sourceTree = "<group>"; };
		55BD2BC51D9172F300422869 /* BlueShiftAppDelegate.h */ = {isa = PBXFileReference; fileEncoding = 4; lastKnownFileType = sourcecode.c.h; path = BlueShiftAppDelegate.h; sourceTree = "<group>"; };
		55BD2BC61D9172F300422869 /* BlueShiftAppDelegate.m */ = {isa = PBXFileReference; fileEncoding = 4; lastKnownFileType = sourcecode.c.objc; path = BlueShiftAppDelegate.m; sourceTree = "<group>"; };
		55BD2BC71D9172F300422869 /* BlueShiftBatchRequestOperation.h */ = {isa = PBXFileReference; fileEncoding = 4; lastKnownFileType = sourcecode.c.h; path = BlueShiftBatchRequestOperation.h; sourceTree = "<group>"; };
		55BD2BC81D9172F300422869 /* BlueShiftBatchRequestOperation.m */ = {isa = PBXFileReference; fileEncoding = 4; lastKnownFileType = sourcecode.c.objc; path = BlueShiftBatchRequestOperation.m; sourceTree = "<group>"; };
		55BD2BC91D9172F300422869 /* BlueShiftBatchUploadConfig.h */ = {isa = PBXFileReference; fileEncoding = 4; lastKnownFileType = sourcecode.c.h; path = BlueShiftBatchUploadConfig.h; sourceTree = "<group>"; };
		55BD2BCA1D9172F300422869 /* BlueShiftBatchUploadConfig.m */ = {isa = PBXFileReference; fileEncoding = 4; lastKnownFileType = sourcecode.c.objc; path = BlueShiftBatchUploadConfig.m; sourceTree = "<group>"; };
		55BD2BCB1D9172F300422869 /* BlueShiftConfig.h */ = {isa = PBXFileReference; fileEncoding = 4; lastKnownFileType = sourcecode.c.h; path = BlueShiftConfig.h; sourceTree = "<group>"; };
		55BD2BCC1D9172F300422869 /* BlueShiftConfig.m */ = {isa = PBXFileReference; fileEncoding = 4; lastKnownFileType = sourcecode.c.objc; path = BlueShiftConfig.m; sourceTree = "<group>"; };
		55BD2BCD1D9172F300422869 /* BlueShiftDeepLink.h */ = {isa = PBXFileReference; fileEncoding = 4; lastKnownFileType = sourcecode.c.h; path = BlueShiftDeepLink.h; sourceTree = "<group>"; };
		55BD2BCE1D9172F300422869 /* BlueShiftDeepLink.m */ = {isa = PBXFileReference; fileEncoding = 4; lastKnownFileType = sourcecode.c.objc; path = BlueShiftDeepLink.m; sourceTree = "<group>"; };
		55BD2BCF1D9172F300422869 /* BlueShiftDeviceData.h */ = {isa = PBXFileReference; fileEncoding = 4; lastKnownFileType = sourcecode.c.h; path = BlueShiftDeviceData.h; sourceTree = "<group>"; };
		55BD2BD01D9172F300422869 /* BlueShiftDeviceData.m */ = {isa = PBXFileReference; fileEncoding = 4; lastKnownFileType = sourcecode.c.objc; path = BlueShiftDeviceData.m; sourceTree = "<group>"; };
		55BD2BD11D9172F300422869 /* BlueShiftHTTPMethod.h */ = {isa = PBXFileReference; fileEncoding = 4; lastKnownFileType = sourcecode.c.h; path = BlueShiftHTTPMethod.h; sourceTree = "<group>"; };
		55BD2BD21D9172F300422869 /* BlueShiftHttpRequestBatchUpload.h */ = {isa = PBXFileReference; fileEncoding = 4; lastKnownFileType = sourcecode.c.h; path = BlueShiftHttpRequestBatchUpload.h; sourceTree = "<group>"; };
		55BD2BD31D9172F300422869 /* BlueShiftHttpRequestBatchUpload.m */ = {isa = PBXFileReference; fileEncoding = 4; lastKnownFileType = sourcecode.c.objc; path = BlueShiftHttpRequestBatchUpload.m; sourceTree = "<group>"; };
		55BD2BD41D9172F300422869 /* BlueShiftMacros.h */ = {isa = PBXFileReference; fileEncoding = 4; lastKnownFileType = sourcecode.c.h; path = BlueShiftMacros.h; sourceTree = "<group>"; };
		55BD2BD51D9172F300422869 /* BlueShiftNetworkReachabilityManager.h */ = {isa = PBXFileReference; fileEncoding = 4; lastKnownFileType = sourcecode.c.h; path = BlueShiftNetworkReachabilityManager.h; sourceTree = "<group>"; };
		55BD2BD61D9172F300422869 /* BlueShiftNetworkReachabilityManager.m */ = {isa = PBXFileReference; fileEncoding = 4; lastKnownFileType = sourcecode.c.objc; path = BlueShiftNetworkReachabilityManager.m; sourceTree = "<group>"; };
		55BD2BD71D9172F300422869 /* BlueShiftNotificationConstants.h */ = {isa = PBXFileReference; fileEncoding = 4; lastKnownFileType = sourcecode.c.h; path = BlueShiftNotificationConstants.h; sourceTree = "<group>"; };
		55BD2BD81D9172F300422869 /* BlueShiftProduct.h */ = {isa = PBXFileReference; fileEncoding = 4; lastKnownFileType = sourcecode.c.h; path = BlueShiftProduct.h; sourceTree = "<group>"; };
		55BD2BD91D9172F300422869 /* BlueShiftProduct.m */ = {isa = PBXFileReference; fileEncoding = 4; lastKnownFileType = sourcecode.c.objc; path = BlueShiftProduct.m; sourceTree = "<group>"; };
		55BD2BDA1D9172F300422869 /* BlueShiftPushDelegate.h */ = {isa = PBXFileReference; fileEncoding = 4; lastKnownFileType = sourcecode.c.h; path = BlueShiftPushDelegate.h; sourceTree = "<group>"; };
		55BD2BDD1D9172F300422869 /* BlueShiftPushParamDelegate.h */ = {isa = PBXFileReference; fileEncoding = 4; lastKnownFileType = sourcecode.c.h; path = BlueShiftPushParamDelegate.h; sourceTree = "<group>"; };
		55BD2BDE1D9172F300422869 /* BlueShiftRequestOperation.h */ = {isa = PBXFileReference; fileEncoding = 4; lastKnownFileType = sourcecode.c.h; path = BlueShiftRequestOperation.h; sourceTree = "<group>"; };
		55BD2BDF1D9172F300422869 /* BlueShiftRequestOperation.m */ = {isa = PBXFileReference; fileEncoding = 4; lastKnownFileType = sourcecode.c.objc; path = BlueShiftRequestOperation.m; sourceTree = "<group>"; };
		55BD2BE01D9172F300422869 /* BlueShiftRequestOperationManager.h */ = {isa = PBXFileReference; fileEncoding = 4; lastKnownFileType = sourcecode.c.h; path = BlueShiftRequestOperationManager.h; sourceTree = "<group>"; };
		55BD2BE11D9172F300422869 /* BlueShiftRequestOperationManager.m */ = {isa = PBXFileReference; fileEncoding = 4; lastKnownFileType = sourcecode.c.objc; path = BlueShiftRequestOperationManager.m; sourceTree = "<group>"; };
		55BD2BE21D9172F300422869 /* BlueShiftRequestQueue.h */ = {isa = PBXFileReference; fileEncoding = 4; lastKnownFileType = sourcecode.c.h; path = BlueShiftRequestQueue.h; sourceTree = "<group>"; };
		55BD2BE31D9172F300422869 /* BlueShiftRequestQueue.m */ = {isa = PBXFileReference; fileEncoding = 4; lastKnownFileType = sourcecode.c.objc; path = BlueShiftRequestQueue.m; sourceTree = "<group>"; };
		55BD2BE41D9172F300422869 /* BlueShiftRequestQueueStatus.h */ = {isa = PBXFileReference; fileEncoding = 4; lastKnownFileType = sourcecode.c.h; path = BlueShiftRequestQueueStatus.h; sourceTree = "<group>"; };
		55BD2BE51D9172F300422869 /* BlueShiftRoutes.h */ = {isa = PBXFileReference; fileEncoding = 4; lastKnownFileType = sourcecode.c.h; path = BlueShiftRoutes.h; sourceTree = "<group>"; };
		55BD2BE61D9172F300422869 /* BlueShiftStatusCodes.h */ = {isa = PBXFileReference; fileEncoding = 4; lastKnownFileType = sourcecode.c.h; path = BlueShiftStatusCodes.h; sourceTree = "<group>"; };
		55BD2BE71D9172F300422869 /* BlueShiftSubscription.h */ = {isa = PBXFileReference; fileEncoding = 4; lastKnownFileType = sourcecode.c.h; path = BlueShiftSubscription.h; sourceTree = "<group>"; };
		55BD2BE81D9172F300422869 /* BlueShiftSubscription.m */ = {isa = PBXFileReference; fileEncoding = 4; lastKnownFileType = sourcecode.c.objc; path = BlueShiftSubscription.m; sourceTree = "<group>"; };
		55BD2BE91D9172F300422869 /* BlueShiftSubscriptionState.h */ = {isa = PBXFileReference; fileEncoding = 4; lastKnownFileType = sourcecode.c.h; path = BlueShiftSubscriptionState.h; sourceTree = "<group>"; };
		55BD2BEA1D9172F300422869 /* BlueShiftTrackEvents.h */ = {isa = PBXFileReference; fileEncoding = 4; lastKnownFileType = sourcecode.c.h; path = BlueShiftTrackEvents.h; sourceTree = "<group>"; };
		55BD2BEB1D9172F300422869 /* BlueShiftUserInfo.h */ = {isa = PBXFileReference; fileEncoding = 4; lastKnownFileType = sourcecode.c.h; path = BlueShiftUserInfo.h; sourceTree = "<group>"; };
		55BD2BEC1D9172F300422869 /* BlueShiftUserInfo.m */ = {isa = PBXFileReference; fileEncoding = 4; lastKnownFileType = sourcecode.c.objc; path = BlueShiftUserInfo.m; sourceTree = "<group>"; };
		55BD2BED1D9172F300422869 /* HttpRequestOperationEntity.h */ = {isa = PBXFileReference; fileEncoding = 4; lastKnownFileType = sourcecode.c.h; path = HttpRequestOperationEntity.h; sourceTree = "<group>"; };
		55BD2BEE1D9172F300422869 /* HttpRequestOperationEntity.m */ = {isa = PBXFileReference; fileEncoding = 4; lastKnownFileType = sourcecode.c.objc; path = HttpRequestOperationEntity.m; sourceTree = "<group>"; };
		55BD2BEF1D9172F300422869 /* NSDate+BlueShiftDateHelpers.h */ = {isa = PBXFileReference; fileEncoding = 4; lastKnownFileType = sourcecode.c.h; path = "NSDate+BlueShiftDateHelpers.h"; sourceTree = "<group>"; };
		55BD2BF01D9172F300422869 /* NSDate+BlueShiftDateHelpers.m */ = {isa = PBXFileReference; fileEncoding = 4; lastKnownFileType = sourcecode.c.objc; path = "NSDate+BlueShiftDateHelpers.m"; sourceTree = "<group>"; };
		55BD2BF11D9172F300422869 /* NSNumber+BlueShiftHelpers.h */ = {isa = PBXFileReference; fileEncoding = 4; lastKnownFileType = sourcecode.c.h; path = "NSNumber+BlueShiftHelpers.h"; sourceTree = "<group>"; };
		55BD2BF21D9172F300422869 /* NSNumber+BlueShiftHelpers.m */ = {isa = PBXFileReference; fileEncoding = 4; lastKnownFileType = sourcecode.c.objc; path = "NSNumber+BlueShiftHelpers.m"; sourceTree = "<group>"; };
		55C739151E28A31200A5EAE4 /* BlueShiftLiveContent.h */ = {isa = PBXFileReference; fileEncoding = 4; lastKnownFileType = sourcecode.c.h; path = BlueShiftLiveContent.h; sourceTree = "<group>"; };
		55C739161E28A31200A5EAE4 /* BlueShiftLiveContent.m */ = {isa = PBXFileReference; fileEncoding = 4; lastKnownFileType = sourcecode.c.objc; path = BlueShiftLiveContent.m; sourceTree = "<group>"; };
		99CE5242ED9870A5D4A5BADE /* Pods-BlueShift-iOS-SDK.release.xcconfig */ = {isa = PBXFileReference; includeInIndex = 1; lastKnownFileType = text.xcconfig; name = "Pods-BlueShift-iOS-SDK.release.xcconfig"; path = "Pods/Target Support Files/Pods-BlueShift-iOS-SDK/Pods-BlueShift-iOS-SDK.release.xcconfig"; sourceTree = "<group>"; };
		9A09163D6DFCFEE31B4B799F /* Pods-BlueShift-iOS-SDK.debug.xcconfig */ = {isa = PBXFileReference; includeInIndex = 1; lastKnownFileType = text.xcconfig; name = "Pods-BlueShift-iOS-SDK.debug.xcconfig"; path = "Pods/Target Support Files/Pods-BlueShift-iOS-SDK/Pods-BlueShift-iOS-SDK.debug.xcconfig"; sourceTree = "<group>"; };
		C3B490092474344700C17CF6 /* BlueShiftUniversalLinksDelegate.h */ = {isa = PBXFileReference; lastKnownFileType = sourcecode.c.h; path = BlueShiftUniversalLinksDelegate.h; sourceTree = "<group>"; };
		DC7125C61AA76ABB00D6C30E /* CoreTelephony.framework */ = {isa = PBXFileReference; lastKnownFileType = wrapper.framework; name = CoreTelephony.framework; path = System/Library/Frameworks/CoreTelephony.framework; sourceTree = SDKROOT; };
		DCA6201F1AA4E303001EC26B /* CoreData.framework */ = {isa = PBXFileReference; lastKnownFileType = wrapper.framework; name = CoreData.framework; path = Platforms/MacOSX.platform/Developer/SDKs/MacOSX10.10.sdk/System/Library/Frameworks/CoreData.framework; sourceTree = DEVELOPER_DIR; };
		DCA620271AA4F129001EC26B /* BlueShiftModelBundle.bundle */ = {isa = PBXFileReference; explicitFileType = wrapper.cfbundle; includeInIndex = 0; path = BlueShiftModelBundle.bundle; sourceTree = BUILT_PRODUCTS_DIR; };
		E0D6B9161A92513E008485D8 /* libBlueShift-iOS-SDK.a */ = {isa = PBXFileReference; explicitFileType = archive.ar; includeInIndex = 0; path = "libBlueShift-iOS-SDK.a"; sourceTree = BUILT_PRODUCTS_DIR; };
		F87290F272894ADA86BB8C2A /* libPods-BlueShift-iOS-SDK.a */ = {isa = PBXFileReference; explicitFileType = archive.ar; includeInIndex = 0; path = "libPods-BlueShift-iOS-SDK.a"; sourceTree = BUILT_PRODUCTS_DIR; };
/* End PBXFileReference section */

/* Begin PBXFrameworksBuildPhase section */
		DCA620241AA4F129001EC26B /* Frameworks */ = {
			isa = PBXFrameworksBuildPhase;
			buildActionMask = 2147483647;
			files = (
				DCA6202F1AA4F2AA001EC26B /* CoreData.framework in Frameworks */,
			);
			runOnlyForDeploymentPostprocessing = 0;
		};
		E0D6B9131A92513E008485D8 /* Frameworks */ = {
			isa = PBXFrameworksBuildPhase;
			buildActionMask = 2147483647;
			files = (
				DC7125C71AA76ABB00D6C30E /* CoreTelephony.framework in Frameworks */,
				1F0B9037AD751886034A0665 /* libPods-BlueShift-iOS-SDK.a in Frameworks */,
			);
			runOnlyForDeploymentPostprocessing = 0;
		};
/* End PBXFrameworksBuildPhase section */

/* Begin PBXGroup section */
		890E20B8AE4686F9E099B29B /* Pods */ = {
			isa = PBXGroup;
			children = (
				9A09163D6DFCFEE31B4B799F /* Pods-BlueShift-iOS-SDK.debug.xcconfig */,
				99CE5242ED9870A5D4A5BADE /* Pods-BlueShift-iOS-SDK.release.xcconfig */,
			);
			name = Pods;
			sourceTree = "<group>";
		};
		B15BC81F154FA6CDD3DBBA38 /* Frameworks */ = {
			isa = PBXGroup;
			children = (
				DC7125C61AA76ABB00D6C30E /* CoreTelephony.framework */,
				DCA6201F1AA4E303001EC26B /* CoreData.framework */,
				F87290F272894ADA86BB8C2A /* libPods-BlueShift-iOS-SDK.a */,
			);
			name = Frameworks;
			sourceTree = "<group>";
		};
		E0D6B90D1A92513E008485D8 = {
			isa = PBXGroup;
			children = (
				E0D6B9181A92513E008485D8 /* BlueShift-iOS-SDK */,
				E0D6B9171A92513E008485D8 /* Products */,
				890E20B8AE4686F9E099B29B /* Pods */,
				B15BC81F154FA6CDD3DBBA38 /* Frameworks */,
			);
			sourceTree = "<group>";
		};
		E0D6B9171A92513E008485D8 /* Products */ = {
			isa = PBXGroup;
			children = (
				E0D6B9161A92513E008485D8 /* libBlueShift-iOS-SDK.a */,
				DCA620271AA4F129001EC26B /* BlueShiftModelBundle.bundle */,
			);
			name = Products;
			sourceTree = "<group>";
		};
		E0D6B9181A92513E008485D8 /* BlueShift-iOS-SDK */ = {
			isa = PBXGroup;
			children = (
				55BD2BBF1D9172F300422869 /* BatchEventEntity.h */,
				55BD2BC01D9172F300422869 /* BatchEventEntity.m */,
				55BD2BC11D9172F300422869 /* BlueShift.h */,
				55BD2BC21D9172F300422869 /* BlueShift.m */,
				55BD2BC31D9172F300422869 /* BlueShiftAlertView.h */,
				55BD2BC41D9172F300422869 /* BlueShiftAlertView.m */,
				55BD2BC51D9172F300422869 /* BlueShiftAppDelegate.h */,
				55BD2BC61D9172F300422869 /* BlueShiftAppDelegate.m */,
				55BD2BC71D9172F300422869 /* BlueShiftBatchRequestOperation.h */,
				55BD2BC81D9172F300422869 /* BlueShiftBatchRequestOperation.m */,
				55BD2BC91D9172F300422869 /* BlueShiftBatchUploadConfig.h */,
				55BD2BCA1D9172F300422869 /* BlueShiftBatchUploadConfig.m */,
				55BD2BCB1D9172F300422869 /* BlueShiftConfig.h */,
				55BD2BCC1D9172F300422869 /* BlueShiftConfig.m */,
				55BD2BCD1D9172F300422869 /* BlueShiftDeepLink.h */,
				55BD2BCE1D9172F300422869 /* BlueShiftDeepLink.m */,
				55BD2BCF1D9172F300422869 /* BlueShiftDeviceData.h */,
				55BD2BD01D9172F300422869 /* BlueShiftDeviceData.m */,
				55BD2BD11D9172F300422869 /* BlueShiftHTTPMethod.h */,
				55BD2BD21D9172F300422869 /* BlueShiftHttpRequestBatchUpload.h */,
				55BD2BD31D9172F300422869 /* BlueShiftHttpRequestBatchUpload.m */,
				55BD2BD41D9172F300422869 /* BlueShiftMacros.h */,
				55BD2BD51D9172F300422869 /* BlueShiftNetworkReachabilityManager.h */,
				55BD2BD61D9172F300422869 /* BlueShiftNetworkReachabilityManager.m */,
				55BD2BD71D9172F300422869 /* BlueShiftNotificationConstants.h */,
				55BD2BD81D9172F300422869 /* BlueShiftProduct.h */,
				55BD2BD91D9172F300422869 /* BlueShiftProduct.m */,
				55BD2BDA1D9172F300422869 /* BlueShiftPushDelegate.h */,
				C3B490092474344700C17CF6 /* BlueShiftUniversalLinksDelegate.h */,
				55BD2BDD1D9172F300422869 /* BlueShiftPushParamDelegate.h */,
				55BD2BDE1D9172F300422869 /* BlueShiftRequestOperation.h */,
				55BD2BDF1D9172F300422869 /* BlueShiftRequestOperation.m */,
				55BD2BE01D9172F300422869 /* BlueShiftRequestOperationManager.h */,
				55BD2BE11D9172F300422869 /* BlueShiftRequestOperationManager.m */,
				55BD2BE21D9172F300422869 /* BlueShiftRequestQueue.h */,
				55BD2BE31D9172F300422869 /* BlueShiftRequestQueue.m */,
				55BD2BE41D9172F300422869 /* BlueShiftRequestQueueStatus.h */,
				55BD2BE51D9172F300422869 /* BlueShiftRoutes.h */,
				55BD2BE61D9172F300422869 /* BlueShiftStatusCodes.h */,
				55BD2BE71D9172F300422869 /* BlueShiftSubscription.h */,
				55BD2BE81D9172F300422869 /* BlueShiftSubscription.m */,
				55BD2BE91D9172F300422869 /* BlueShiftSubscriptionState.h */,
				55BD2BEA1D9172F300422869 /* BlueShiftTrackEvents.h */,
				55BD2BEB1D9172F300422869 /* BlueShiftUserInfo.h */,
				55BD2BEC1D9172F300422869 /* BlueShiftUserInfo.m */,
				55BD2BED1D9172F300422869 /* HttpRequestOperationEntity.h */,
				55BD2BEE1D9172F300422869 /* HttpRequestOperationEntity.m */,
				55BD2BEF1D9172F300422869 /* NSDate+BlueShiftDateHelpers.h */,
				55BD2BF01D9172F300422869 /* NSDate+BlueShiftDateHelpers.m */,
				55BD2BF11D9172F300422869 /* NSNumber+BlueShiftHelpers.h */,
				55BD2BF21D9172F300422869 /* NSNumber+BlueShiftHelpers.m */,
				550274561D7820BF00BC832D /* BlueShiftSDKDataModel.xcdatamodeld */,
				5557E47C1E0955E300753813 /* SDKVersion.h */,
				557CFEA31E1230C600768CC7 /* BlueShiftAppData.h */,
				557CFEA41E1230C600768CC7 /* BlueShiftAppData.m */,
				55C739151E28A31200A5EAE4 /* BlueShiftLiveContent.h */,
				55C739161E28A31200A5EAE4 /* BlueShiftLiveContent.m */,
				555A39A81ECDA8030067D21C /* BlueShiftAppExtension.h */,
				555A39A91ECDA8030067D21C /* BlueShiftCarousalViewController.h */,
				555A39AA1ECDA8030067D21C /* BlueShiftCarousalViewController.m */,
				555A39AB1ECDA8030067D21C /* BlueShiftPushNotification.h */,
				555A39AC1ECDA8030067D21C /* BlueShiftPushNotification.m */,
				555A39AD1ECDA8030067D21C /* iCarousel.h */,
				555A39AE1ECDA8030067D21C /* iCarousel.m */,
			);
			path = "BlueShift-iOS-SDK";
			sourceTree = "<group>";
		};
/* End PBXGroup section */

/* Begin PBXNativeTarget section */
		DCA620261AA4F129001EC26B /* BlueShiftModelBundle */ = {
			isa = PBXNativeTarget;
			buildConfigurationList = DCA6202B1AA4F12A001EC26B /* Build configuration list for PBXNativeTarget "BlueShiftModelBundle" */;
			buildPhases = (
				DCA620231AA4F129001EC26B /* Sources */,
				DCA620241AA4F129001EC26B /* Frameworks */,
				DCA620251AA4F129001EC26B /* Resources */,
			);
			buildRules = (
			);
			dependencies = (
			);
			name = BlueShiftModelBundle;
			productName = BlueShiftModelBundle;
			productReference = DCA620271AA4F129001EC26B /* BlueShiftModelBundle.bundle */;
			productType = "com.apple.product-type.bundle";
		};
		E0D6B9151A92513E008485D8 /* BlueShift-iOS-SDK */ = {
			isa = PBXNativeTarget;
			buildConfigurationList = E0D6B92A1A92513F008485D8 /* Build configuration list for PBXNativeTarget "BlueShift-iOS-SDK" */;
			buildPhases = (
				E0D6B9121A92513E008485D8 /* Sources */,
				E0D6B9131A92513E008485D8 /* Frameworks */,
				E0D6B9141A92513E008485D8 /* Copy Files */,
				DCA620211AA4EFEB001EC26B /* Resources */,
			);
			buildRules = (
			);
			dependencies = (
			);
			name = "BlueShift-iOS-SDK";
			productName = PushLib;
			productReference = E0D6B9161A92513E008485D8 /* libBlueShift-iOS-SDK.a */;
			productType = "com.apple.product-type.library.static";
		};
/* End PBXNativeTarget section */

/* Begin PBXProject section */
		E0D6B90E1A92513E008485D8 /* Project object */ = {
			isa = PBXProject;
			attributes = {
				LastUpgradeCheck = 0610;
				ORGANIZATIONNAME = "Bullfinch Software";
				TargetAttributes = {
					DC4ECE191A9B53430078CCB0 = {
						CreatedOnToolsVersion = 6.1.1;
					};
					DCA620261AA4F129001EC26B = {
						CreatedOnToolsVersion = 6.1.1;
					};
					E0D6B9151A92513E008485D8 = {
						CreatedOnToolsVersion = 6.1.1;
					};
				};
			};
			buildConfigurationList = E0D6B9111A92513E008485D8 /* Build configuration list for PBXProject "BlueShift-iOS-SDK" */;
			compatibilityVersion = "Xcode 3.2";
			developmentRegion = English;
			hasScannedForEncodings = 0;
			knownRegions = (
				en,
			);
			mainGroup = E0D6B90D1A92513E008485D8;
			productRefGroup = E0D6B9171A92513E008485D8 /* Products */;
			projectDirPath = "";
			projectRoot = "";
			targets = (
				E0D6B9151A92513E008485D8 /* BlueShift-iOS-SDK */,
				DC4ECE191A9B53430078CCB0 /* BlueShiftUniversalTarget */,
				DCA620261AA4F129001EC26B /* BlueShiftModelBundle */,
			);
		};
/* End PBXProject section */

/* Begin PBXResourcesBuildPhase section */
		DCA620211AA4EFEB001EC26B /* Resources */ = {
			isa = PBXResourcesBuildPhase;
			buildActionMask = 2147483647;
			files = (
				DCA620301AA4F4D6001EC26B /* BlueShiftModelBundle.bundle in Resources */,
			);
			runOnlyForDeploymentPostprocessing = 0;
		};
		DCA620251AA4F129001EC26B /* Resources */ = {
			isa = PBXResourcesBuildPhase;
			buildActionMask = 2147483647;
			files = (
			);
			runOnlyForDeploymentPostprocessing = 0;
		};
/* End PBXResourcesBuildPhase section */

/* Begin PBXShellScriptBuildPhase section */
		DC4ECE1D1A9B54390078CCB0 /* ShellScript */ = {
			isa = PBXShellScriptBuildPhase;
			buildActionMask = 2147483647;
			files = (
			);
			inputPaths = (
			);
			outputPaths = (
			);
			runOnlyForDeploymentPostprocessing = 0;
			shellPath = /bin/sh;
			shellScript = "# define output folder environment variable\nUNIVERSAL_OUTPUTFOLDER=${BUILD_DIR}/${CONFIGURATION}-universal\n\n# Step 1. Build Device and Simulator versions\nxcodebuild -target ImageFilters ONLY_ACTIVE_ARCH=NO -configuration ${CONFIGURATION} -sdk iphoneos  BUILD_DIR=\"${BUILD_DIR}\" BUILD_ROOT=\"${BUILD_ROOT}\"\nxcodebuild -target ImageFilters -configuration ${CONFIGURATION} -sdk iphonesimulator -arch i386 BUILD_DIR=\"${BUILD_DIR}\" BUILD_ROOT=\"${BUILD_ROOT}\"\n\n# make sure the output directory exists\nmkdir -p \"${UNIVERSAL_OUTPUTFOLDER}\"\n\n# Step 2. Create universal binary file using lipo\nlipo -create -output \"${UNIVERSAL_OUTPUTFOLDER}/lib${PROJECT_NAME}.a\" \"${BUILD_DIR}/${CONFIGURATION}-iphoneos/lib${PROJECT_NAME}.a\" \"${BUILD_DIR}/${CONFIGURATION}-iphonesimulator/lib${PROJECT_NAME}.a\"\n\n# Last touch. copy the header files. Just for convenience\ncp -R \"${BUILD_DIR}/${CONFIGURATION}-iphoneos/include\" \"${UNIVERSAL_OUTPUTFOLDER}/\"";
		};
/* End PBXShellScriptBuildPhase section */

/* Begin PBXSourcesBuildPhase section */
		DCA620231AA4F129001EC26B /* Sources */ = {
			isa = PBXSourcesBuildPhase;
			buildActionMask = 2147483647;
			files = (
			);
			runOnlyForDeploymentPostprocessing = 0;
		};
		E0D6B9121A92513E008485D8 /* Sources */ = {
			isa = PBXSourcesBuildPhase;
			buildActionMask = 2147483647;
			files = (
				55BD2C071D9172F300422869 /* NSNumber+BlueShiftHelpers.m in Sources */,
				55BD2BFB1D9172F300422869 /* BlueShiftDeviceData.m in Sources */,
				557CFEA51E1230C600768CC7 /* BlueShiftAppData.m in Sources */,
				55BD2C051D9172F300422869 /* HttpRequestOperationEntity.m in Sources */,
				55C739171E28A31200A5EAE4 /* BlueShiftLiveContent.m in Sources */,
				555A39B11ECDA8030067D21C /* iCarousel.m in Sources */,
				55BD2BF91D9172F300422869 /* BlueShiftConfig.m in Sources */,
				55BD2BF71D9172F300422869 /* BlueShiftBatchRequestOperation.m in Sources */,
				55BD2C021D9172F300422869 /* BlueShiftRequestQueue.m in Sources */,
				55BD2C001D9172F300422869 /* BlueShiftRequestOperation.m in Sources */,
				555A39AF1ECDA8030067D21C /* BlueShiftCarousalViewController.m in Sources */,
				55BD2BF61D9172F300422869 /* BlueShiftAppDelegate.m in Sources */,
				55BD2BFD1D9172F300422869 /* BlueShiftNetworkReachabilityManager.m in Sources */,
				55BD2BF51D9172F300422869 /* BlueShiftAlertView.m in Sources */,
				55BD2C011D9172F300422869 /* BlueShiftRequestOperationManager.m in Sources */,
				55BD2BF31D9172F300422869 /* BatchEventEntity.m in Sources */,
				550274751D7820BF00BC832D /* BlueShiftSDKDataModel.xcdatamodeld in Sources */,
				55BD2BFE1D9172F300422869 /* BlueShiftProduct.m in Sources */,
				55BD2C031D9172F300422869 /* BlueShiftSubscription.m in Sources */,
				55BD2C061D9172F300422869 /* NSDate+BlueShiftDateHelpers.m in Sources */,
				55BD2BF41D9172F300422869 /* BlueShift.m in Sources */,
				55BD2BF81D9172F300422869 /* BlueShiftBatchUploadConfig.m in Sources */,
				55BD2BFC1D9172F300422869 /* BlueShiftHttpRequestBatchUpload.m in Sources */,
				555A39B01ECDA8030067D21C /* BlueShiftPushNotification.m in Sources */,
				55BD2C041D9172F300422869 /* BlueShiftUserInfo.m in Sources */,
				55BD2BFA1D9172F300422869 /* BlueShiftDeepLink.m in Sources */,
			);
			runOnlyForDeploymentPostprocessing = 0;
		};
/* End PBXSourcesBuildPhase section */

/* Begin XCBuildConfiguration section */
		DC4ECE1B1A9B53430078CCB0 /* Debug */ = {
			isa = XCBuildConfiguration;
			buildSettings = {
				PRODUCT_NAME = "$(TARGET_NAME)";
			};
			name = Debug;
		};
		DC4ECE1C1A9B53430078CCB0 /* Release */ = {
			isa = XCBuildConfiguration;
			buildSettings = {
				PRODUCT_NAME = "$(TARGET_NAME)";
			};
			name = Release;
		};
		DCA6202C1AA4F12A001EC26B /* Debug */ = {
			isa = XCBuildConfiguration;
			buildSettings = {
				COMBINE_HIDPI_IMAGES = YES;
				GCC_PREPROCESSOR_DEFINITIONS = (
					"DEBUG=1",
					"$(inherited)",
				);
				INFOPLIST_FILE = BlueShiftModelBundle/Info.plist;
				INSTALL_PATH = "$(LOCAL_LIBRARY_DIR)/Bundles";
				MACOSX_DEPLOYMENT_TARGET = 10.9;
				PRODUCT_NAME = "$(TARGET_NAME)";
				SDKROOT = macosx;
				SKIP_INSTALL = YES;
				WRAPPER_EXTENSION = bundle;
			};
			name = Debug;
		};
		DCA6202D1AA4F12A001EC26B /* Release */ = {
			isa = XCBuildConfiguration;
			buildSettings = {
				COMBINE_HIDPI_IMAGES = YES;
				DEBUG_INFORMATION_FORMAT = "dwarf-with-dsym";
				INFOPLIST_FILE = BlueShiftModelBundle/Info.plist;
				INSTALL_PATH = "$(LOCAL_LIBRARY_DIR)/Bundles";
				MACOSX_DEPLOYMENT_TARGET = 10.9;
				PRODUCT_NAME = "$(TARGET_NAME)";
				SDKROOT = macosx;
				SKIP_INSTALL = YES;
				WRAPPER_EXTENSION = bundle;
			};
			name = Release;
		};
		E0D6B9281A92513F008485D8 /* Debug */ = {
			isa = XCBuildConfiguration;
			buildSettings = {
				ALWAYS_SEARCH_USER_PATHS = NO;
				CLANG_CXX_LANGUAGE_STANDARD = "gnu++0x";
				CLANG_CXX_LIBRARY = "libc++";
				CLANG_ENABLE_MODULES = YES;
				CLANG_ENABLE_OBJC_ARC = YES;
				CLANG_WARN_BOOL_CONVERSION = YES;
				CLANG_WARN_CONSTANT_CONVERSION = YES;
				CLANG_WARN_DIRECT_OBJC_ISA_USAGE = YES_ERROR;
				CLANG_WARN_EMPTY_BODY = YES;
				CLANG_WARN_ENUM_CONVERSION = YES;
				CLANG_WARN_INT_CONVERSION = YES;
				CLANG_WARN_OBJC_ROOT_CLASS = YES_ERROR;
				CLANG_WARN_UNREACHABLE_CODE = YES;
				CLANG_WARN__DUPLICATE_METHOD_MATCH = YES;
				CODE_SIGN_IDENTITY = "";
				COPY_PHASE_STRIP = NO;
				ENABLE_STRICT_OBJC_MSGSEND = YES;
				GCC_C_LANGUAGE_STANDARD = gnu99;
				GCC_DYNAMIC_NO_PIC = NO;
				GCC_OPTIMIZATION_LEVEL = 0;
				GCC_PREPROCESSOR_DEFINITIONS = (
					"DEBUG=1",
					"$(inherited)",
				);
				GCC_SYMBOLS_PRIVATE_EXTERN = NO;
				GCC_WARN_64_TO_32_BIT_CONVERSION = YES;
				GCC_WARN_ABOUT_RETURN_TYPE = YES_ERROR;
				GCC_WARN_UNDECLARED_SELECTOR = YES;
				GCC_WARN_UNINITIALIZED_AUTOS = YES_AGGRESSIVE;
				GCC_WARN_UNUSED_FUNCTION = YES;
				GCC_WARN_UNUSED_VARIABLE = YES;
				IPHONEOS_DEPLOYMENT_TARGET = 7.0;
				MTL_ENABLE_DEBUG_INFO = YES;
				ONLY_ACTIVE_ARCH = YES;
				SDKROOT = iphoneos;
			};
			name = Debug;
		};
		E0D6B9291A92513F008485D8 /* Release */ = {
			isa = XCBuildConfiguration;
			buildSettings = {
				ALWAYS_SEARCH_USER_PATHS = NO;
				CLANG_CXX_LANGUAGE_STANDARD = "gnu++0x";
				CLANG_CXX_LIBRARY = "libc++";
				CLANG_ENABLE_MODULES = YES;
				CLANG_ENABLE_OBJC_ARC = YES;
				CLANG_WARN_BOOL_CONVERSION = YES;
				CLANG_WARN_CONSTANT_CONVERSION = YES;
				CLANG_WARN_DIRECT_OBJC_ISA_USAGE = YES_ERROR;
				CLANG_WARN_EMPTY_BODY = YES;
				CLANG_WARN_ENUM_CONVERSION = YES;
				CLANG_WARN_INT_CONVERSION = YES;
				CLANG_WARN_OBJC_ROOT_CLASS = YES_ERROR;
				CLANG_WARN_UNREACHABLE_CODE = YES;
				CLANG_WARN__DUPLICATE_METHOD_MATCH = YES;
				CODE_SIGN_IDENTITY = "";
				COPY_PHASE_STRIP = YES;
				ENABLE_NS_ASSERTIONS = NO;
				ENABLE_STRICT_OBJC_MSGSEND = YES;
				GCC_C_LANGUAGE_STANDARD = gnu99;
				GCC_WARN_64_TO_32_BIT_CONVERSION = YES;
				GCC_WARN_ABOUT_RETURN_TYPE = YES_ERROR;
				GCC_WARN_UNDECLARED_SELECTOR = YES;
				GCC_WARN_UNINITIALIZED_AUTOS = YES_AGGRESSIVE;
				GCC_WARN_UNUSED_FUNCTION = YES;
				GCC_WARN_UNUSED_VARIABLE = YES;
				IPHONEOS_DEPLOYMENT_TARGET = 7.0;
				MTL_ENABLE_DEBUG_INFO = NO;
				SDKROOT = iphoneos;
				VALIDATE_PRODUCT = YES;
			};
			name = Release;
		};
		E0D6B92B1A92513F008485D8 /* Debug */ = {
			isa = XCBuildConfiguration;
			baseConfigurationReference = 9A09163D6DFCFEE31B4B799F /* Pods-BlueShift-iOS-SDK.debug.xcconfig */;
			buildSettings = {
				ARCHS = "$(ARCHS_STANDARD)";
				HEADER_SEARCH_PATHS = "";
				ONLY_ACTIVE_ARCH = NO;
				OTHER_LDFLAGS = "";
				PRODUCT_NAME = "BlueShift-iOS-SDK";
				SKIP_INSTALL = YES;
				VALID_ARCHS = "arm64 armv7 armv7s";
			};
			name = Debug;
		};
		E0D6B92C1A92513F008485D8 /* Release */ = {
			isa = XCBuildConfiguration;
			baseConfigurationReference = 99CE5242ED9870A5D4A5BADE /* Pods-BlueShift-iOS-SDK.release.xcconfig */;
			buildSettings = {
				ARCHS = "$(ARCHS_STANDARD)";
				HEADER_SEARCH_PATHS = "";
				ONLY_ACTIVE_ARCH = NO;
				OTHER_LDFLAGS = "";
				PRODUCT_NAME = "BlueShift-iOS-SDK";
				SKIP_INSTALL = YES;
				VALID_ARCHS = "arm64 armv7 armv7s";
			};
			name = Release;
		};
/* End XCBuildConfiguration section */

/* Begin XCConfigurationList section */
		DC4ECE1A1A9B53430078CCB0 /* Build configuration list for PBXAggregateTarget "BlueShiftUniversalTarget" */ = {
			isa = XCConfigurationList;
			buildConfigurations = (
				DC4ECE1B1A9B53430078CCB0 /* Debug */,
				DC4ECE1C1A9B53430078CCB0 /* Release */,
			);
			defaultConfigurationIsVisible = 0;
			defaultConfigurationName = Release;
		};
		DCA6202B1AA4F12A001EC26B /* Build configuration list for PBXNativeTarget "BlueShiftModelBundle" */ = {
			isa = XCConfigurationList;
			buildConfigurations = (
				DCA6202C1AA4F12A001EC26B /* Debug */,
				DCA6202D1AA4F12A001EC26B /* Release */,
			);
			defaultConfigurationIsVisible = 0;
			defaultConfigurationName = Release;
		};
		E0D6B9111A92513E008485D8 /* Build configuration list for PBXProject "BlueShift-iOS-SDK" */ = {
			isa = XCConfigurationList;
			buildConfigurations = (
				E0D6B9281A92513F008485D8 /* Debug */,
				E0D6B9291A92513F008485D8 /* Release */,
			);
			defaultConfigurationIsVisible = 0;
			defaultConfigurationName = Release;
		};
		E0D6B92A1A92513F008485D8 /* Build configuration list for PBXNativeTarget "BlueShift-iOS-SDK" */ = {
			isa = XCConfigurationList;
			buildConfigurations = (
				E0D6B92B1A92513F008485D8 /* Debug */,
				E0D6B92C1A92513F008485D8 /* Release */,
			);
			defaultConfigurationIsVisible = 0;
			defaultConfigurationName = Release;
		};
/* End XCConfigurationList section */

/* Begin XCVersionGroup section */
		550274561D7820BF00BC832D /* BlueShiftSDKDataModel.xcdatamodeld */ = {
			isa = XCVersionGroup;
			children = (
				550274571D7820BF00BC832D /* BlueShiftSDKDataModel.xcdatamodel */,
			);
			currentVersion = 550274571D7820BF00BC832D /* BlueShiftSDKDataModel.xcdatamodel */;
			path = BlueShiftSDKDataModel.xcdatamodeld;
			sourceTree = "<group>";
			versionGroupType = wrapper.xcdatamodel;
		};
/* End XCVersionGroup section */
	};
	rootObject = E0D6B90E1A92513E008485D8 /* Project object */;
}
